
Microsoft Visual Studio Solution File, Format Version 12.00
# Visual Studio Version 17
VisualStudioVersion = 17.9.34723.18
MinimumVisualStudioVersion = 10.0.40219.1
Project("{FAE04EC0-301F-11D3-BF4B-00C04F79EFBC}") = "Maximize the Minimum Powered City", "Maximize the Minimum Powered City.csproj", "{8C6ED7C7-AF8D-4C7B-AE7C-4E10F5B7C4D6}"
EndProject
Global
	GlobalSection(SolutionConfigurationPlatforms) = preSolution
		Debug|Any CPU = Debug|Any CPU
		Release|Any CPU = Release|Any CPU
	EndGlobalSection
	GlobalSection(ProjectConfigurationPlatforms) = postSolution
		{8C6ED7C7-AF8D-4C7B-AE7C-4E10F5B7C4D6}.Debug|Any CPU.ActiveCfg = Debug|Any CPU
		{8C6ED7C7-AF8D-4C7B-AE7C-4E10F5B7C4D6}.Debug|Any CPU.Build.0 = Debug|Any CPU
		{8C6ED7C7-AF8D-4C7B-AE7C-4E10F5B7C4D6}.Release|Any CPU.ActiveCfg = Release|Any CPU
		{8C6ED7C7-AF8D-4C7B-AE7C-4E10F5B7C4D6}.Release|Any CPU.Build.0 = Release|Any CPU
	EndGlobalSection
	GlobalSection(SolutionProperties) = preSolution
		HideSolutionNode = FALSE
	EndGlobalSection
	GlobalSection(ExtensibilityGlobals) = postSolution
		SolutionGuid = {382DCCB8-2DA4-4B65-9FDF-0C38C189BF96}
	EndGlobalSection
EndGlobal
