
Microsoft Visual Studio Solution File, Format Version 12.00
# Visual Studio Version 17
VisualStudioVersion = 17.9.34723.18
MinimumVisualStudioVersion = 10.0.40219.1
Project("{FAE04EC0-301F-11D3-BF4B-00C04F79EFBC}") = "Adding Spaces to a String", "Adding Spaces to a String.csproj", "{EAA0A870-3272-46B3-86D6-94891AF0C123}"
EndProject
Global
	GlobalSection(SolutionConfigurationPlatforms) = preSolution
		Debug|Any CPU = Debug|Any CPU
		Release|Any CPU = Release|Any CPU
	EndGlobalSection
	GlobalSection(ProjectConfigurationPlatforms) = postSolution
		{EAA0A870-3272-46B3-86D6-94891AF0C123}.Debug|Any CPU.ActiveCfg = Debug|Any CPU
		{EAA0A870-3272-46B3-86D6-94891AF0C123}.Debug|Any CPU.Build.0 = Debug|Any CPU
		{EAA0A870-3272-46B3-86D6-94891AF0C123}.Release|Any CPU.ActiveCfg = Release|Any CPU
		{EAA0A870-3272-46B3-86D6-94891AF0C123}.Release|Any CPU.Build.0 = Release|Any CPU
	EndGlobalSection
	GlobalSection(SolutionProperties) = preSolution
		HideSolutionNode = FALSE
	EndGlobalSection
	GlobalSection(ExtensibilityGlobals) = postSolution
		SolutionGuid = {4CEDAD56-AC6A-4C86-9D59-B62CCD27BE8F}
	EndGlobalSection
EndGlobal
