
Microsoft Visual Studio Solution File, Format Version 12.00
# Visual Studio Version 17
VisualStudioVersion = 17.14.37203.1 d17.14
MinimumVisualStudioVersion = 10.0.40219.1
Project("{FAE04EC0-301F-11D3-BF4B-00C04F79EFBC}") = "Longest Valid Parentheses", "Longest Valid Parentheses.csproj", "{E2C2DF43-9A20-4BD7-A8B4-3970FC2D7AE4}"
EndProject
Global
	GlobalSection(SolutionConfigurationPlatforms) = preSolution
		Debug|Any CPU = Debug|Any CPU
		Release|Any CPU = Release|Any CPU
	EndGlobalSection
	GlobalSection(ProjectConfigurationPlatforms) = postSolution
		{E2C2DF43-9A20-4BD7-A8B4-3970FC2D7AE4}.Debug|Any CPU.ActiveCfg = Debug|Any CPU
		{E2C2DF43-9A20-4BD7-A8B4-3970FC2D7AE4}.Debug|Any CPU.Build.0 = Debug|Any CPU
		{E2C2DF43-9A20-4BD7-A8B4-3970FC2D7AE4}.Release|Any CPU.ActiveCfg = Release|Any CPU
		{E2C2DF43-9A20-4BD7-A8B4-3970FC2D7AE4}.Release|Any CPU.Build.0 = Release|Any CPU
	EndGlobalSection
	GlobalSection(SolutionProperties) = preSolution
		HideSolutionNode = FALSE
	EndGlobalSection
	GlobalSection(ExtensibilityGlobals) = postSolution
		SolutionGuid = {C8942112-997E-4B38-AD72-F6E1E16C70B1}
	EndGlobalSection
EndGlobal
