
Microsoft Visual Studio Solution File, Format Version 12.00
# Visual Studio Version 17
VisualStudioVersion = 17.9.34723.18
MinimumVisualStudioVersion = 10.0.40219.1
Project("{FAE04EC0-301F-11D3-BF4B-00C04F79EFBC}") = "Count the Number of Substrings With Dominant Ones", "Count the Number of Substrings With Dominant Ones.csproj", "{18F39361-D28D-4846-B943-ED0108F9F2B2}"
EndProject
Global
	GlobalSection(SolutionConfigurationPlatforms) = preSolution
		Debug|Any CPU = Debug|Any CPU
		Release|Any CPU = Release|Any CPU
	EndGlobalSection
	GlobalSection(ProjectConfigurationPlatforms) = postSolution
		{18F39361-D28D-4846-B943-ED0108F9F2B2}.Debug|Any CPU.ActiveCfg = Debug|Any CPU
		{18F39361-D28D-4846-B943-ED0108F9F2B2}.Debug|Any CPU.Build.0 = Debug|Any CPU
		{18F39361-D28D-4846-B943-ED0108F9F2B2}.Release|Any CPU.ActiveCfg = Release|Any CPU
		{18F39361-D28D-4846-B943-ED0108F9F2B2}.Release|Any CPU.Build.0 = Release|Any CPU
	EndGlobalSection
	GlobalSection(SolutionProperties) = preSolution
		HideSolutionNode = FALSE
	EndGlobalSection
	GlobalSection(ExtensibilityGlobals) = postSolution
		SolutionGuid = {014D7CB1-2597-431C-B6FC-F393875ED507}
	EndGlobalSection
EndGlobal
