
Microsoft Visual Studio Solution File, Format Version 12.00
# Visual Studio Version 17
VisualStudioVersion = 17.9.34723.18
MinimumVisualStudioVersion = 10.0.40219.1
Project("{FAE04EC0-301F-11D3-BF4B-00C04F79EFBC}") = "Maximum Square Area by Removing Fences From a Field", "Maximum Square Area by Removing Fences From a Field.csproj", "{7389E670-8AD0-411C-A339-EE9A4EEF1CA4}"
EndProject
Global
	GlobalSection(SolutionConfigurationPlatforms) = preSolution
		Debug|Any CPU = Debug|Any CPU
		Release|Any CPU = Release|Any CPU
	EndGlobalSection
	GlobalSection(ProjectConfigurationPlatforms) = postSolution
		{7389E670-8AD0-411C-A339-EE9A4EEF1CA4}.Debug|Any CPU.ActiveCfg = Debug|Any CPU
		{7389E670-8AD0-411C-A339-EE9A4EEF1CA4}.Debug|Any CPU.Build.0 = Debug|Any CPU
		{7389E670-8AD0-411C-A339-EE9A4EEF1CA4}.Release|Any CPU.ActiveCfg = Release|Any CPU
		{7389E670-8AD0-411C-A339-EE9A4EEF1CA4}.Release|Any CPU.Build.0 = Release|Any CPU
	EndGlobalSection
	GlobalSection(SolutionProperties) = preSolution
		HideSolutionNode = FALSE
	EndGlobalSection
	GlobalSection(ExtensibilityGlobals) = postSolution
		SolutionGuid = {57D790F0-4261-477B-9988-DBEB46F2C395}
	EndGlobalSection
EndGlobal
