
Microsoft Visual Studio Solution File, Format Version 12.00
# Visual Studio Version 17
VisualStudioVersion = 17.14.37203.1 d17.14
MinimumVisualStudioVersion = 10.0.40219.1
Project("{FAE04EC0-301F-11D3-BF4B-00C04F79EFBC}") = "Separate the Digits in an Array", "Separate the Digits in an Array.csproj", "{A70A2255-DADF-41B3-AB21-6CF481B59BCD}"
EndProject
Global
	GlobalSection(SolutionConfigurationPlatforms) = preSolution
		Debug|Any CPU = Debug|Any CPU
		Release|Any CPU = Release|Any CPU
	EndGlobalSection
	GlobalSection(ProjectConfigurationPlatforms) = postSolution
		{A70A2255-DADF-41B3-AB21-6CF481B59BCD}.Debug|Any CPU.ActiveCfg = Debug|Any CPU
		{A70A2255-DADF-41B3-AB21-6CF481B59BCD}.Debug|Any CPU.Build.0 = Debug|Any CPU
		{A70A2255-DADF-41B3-AB21-6CF481B59BCD}.Release|Any CPU.ActiveCfg = Release|Any CPU
		{A70A2255-DADF-41B3-AB21-6CF481B59BCD}.Release|Any CPU.Build.0 = Release|Any CPU
	EndGlobalSection
	GlobalSection(SolutionProperties) = preSolution
		HideSolutionNode = FALSE
	EndGlobalSection
	GlobalSection(ExtensibilityGlobals) = postSolution
		SolutionGuid = {7D413786-D962-4700-8D46-BCDB05AA31AA}
	EndGlobalSection
EndGlobal
