
Microsoft Visual Studio Solution File, Format Version 12.00
# Visual Studio Version 17
VisualStudioVersion = 17.9.34723.18
MinimumVisualStudioVersion = 10.0.40219.1
Project("{FAE04EC0-301F-11D3-BF4B-00C04F79EFBC}") = "Find All Possible Stable Binary Arrays II", "Find All Possible Stable Binary Arrays II.csproj", "{736C374C-435C-4487-AAE7-8BCE5CBD5E1C}"
EndProject
Global
	GlobalSection(SolutionConfigurationPlatforms) = preSolution
		Debug|Any CPU = Debug|Any CPU
		Release|Any CPU = Release|Any CPU
	EndGlobalSection
	GlobalSection(ProjectConfigurationPlatforms) = postSolution
		{736C374C-435C-4487-AAE7-8BCE5CBD5E1C}.Debug|Any CPU.ActiveCfg = Debug|Any CPU
		{736C374C-435C-4487-AAE7-8BCE5CBD5E1C}.Debug|Any CPU.Build.0 = Debug|Any CPU
		{736C374C-435C-4487-AAE7-8BCE5CBD5E1C}.Release|Any CPU.ActiveCfg = Release|Any CPU
		{736C374C-435C-4487-AAE7-8BCE5CBD5E1C}.Release|Any CPU.Build.0 = Release|Any CPU
	EndGlobalSection
	GlobalSection(SolutionProperties) = preSolution
		HideSolutionNode = FALSE
	EndGlobalSection
	GlobalSection(ExtensibilityGlobals) = postSolution
		SolutionGuid = {9387517A-C48D-468F-8291-A17E1A975BA2}
	EndGlobalSection
EndGlobal
