
Microsoft Visual Studio Solution File, Format Version 12.00
# Visual Studio Version 17
VisualStudioVersion = 17.9.34723.18
MinimumVisualStudioVersion = 10.0.40219.1
Project("{FAE04EC0-301F-11D3-BF4B-00C04F79EFBC}") = "Find All K-Distant Indices in an Array", "Find All K-Distant Indices in an Array.csproj", "{BCD7D7CE-85B6-44F8-8CB6-878CD82438B6}"
EndProject
Global
	GlobalSection(SolutionConfigurationPlatforms) = preSolution
		Debug|Any CPU = Debug|Any CPU
		Release|Any CPU = Release|Any CPU
	EndGlobalSection
	GlobalSection(ProjectConfigurationPlatforms) = postSolution
		{BCD7D7CE-85B6-44F8-8CB6-878CD82438B6}.Debug|Any CPU.ActiveCfg = Debug|Any CPU
		{BCD7D7CE-85B6-44F8-8CB6-878CD82438B6}.Debug|Any CPU.Build.0 = Debug|Any CPU
		{BCD7D7CE-85B6-44F8-8CB6-878CD82438B6}.Release|Any CPU.ActiveCfg = Release|Any CPU
		{BCD7D7CE-85B6-44F8-8CB6-878CD82438B6}.Release|Any CPU.Build.0 = Release|Any CPU
	EndGlobalSection
	GlobalSection(SolutionProperties) = preSolution
		HideSolutionNode = FALSE
	EndGlobalSection
	GlobalSection(ExtensibilityGlobals) = postSolution
		SolutionGuid = {666E17C9-2024-469A-84BF-34C646748891}
	EndGlobalSection
EndGlobal
