
Microsoft Visual Studio Solution File, Format Version 12.00
# Visual Studio Version 17
VisualStudioVersion = 17.14.37203.1 d17.14
MinimumVisualStudioVersion = 10.0.40219.1
Project("{FAE04EC0-301F-11D3-BF4B-00C04F79EFBC}") = "Valid Parentheses", "Valid Parentheses.csproj", "{02A04963-822A-43BB-A249-B495D40B8BA4}"
EndProject
Global
	GlobalSection(SolutionConfigurationPlatforms) = preSolution
		Debug|Any CPU = Debug|Any CPU
		Release|Any CPU = Release|Any CPU
	EndGlobalSection
	GlobalSection(ProjectConfigurationPlatforms) = postSolution
		{02A04963-822A-43BB-A249-B495D40B8BA4}.Debug|Any CPU.ActiveCfg = Debug|Any CPU
		{02A04963-822A-43BB-A249-B495D40B8BA4}.Debug|Any CPU.Build.0 = Debug|Any CPU
		{02A04963-822A-43BB-A249-B495D40B8BA4}.Release|Any CPU.ActiveCfg = Release|Any CPU
		{02A04963-822A-43BB-A249-B495D40B8BA4}.Release|Any CPU.Build.0 = Release|Any CPU
	EndGlobalSection
	GlobalSection(SolutionProperties) = preSolution
		HideSolutionNode = FALSE
	EndGlobalSection
	GlobalSection(ExtensibilityGlobals) = postSolution
		SolutionGuid = {D5498601-A5D0-4FB4-850C-FAA40A24B95F}
	EndGlobalSection
EndGlobal
