
Microsoft Visual Studio Solution File, Format Version 12.00
# Visual Studio Version 17
VisualStudioVersion = 17.9.34723.18
MinimumVisualStudioVersion = 10.0.40219.1
Project("{FAE04EC0-301F-11D3-BF4B-00C04F79EFBC}") = "Check If N and Its Double Exist", "Check If N and Its Double Exist.csproj", "{8A7E6355-CF67-4AF8-AFED-EDCED27BB08E}"
EndProject
Global
	GlobalSection(SolutionConfigurationPlatforms) = preSolution
		Debug|Any CPU = Debug|Any CPU
		Release|Any CPU = Release|Any CPU
	EndGlobalSection
	GlobalSection(ProjectConfigurationPlatforms) = postSolution
		{8A7E6355-CF67-4AF8-AFED-EDCED27BB08E}.Debug|Any CPU.ActiveCfg = Debug|Any CPU
		{8A7E6355-CF67-4AF8-AFED-EDCED27BB08E}.Debug|Any CPU.Build.0 = Debug|Any CPU
		{8A7E6355-CF67-4AF8-AFED-EDCED27BB08E}.Release|Any CPU.ActiveCfg = Release|Any CPU
		{8A7E6355-CF67-4AF8-AFED-EDCED27BB08E}.Release|Any CPU.Build.0 = Release|Any CPU
	EndGlobalSection
	GlobalSection(SolutionProperties) = preSolution
		HideSolutionNode = FALSE
	EndGlobalSection
	GlobalSection(ExtensibilityGlobals) = postSolution
		SolutionGuid = {97B817CD-81B9-40A5-A747-2A623F877E0B}
	EndGlobalSection
EndGlobal
