
Microsoft Visual Studio Solution File, Format Version 12.00
# Visual Studio Version 17
VisualStudioVersion = 17.9.34723.18
MinimumVisualStudioVersion = 10.0.40219.1
Project("{FAE04EC0-301F-11D3-BF4B-00C04F79EFBC}") = "Ones and Zeroes", "Ones and Zeroes.csproj", "{5C44D304-7A24-42ED-8401-803EE1998A13}"
EndProject
Global
	GlobalSection(SolutionConfigurationPlatforms) = preSolution
		Debug|Any CPU = Debug|Any CPU
		Release|Any CPU = Release|Any CPU
	EndGlobalSection
	GlobalSection(ProjectConfigurationPlatforms) = postSolution
		{5C44D304-7A24-42ED-8401-803EE1998A13}.Debug|Any CPU.ActiveCfg = Debug|Any CPU
		{5C44D304-7A24-42ED-8401-803EE1998A13}.Debug|Any CPU.Build.0 = Debug|Any CPU
		{5C44D304-7A24-42ED-8401-803EE1998A13}.Release|Any CPU.ActiveCfg = Release|Any CPU
		{5C44D304-7A24-42ED-8401-803EE1998A13}.Release|Any CPU.Build.0 = Release|Any CPU
	EndGlobalSection
	GlobalSection(SolutionProperties) = preSolution
		HideSolutionNode = FALSE
	EndGlobalSection
	GlobalSection(ExtensibilityGlobals) = postSolution
		SolutionGuid = {163BAA18-E1F9-4811-B222-7F147BE4742B}
	EndGlobalSection
EndGlobal
