
Microsoft Visual Studio Solution File, Format Version 12.00
# Visual Studio Version 17
VisualStudioVersion = 17.9.34723.18
MinimumVisualStudioVersion = 10.0.40219.1
Project("{FAE04EC0-301F-11D3-BF4B-00C04F79EFBC}") = "Put Marbles in Bags", "Put Marbles in Bags.csproj", "{2542BE41-AB0E-40FC-8DF5-D2673C1DFBB9}"
EndProject
Global
	GlobalSection(SolutionConfigurationPlatforms) = preSolution
		Debug|Any CPU = Debug|Any CPU
		Release|Any CPU = Release|Any CPU
	EndGlobalSection
	GlobalSection(ProjectConfigurationPlatforms) = postSolution
		{2542BE41-AB0E-40FC-8DF5-D2673C1DFBB9}.Debug|Any CPU.ActiveCfg = Debug|Any CPU
		{2542BE41-AB0E-40FC-8DF5-D2673C1DFBB9}.Debug|Any CPU.Build.0 = Debug|Any CPU
		{2542BE41-AB0E-40FC-8DF5-D2673C1DFBB9}.Release|Any CPU.ActiveCfg = Release|Any CPU
		{2542BE41-AB0E-40FC-8DF5-D2673C1DFBB9}.Release|Any CPU.Build.0 = Release|Any CPU
	EndGlobalSection
	GlobalSection(SolutionProperties) = preSolution
		HideSolutionNode = FALSE
	EndGlobalSection
	GlobalSection(ExtensibilityGlobals) = postSolution
		SolutionGuid = {0A6FA4C1-2421-4134-AC5F-9359E5E1D0B5}
	EndGlobalSection
EndGlobal
