
Microsoft Visual Studio Solution File, Format Version 12.00
# Visual Studio Version 17
VisualStudioVersion = 17.9.34723.18
MinimumVisualStudioVersion = 10.0.40219.1
Project("{FAE04EC0-301F-11D3-BF4B-00C04F79EFBC}") = "Find Missing and Repeated Values", "Find Missing and Repeated Values.csproj", "{FB489115-DF08-4BDA-85EC-668ED574B327}"
EndProject
Global
	GlobalSection(SolutionConfigurationPlatforms) = preSolution
		Debug|Any CPU = Debug|Any CPU
		Release|Any CPU = Release|Any CPU
	EndGlobalSection
	GlobalSection(ProjectConfigurationPlatforms) = postSolution
		{FB489115-DF08-4BDA-85EC-668ED574B327}.Debug|Any CPU.ActiveCfg = Debug|Any CPU
		{FB489115-DF08-4BDA-85EC-668ED574B327}.Debug|Any CPU.Build.0 = Debug|Any CPU
		{FB489115-DF08-4BDA-85EC-668ED574B327}.Release|Any CPU.ActiveCfg = Release|Any CPU
		{FB489115-DF08-4BDA-85EC-668ED574B327}.Release|Any CPU.Build.0 = Release|Any CPU
	EndGlobalSection
	GlobalSection(SolutionProperties) = preSolution
		HideSolutionNode = FALSE
	EndGlobalSection
	GlobalSection(ExtensibilityGlobals) = postSolution
		SolutionGuid = {46AC9FE6-AE73-4D49-9B64-3F9A942AFE3E}
	EndGlobalSection
EndGlobal
