
Microsoft Visual Studio Solution File, Format Version 12.00
# Visual Studio Version 17
VisualStudioVersion = 17.9.34723.18
MinimumVisualStudioVersion = 10.0.40219.1
Project("{FAE04EC0-301F-11D3-BF4B-00C04F79EFBC}") = "Pyramid Transition Matrix", "Pyramid Transition Matrix.csproj", "{3223392D-10E0-4E23-914D-B26ECF6F9E55}"
EndProject
Global
	GlobalSection(SolutionConfigurationPlatforms) = preSolution
		Debug|Any CPU = Debug|Any CPU
		Release|Any CPU = Release|Any CPU
	EndGlobalSection
	GlobalSection(ProjectConfigurationPlatforms) = postSolution
		{3223392D-10E0-4E23-914D-B26ECF6F9E55}.Debug|Any CPU.ActiveCfg = Debug|Any CPU
		{3223392D-10E0-4E23-914D-B26ECF6F9E55}.Debug|Any CPU.Build.0 = Debug|Any CPU
		{3223392D-10E0-4E23-914D-B26ECF6F9E55}.Release|Any CPU.ActiveCfg = Release|Any CPU
		{3223392D-10E0-4E23-914D-B26ECF6F9E55}.Release|Any CPU.Build.0 = Release|Any CPU
	EndGlobalSection
	GlobalSection(SolutionProperties) = preSolution
		HideSolutionNode = FALSE
	EndGlobalSection
	GlobalSection(ExtensibilityGlobals) = postSolution
		SolutionGuid = {BED68380-DF4C-4E9C-834D-0FB643B726BF}
	EndGlobalSection
EndGlobal
