
Microsoft Visual Studio Solution File, Format Version 12.00
# Visual Studio Version 17
VisualStudioVersion = 17.9.34723.18
MinimumVisualStudioVersion = 10.0.40219.1
Project("{FAE04EC0-301F-11D3-BF4B-00C04F79EFBC}") = "Find Most Frequent Vowel and Consonant", "Find Most Frequent Vowel and Consonant.csproj", "{A3C395E7-BFAC-4629-9CFB-792E94791801}"
EndProject
Global
	GlobalSection(SolutionConfigurationPlatforms) = preSolution
		Debug|Any CPU = Debug|Any CPU
		Release|Any CPU = Release|Any CPU
	EndGlobalSection
	GlobalSection(ProjectConfigurationPlatforms) = postSolution
		{A3C395E7-BFAC-4629-9CFB-792E94791801}.Debug|Any CPU.ActiveCfg = Debug|Any CPU
		{A3C395E7-BFAC-4629-9CFB-792E94791801}.Debug|Any CPU.Build.0 = Debug|Any CPU
		{A3C395E7-BFAC-4629-9CFB-792E94791801}.Release|Any CPU.ActiveCfg = Release|Any CPU
		{A3C395E7-BFAC-4629-9CFB-792E94791801}.Release|Any CPU.Build.0 = Release|Any CPU
	EndGlobalSection
	GlobalSection(SolutionProperties) = preSolution
		HideSolutionNode = FALSE
	EndGlobalSection
	GlobalSection(ExtensibilityGlobals) = postSolution
		SolutionGuid = {5FB4E04A-E2D2-43E2-A295-DC35019D725E}
	EndGlobalSection
EndGlobal
