
Microsoft Visual Studio Solution File, Format Version 12.00
# Visual Studio Version 17
VisualStudioVersion = 17.9.34723.18
MinimumVisualStudioVersion = 10.0.40219.1
Project("{FAE04EC0-301F-11D3-BF4B-00C04F79EFBC}") = "Maximum Average Pass Ratio", "Maximum Average Pass Ratio.csproj", "{57F81F05-5226-4EFB-8704-51EA7181572E}"
EndProject
Global
	GlobalSection(SolutionConfigurationPlatforms) = preSolution
		Debug|Any CPU = Debug|Any CPU
		Release|Any CPU = Release|Any CPU
	EndGlobalSection
	GlobalSection(ProjectConfigurationPlatforms) = postSolution
		{57F81F05-5226-4EFB-8704-51EA7181572E}.Debug|Any CPU.ActiveCfg = Debug|Any CPU
		{57F81F05-5226-4EFB-8704-51EA7181572E}.Debug|Any CPU.Build.0 = Debug|Any CPU
		{57F81F05-5226-4EFB-8704-51EA7181572E}.Release|Any CPU.ActiveCfg = Release|Any CPU
		{57F81F05-5226-4EFB-8704-51EA7181572E}.Release|Any CPU.Build.0 = Release|Any CPU
	EndGlobalSection
	GlobalSection(SolutionProperties) = preSolution
		HideSolutionNode = FALSE
	EndGlobalSection
	GlobalSection(ExtensibilityGlobals) = postSolution
		SolutionGuid = {6F6E6D2A-BF7F-4D03-A4EA-BA5A40890871}
	EndGlobalSection
EndGlobal
