
Microsoft Visual Studio Solution File, Format Version 12.00
# Visual Studio Version 17
VisualStudioVersion = 17.9.34723.18
MinimumVisualStudioVersion = 10.0.40219.1
Project("{FAE04EC0-301F-11D3-BF4B-00C04F79EFBC}") = "Minimum Score After Removals on a Tree", "Minimum Score After Removals on a Tree.csproj", "{2AD10AED-9262-4226-B8AF-0C6037375205}"
EndProject
Global
	GlobalSection(SolutionConfigurationPlatforms) = preSolution
		Debug|Any CPU = Debug|Any CPU
		Release|Any CPU = Release|Any CPU
	EndGlobalSection
	GlobalSection(ProjectConfigurationPlatforms) = postSolution
		{2AD10AED-9262-4226-B8AF-0C6037375205}.Debug|Any CPU.ActiveCfg = Debug|Any CPU
		{2AD10AED-9262-4226-B8AF-0C6037375205}.Debug|Any CPU.Build.0 = Debug|Any CPU
		{2AD10AED-9262-4226-B8AF-0C6037375205}.Release|Any CPU.ActiveCfg = Release|Any CPU
		{2AD10AED-9262-4226-B8AF-0C6037375205}.Release|Any CPU.Build.0 = Release|Any CPU
	EndGlobalSection
	GlobalSection(SolutionProperties) = preSolution
		HideSolutionNode = FALSE
	EndGlobalSection
	GlobalSection(ExtensibilityGlobals) = postSolution
		SolutionGuid = {83FDEE28-A9BB-4E00-94D8-8B4C7911EDC1}
	EndGlobalSection
EndGlobal
