
Microsoft Visual Studio Solution File, Format Version 12.00
# Visual Studio Version 17
VisualStudioVersion = 17.14.37203.1 d17.14
MinimumVisualStudioVersion = 10.0.40219.1
Project("{FAE04EC0-301F-11D3-BF4B-00C04F79EFBC}") = "Remove Covered Intervals", "Remove Covered Intervals.csproj", "{B1CF73F1-CDC8-412E-9B1B-A976499DEF3A}"
EndProject
Global
	GlobalSection(SolutionConfigurationPlatforms) = preSolution
		Debug|Any CPU = Debug|Any CPU
		Release|Any CPU = Release|Any CPU
	EndGlobalSection
	GlobalSection(ProjectConfigurationPlatforms) = postSolution
		{B1CF73F1-CDC8-412E-9B1B-A976499DEF3A}.Debug|Any CPU.ActiveCfg = Debug|Any CPU
		{B1CF73F1-CDC8-412E-9B1B-A976499DEF3A}.Debug|Any CPU.Build.0 = Debug|Any CPU
		{B1CF73F1-CDC8-412E-9B1B-A976499DEF3A}.Release|Any CPU.ActiveCfg = Release|Any CPU
		{B1CF73F1-CDC8-412E-9B1B-A976499DEF3A}.Release|Any CPU.Build.0 = Release|Any CPU
	EndGlobalSection
	GlobalSection(SolutionProperties) = preSolution
		HideSolutionNode = FALSE
	EndGlobalSection
	GlobalSection(ExtensibilityGlobals) = postSolution
		SolutionGuid = {878F2806-C845-446B-9647-F72FD5DC6BCC}
	EndGlobalSection
EndGlobal
