
Microsoft Visual Studio Solution File, Format Version 12.00
# Visual Studio Version 17
VisualStudioVersion = 17.14.37203.1 d17.14
MinimumVisualStudioVersion = 10.0.40219.1
Project("{FAE04EC0-301F-11D3-BF4B-00C04F79EFBC}") = "Find the Maximum Number of Elements in Subset", "Find the Maximum Number of Elements in Subset.csproj", "{5D39BBDA-D3A6-4E80-9CF0-1F59DC2839C1}"
EndProject
Global
	GlobalSection(SolutionConfigurationPlatforms) = preSolution
		Debug|Any CPU = Debug|Any CPU
		Release|Any CPU = Release|Any CPU
	EndGlobalSection
	GlobalSection(ProjectConfigurationPlatforms) = postSolution
		{5D39BBDA-D3A6-4E80-9CF0-1F59DC2839C1}.Debug|Any CPU.ActiveCfg = Debug|Any CPU
		{5D39BBDA-D3A6-4E80-9CF0-1F59DC2839C1}.Debug|Any CPU.Build.0 = Debug|Any CPU
		{5D39BBDA-D3A6-4E80-9CF0-1F59DC2839C1}.Release|Any CPU.ActiveCfg = Release|Any CPU
		{5D39BBDA-D3A6-4E80-9CF0-1F59DC2839C1}.Release|Any CPU.Build.0 = Release|Any CPU
	EndGlobalSection
	GlobalSection(SolutionProperties) = preSolution
		HideSolutionNode = FALSE
	EndGlobalSection
	GlobalSection(ExtensibilityGlobals) = postSolution
		SolutionGuid = {D522D805-1B24-4053-9ED6-30A608E469F2}
	EndGlobalSection
EndGlobal
