
Microsoft Visual Studio Solution File, Format Version 12.00
# Visual Studio Version 17
VisualStudioVersion = 17.9.34723.18
MinimumVisualStudioVersion = 10.0.40219.1
Project("{FAE04EC0-301F-11D3-BF4B-00C04F79EFBC}") = "Successful Pairs of Spells and Potions", "Successful Pairs of Spells and Potions.csproj", "{F4E0B59C-AC4F-46D5-A97E-1043AD3DA77F}"
EndProject
Global
	GlobalSection(SolutionConfigurationPlatforms) = preSolution
		Debug|Any CPU = Debug|Any CPU
		Release|Any CPU = Release|Any CPU
	EndGlobalSection
	GlobalSection(ProjectConfigurationPlatforms) = postSolution
		{F4E0B59C-AC4F-46D5-A97E-1043AD3DA77F}.Debug|Any CPU.ActiveCfg = Debug|Any CPU
		{F4E0B59C-AC4F-46D5-A97E-1043AD3DA77F}.Debug|Any CPU.Build.0 = Debug|Any CPU
		{F4E0B59C-AC4F-46D5-A97E-1043AD3DA77F}.Release|Any CPU.ActiveCfg = Release|Any CPU
		{F4E0B59C-AC4F-46D5-A97E-1043AD3DA77F}.Release|Any CPU.Build.0 = Release|Any CPU
	EndGlobalSection
	GlobalSection(SolutionProperties) = preSolution
		HideSolutionNode = FALSE
	EndGlobalSection
	GlobalSection(ExtensibilityGlobals) = postSolution
		SolutionGuid = {5BD3C109-42AD-4C61-8A40-3C0FB7A34CDC}
	EndGlobalSection
EndGlobal
