
Microsoft Visual Studio Solution File, Format Version 12.00
# Visual Studio Version 17
VisualStudioVersion = 17.9.34723.18
MinimumVisualStudioVersion = 10.0.40219.1
Project("{FAE04EC0-301F-11D3-BF4B-00C04F79EFBC}") = "Taking Maximum Energy From the Mystic Dungeon", "Taking Maximum Energy From the Mystic Dungeon.csproj", "{0336EED1-4D7E-42F3-A113-0B849E8D894F}"
EndProject
Global
	GlobalSection(SolutionConfigurationPlatforms) = preSolution
		Debug|Any CPU = Debug|Any CPU
		Release|Any CPU = Release|Any CPU
	EndGlobalSection
	GlobalSection(ProjectConfigurationPlatforms) = postSolution
		{0336EED1-4D7E-42F3-A113-0B849E8D894F}.Debug|Any CPU.ActiveCfg = Debug|Any CPU
		{0336EED1-4D7E-42F3-A113-0B849E8D894F}.Debug|Any CPU.Build.0 = Debug|Any CPU
		{0336EED1-4D7E-42F3-A113-0B849E8D894F}.Release|Any CPU.ActiveCfg = Release|Any CPU
		{0336EED1-4D7E-42F3-A113-0B849E8D894F}.Release|Any CPU.Build.0 = Release|Any CPU
	EndGlobalSection
	GlobalSection(SolutionProperties) = preSolution
		HideSolutionNode = FALSE
	EndGlobalSection
	GlobalSection(ExtensibilityGlobals) = postSolution
		SolutionGuid = {79722AEA-0247-4FBB-A6F9-8686521A11FC}
	EndGlobalSection
EndGlobal
