
Microsoft Visual Studio Solution File, Format Version 12.00
# Visual Studio Version 17
VisualStudioVersion = 17.9.34723.18
MinimumVisualStudioVersion = 10.0.40219.1
Project("{FAE04EC0-301F-11D3-BF4B-00C04F79EFBC}") = "Count Subarrays Where Max Element Appears at Least K Times", "Count Subarrays Where Max Element Appears at Least K Times.csproj", "{0D27E663-BDC9-41D1-9753-8EA0FDE06576}"
EndProject
Global
	GlobalSection(SolutionConfigurationPlatforms) = preSolution
		Debug|Any CPU = Debug|Any CPU
		Release|Any CPU = Release|Any CPU
	EndGlobalSection
	GlobalSection(ProjectConfigurationPlatforms) = postSolution
		{0D27E663-BDC9-41D1-9753-8EA0FDE06576}.Debug|Any CPU.ActiveCfg = Debug|Any CPU
		{0D27E663-BDC9-41D1-9753-8EA0FDE06576}.Debug|Any CPU.Build.0 = Debug|Any CPU
		{0D27E663-BDC9-41D1-9753-8EA0FDE06576}.Release|Any CPU.ActiveCfg = Release|Any CPU
		{0D27E663-BDC9-41D1-9753-8EA0FDE06576}.Release|Any CPU.Build.0 = Release|Any CPU
	EndGlobalSection
	GlobalSection(SolutionProperties) = preSolution
		HideSolutionNode = FALSE
	EndGlobalSection
	GlobalSection(ExtensibilityGlobals) = postSolution
		SolutionGuid = {33F3CAE9-BCEA-4BD5-88D9-28735FC3F41C}
	EndGlobalSection
EndGlobal
