
Microsoft Visual Studio Solution File, Format Version 12.00
# Visual Studio Version 17
VisualStudioVersion = 17.9.34723.18
MinimumVisualStudioVersion = 10.0.40219.1
Project("{FAE04EC0-301F-11D3-BF4B-00C04F79EFBC}") = "Find the Original Typed String II", "Find the Original Typed String II.csproj", "{821A1E8F-CCC2-460B-887F-0DD950765E5F}"
EndProject
Global
	GlobalSection(SolutionConfigurationPlatforms) = preSolution
		Debug|Any CPU = Debug|Any CPU
		Release|Any CPU = Release|Any CPU
	EndGlobalSection
	GlobalSection(ProjectConfigurationPlatforms) = postSolution
		{821A1E8F-CCC2-460B-887F-0DD950765E5F}.Debug|Any CPU.ActiveCfg = Debug|Any CPU
		{821A1E8F-CCC2-460B-887F-0DD950765E5F}.Debug|Any CPU.Build.0 = Debug|Any CPU
		{821A1E8F-CCC2-460B-887F-0DD950765E5F}.Release|Any CPU.ActiveCfg = Release|Any CPU
		{821A1E8F-CCC2-460B-887F-0DD950765E5F}.Release|Any CPU.Build.0 = Release|Any CPU
	EndGlobalSection
	GlobalSection(SolutionProperties) = preSolution
		HideSolutionNode = FALSE
	EndGlobalSection
	GlobalSection(ExtensibilityGlobals) = postSolution
		SolutionGuid = {E0E37E18-BBDA-45CC-A8B3-0D05514D1AB8}
	EndGlobalSection
EndGlobal
