
Microsoft Visual Studio Solution File, Format Version 12.00
# Visual Studio Version 17
VisualStudioVersion = 17.9.34723.18
MinimumVisualStudioVersion = 10.0.40219.1
Project("{FAE04EC0-301F-11D3-BF4B-00C04F79EFBC}") = "Find Lucky Integer in an Array", "Find Lucky Integer in an Array.csproj", "{048A557E-96DA-49F9-B736-4E138CCB2039}"
EndProject
Global
	GlobalSection(SolutionConfigurationPlatforms) = preSolution
		Debug|Any CPU = Debug|Any CPU
		Release|Any CPU = Release|Any CPU
	EndGlobalSection
	GlobalSection(ProjectConfigurationPlatforms) = postSolution
		{048A557E-96DA-49F9-B736-4E138CCB2039}.Debug|Any CPU.ActiveCfg = Debug|Any CPU
		{048A557E-96DA-49F9-B736-4E138CCB2039}.Debug|Any CPU.Build.0 = Debug|Any CPU
		{048A557E-96DA-49F9-B736-4E138CCB2039}.Release|Any CPU.ActiveCfg = Release|Any CPU
		{048A557E-96DA-49F9-B736-4E138CCB2039}.Release|Any CPU.Build.0 = Release|Any CPU
	EndGlobalSection
	GlobalSection(SolutionProperties) = preSolution
		HideSolutionNode = FALSE
	EndGlobalSection
	GlobalSection(ExtensibilityGlobals) = postSolution
		SolutionGuid = {7FAD1722-772E-4AB2-9E43-AF8289961728}
	EndGlobalSection
EndGlobal
