
Microsoft Visual Studio Solution File, Format Version 12.00
# Visual Studio Version 17
VisualStudioVersion = 17.9.34723.18
MinimumVisualStudioVersion = 10.0.40219.1
Project("{FAE04EC0-301F-11D3-BF4B-00C04F79EFBC}") = "String Matching in an Array", "String Matching in an Array.csproj", "{F83724BD-308B-4768-9A8D-46D3D2D3D7DF}"
EndProject
Global
	GlobalSection(SolutionConfigurationPlatforms) = preSolution
		Debug|Any CPU = Debug|Any CPU
		Release|Any CPU = Release|Any CPU
	EndGlobalSection
	GlobalSection(ProjectConfigurationPlatforms) = postSolution
		{F83724BD-308B-4768-9A8D-46D3D2D3D7DF}.Debug|Any CPU.ActiveCfg = Debug|Any CPU
		{F83724BD-308B-4768-9A8D-46D3D2D3D7DF}.Debug|Any CPU.Build.0 = Debug|Any CPU
		{F83724BD-308B-4768-9A8D-46D3D2D3D7DF}.Release|Any CPU.ActiveCfg = Release|Any CPU
		{F83724BD-308B-4768-9A8D-46D3D2D3D7DF}.Release|Any CPU.Build.0 = Release|Any CPU
	EndGlobalSection
	GlobalSection(SolutionProperties) = preSolution
		HideSolutionNode = FALSE
	EndGlobalSection
	GlobalSection(ExtensibilityGlobals) = postSolution
		SolutionGuid = {5D161659-C23B-41A3-82BD-CFFD75FC489A}
	EndGlobalSection
EndGlobal
