
Microsoft Visual Studio Solution File, Format Version 12.00
# Visual Studio Version 17
VisualStudioVersion = 17.9.34723.18
MinimumVisualStudioVersion = 10.0.40219.1
Project("{FAE04EC0-301F-11D3-BF4B-00C04F79EFBC}") = "Maximum Amount of Money Robot Can Earn", "Maximum Amount of Money Robot Can Earn.csproj", "{61FBCCE6-30E8-45A4-91E0-8E84825E6D41}"
EndProject
Global
	GlobalSection(SolutionConfigurationPlatforms) = preSolution
		Debug|Any CPU = Debug|Any CPU
		Release|Any CPU = Release|Any CPU
	EndGlobalSection
	GlobalSection(ProjectConfigurationPlatforms) = postSolution
		{61FBCCE6-30E8-45A4-91E0-8E84825E6D41}.Debug|Any CPU.ActiveCfg = Debug|Any CPU
		{61FBCCE6-30E8-45A4-91E0-8E84825E6D41}.Debug|Any CPU.Build.0 = Debug|Any CPU
		{61FBCCE6-30E8-45A4-91E0-8E84825E6D41}.Release|Any CPU.ActiveCfg = Release|Any CPU
		{61FBCCE6-30E8-45A4-91E0-8E84825E6D41}.Release|Any CPU.Build.0 = Release|Any CPU
	EndGlobalSection
	GlobalSection(SolutionProperties) = preSolution
		HideSolutionNode = FALSE
	EndGlobalSection
	GlobalSection(ExtensibilityGlobals) = postSolution
		SolutionGuid = {B3B991B7-A821-4F01-AF1C-1F23FA94E112}
	EndGlobalSection
EndGlobal
