
Microsoft Visual Studio Solution File, Format Version 12.00
# Visual Studio Version 17
VisualStudioVersion = 17.9.34723.18
MinimumVisualStudioVersion = 10.0.40219.1
Project("{FAE04EC0-301F-11D3-BF4B-00C04F79EFBC}") = "Count Hills and Valleys in an Array", "Count Hills and Valleys in an Array.csproj", "{277E4BF6-018A-440E-909B-F0582A0C12AA}"
EndProject
Global
	GlobalSection(SolutionConfigurationPlatforms) = preSolution
		Debug|Any CPU = Debug|Any CPU
		Release|Any CPU = Release|Any CPU
	EndGlobalSection
	GlobalSection(ProjectConfigurationPlatforms) = postSolution
		{277E4BF6-018A-440E-909B-F0582A0C12AA}.Debug|Any CPU.ActiveCfg = Debug|Any CPU
		{277E4BF6-018A-440E-909B-F0582A0C12AA}.Debug|Any CPU.Build.0 = Debug|Any CPU
		{277E4BF6-018A-440E-909B-F0582A0C12AA}.Release|Any CPU.ActiveCfg = Release|Any CPU
		{277E4BF6-018A-440E-909B-F0582A0C12AA}.Release|Any CPU.Build.0 = Release|Any CPU
	EndGlobalSection
	GlobalSection(SolutionProperties) = preSolution
		HideSolutionNode = FALSE
	EndGlobalSection
	GlobalSection(ExtensibilityGlobals) = postSolution
		SolutionGuid = {461488FD-11BB-4841-AA6D-60AC8846E401}
	EndGlobalSection
EndGlobal
