
Microsoft Visual Studio Solution File, Format Version 12.00
# Visual Studio Version 17
VisualStudioVersion = 17.9.34723.18
MinimumVisualStudioVersion = 10.0.40219.1
Project("{FAE04EC0-301F-11D3-BF4B-00C04F79EFBC}") = "Set Intersection Size At Least Two", "Set Intersection Size At Least Two.csproj", "{DDFCE4E1-485B-4C40-ACC2-E9F80FF6090C}"
EndProject
Global
	GlobalSection(SolutionConfigurationPlatforms) = preSolution
		Debug|Any CPU = Debug|Any CPU
		Release|Any CPU = Release|Any CPU
	EndGlobalSection
	GlobalSection(ProjectConfigurationPlatforms) = postSolution
		{DDFCE4E1-485B-4C40-ACC2-E9F80FF6090C}.Debug|Any CPU.ActiveCfg = Debug|Any CPU
		{DDFCE4E1-485B-4C40-ACC2-E9F80FF6090C}.Debug|Any CPU.Build.0 = Debug|Any CPU
		{DDFCE4E1-485B-4C40-ACC2-E9F80FF6090C}.Release|Any CPU.ActiveCfg = Release|Any CPU
		{DDFCE4E1-485B-4C40-ACC2-E9F80FF6090C}.Release|Any CPU.Build.0 = Release|Any CPU
	EndGlobalSection
	GlobalSection(SolutionProperties) = preSolution
		HideSolutionNode = FALSE
	EndGlobalSection
	GlobalSection(ExtensibilityGlobals) = postSolution
		SolutionGuid = {6F4C9439-3FDE-4040-88D5-D8F1531E06C3}
	EndGlobalSection
EndGlobal
