
Microsoft Visual Studio Solution File, Format Version 12.00
# Visual Studio Version 17
VisualStudioVersion = 17.14.37203.1 d17.14
MinimumVisualStudioVersion = 10.0.40219.1
Project("{FAE04EC0-301F-11D3-BF4B-00C04F79EFBC}") = "Minimum Jumps to Reach End via Prime Teleportation", "Minimum Jumps to Reach End via Prime Teleportation.csproj", "{AA853E26-1B1D-46CC-94A2-B3D843873C69}"
EndProject
Global
	GlobalSection(SolutionConfigurationPlatforms) = preSolution
		Debug|Any CPU = Debug|Any CPU
		Release|Any CPU = Release|Any CPU
	EndGlobalSection
	GlobalSection(ProjectConfigurationPlatforms) = postSolution
		{AA853E26-1B1D-46CC-94A2-B3D843873C69}.Debug|Any CPU.ActiveCfg = Debug|Any CPU
		{AA853E26-1B1D-46CC-94A2-B3D843873C69}.Debug|Any CPU.Build.0 = Debug|Any CPU
		{AA853E26-1B1D-46CC-94A2-B3D843873C69}.Release|Any CPU.ActiveCfg = Release|Any CPU
		{AA853E26-1B1D-46CC-94A2-B3D843873C69}.Release|Any CPU.Build.0 = Release|Any CPU
	EndGlobalSection
	GlobalSection(SolutionProperties) = preSolution
		HideSolutionNode = FALSE
	EndGlobalSection
	GlobalSection(ExtensibilityGlobals) = postSolution
		SolutionGuid = {32B62C9B-1F69-41D8-8778-E3DBC2A33EF2}
	EndGlobalSection
EndGlobal
