
Microsoft Visual Studio Solution File, Format Version 12.00
# Visual Studio Version 17
VisualStudioVersion = 17.9.34723.18
MinimumVisualStudioVersion = 10.0.40219.1
Project("{FAE04EC0-301F-11D3-BF4B-00C04F79EFBC}") = "Separate Squares II", "Separate Squares II.csproj", "{D650AF82-CA3C-4CC2-8205-CF7EBBD44493}"
EndProject
Global
	GlobalSection(SolutionConfigurationPlatforms) = preSolution
		Debug|Any CPU = Debug|Any CPU
		Release|Any CPU = Release|Any CPU
	EndGlobalSection
	GlobalSection(ProjectConfigurationPlatforms) = postSolution
		{D650AF82-CA3C-4CC2-8205-CF7EBBD44493}.Debug|Any CPU.ActiveCfg = Debug|Any CPU
		{D650AF82-CA3C-4CC2-8205-CF7EBBD44493}.Debug|Any CPU.Build.0 = Debug|Any CPU
		{D650AF82-CA3C-4CC2-8205-CF7EBBD44493}.Release|Any CPU.ActiveCfg = Release|Any CPU
		{D650AF82-CA3C-4CC2-8205-CF7EBBD44493}.Release|Any CPU.Build.0 = Release|Any CPU
	EndGlobalSection
	GlobalSection(SolutionProperties) = preSolution
		HideSolutionNode = FALSE
	EndGlobalSection
	GlobalSection(ExtensibilityGlobals) = postSolution
		SolutionGuid = {CF5BB9CE-DF39-48C3-99BF-8C2A1E7093C7}
	EndGlobalSection
EndGlobal
