
Microsoft Visual Studio Solution File, Format Version 12.00
# Visual Studio Version 17
VisualStudioVersion = 17.9.34723.18
MinimumVisualStudioVersion = 10.0.40219.1
Project("{FAE04EC0-301F-11D3-BF4B-00C04F79EFBC}") = "Count Square Submatrices with All Ones", "Count Square Submatrices with All Ones.csproj", "{F7B2CC37-1EA2-4FE7-9946-B2D0C09D382C}"
EndProject
Global
	GlobalSection(SolutionConfigurationPlatforms) = preSolution
		Debug|Any CPU = Debug|Any CPU
		Release|Any CPU = Release|Any CPU
	EndGlobalSection
	GlobalSection(ProjectConfigurationPlatforms) = postSolution
		{F7B2CC37-1EA2-4FE7-9946-B2D0C09D382C}.Debug|Any CPU.ActiveCfg = Debug|Any CPU
		{F7B2CC37-1EA2-4FE7-9946-B2D0C09D382C}.Debug|Any CPU.Build.0 = Debug|Any CPU
		{F7B2CC37-1EA2-4FE7-9946-B2D0C09D382C}.Release|Any CPU.ActiveCfg = Release|Any CPU
		{F7B2CC37-1EA2-4FE7-9946-B2D0C09D382C}.Release|Any CPU.Build.0 = Release|Any CPU
	EndGlobalSection
	GlobalSection(SolutionProperties) = preSolution
		HideSolutionNode = FALSE
	EndGlobalSection
	GlobalSection(ExtensibilityGlobals) = postSolution
		SolutionGuid = {F7213DB1-48A8-4285-9D08-2CFD0069375A}
	EndGlobalSection
EndGlobal
