
Microsoft Visual Studio Solution File, Format Version 12.00
# Visual Studio Version 17
VisualStudioVersion = 17.9.34723.18
MinimumVisualStudioVersion = 10.0.40219.1
Project("{FAE04EC0-301F-11D3-BF4B-00C04F79EFBC}") = "Design Spreadsheet", "Design Spreadsheet.csproj", "{F5206959-5CC1-4054-A520-B23D41FAED69}"
EndProject
Global
	GlobalSection(SolutionConfigurationPlatforms) = preSolution
		Debug|Any CPU = Debug|Any CPU
		Release|Any CPU = Release|Any CPU
	EndGlobalSection
	GlobalSection(ProjectConfigurationPlatforms) = postSolution
		{F5206959-5CC1-4054-A520-B23D41FAED69}.Debug|Any CPU.ActiveCfg = Debug|Any CPU
		{F5206959-5CC1-4054-A520-B23D41FAED69}.Debug|Any CPU.Build.0 = Debug|Any CPU
		{F5206959-5CC1-4054-A520-B23D41FAED69}.Release|Any CPU.ActiveCfg = Release|Any CPU
		{F5206959-5CC1-4054-A520-B23D41FAED69}.Release|Any CPU.Build.0 = Release|Any CPU
	EndGlobalSection
	GlobalSection(SolutionProperties) = preSolution
		HideSolutionNode = FALSE
	EndGlobalSection
	GlobalSection(ExtensibilityGlobals) = postSolution
		SolutionGuid = {DE60BAA0-A5C3-45B7-823E-CE3548CD2E55}
	EndGlobalSection
EndGlobal
