
Microsoft Visual Studio Solution File, Format Version 12.00
# Visual Studio Version 17
VisualStudioVersion = 17.14.37203.1 d17.14
MinimumVisualStudioVersion = 10.0.40219.1
Project("{FAE04EC0-301F-11D3-BF4B-00C04F79EFBC}") = "Sum of Distances", "Sum of Distances.csproj", "{BB66A57B-25C5-47E3-B2F5-48898BC888C7}"
EndProject
Global
	GlobalSection(SolutionConfigurationPlatforms) = preSolution
		Debug|Any CPU = Debug|Any CPU
		Release|Any CPU = Release|Any CPU
	EndGlobalSection
	GlobalSection(ProjectConfigurationPlatforms) = postSolution
		{BB66A57B-25C5-47E3-B2F5-48898BC888C7}.Debug|Any CPU.ActiveCfg = Debug|Any CPU
		{BB66A57B-25C5-47E3-B2F5-48898BC888C7}.Debug|Any CPU.Build.0 = Debug|Any CPU
		{BB66A57B-25C5-47E3-B2F5-48898BC888C7}.Release|Any CPU.ActiveCfg = Release|Any CPU
		{BB66A57B-25C5-47E3-B2F5-48898BC888C7}.Release|Any CPU.Build.0 = Release|Any CPU
	EndGlobalSection
	GlobalSection(SolutionProperties) = preSolution
		HideSolutionNode = FALSE
	EndGlobalSection
	GlobalSection(ExtensibilityGlobals) = postSolution
		SolutionGuid = {A2083A46-FB53-45EF-868D-CF772AD6BCD9}
	EndGlobalSection
EndGlobal
