
Microsoft Visual Studio Solution File, Format Version 12.00
# Visual Studio Version 17
VisualStudioVersion = 17.9.34723.18
MinimumVisualStudioVersion = 10.0.40219.1
Project("{FAE04EC0-301F-11D3-BF4B-00C04F79EFBC}") = "Power Grid Maintenance", "Power Grid Maintenance.csproj", "{9A11730E-2EDF-47BF-9BCA-F1440CBB6508}"
EndProject
Global
	GlobalSection(SolutionConfigurationPlatforms) = preSolution
		Debug|Any CPU = Debug|Any CPU
		Release|Any CPU = Release|Any CPU
	EndGlobalSection
	GlobalSection(ProjectConfigurationPlatforms) = postSolution
		{9A11730E-2EDF-47BF-9BCA-F1440CBB6508}.Debug|Any CPU.ActiveCfg = Debug|Any CPU
		{9A11730E-2EDF-47BF-9BCA-F1440CBB6508}.Debug|Any CPU.Build.0 = Debug|Any CPU
		{9A11730E-2EDF-47BF-9BCA-F1440CBB6508}.Release|Any CPU.ActiveCfg = Release|Any CPU
		{9A11730E-2EDF-47BF-9BCA-F1440CBB6508}.Release|Any CPU.Build.0 = Release|Any CPU
	EndGlobalSection
	GlobalSection(SolutionProperties) = preSolution
		HideSolutionNode = FALSE
	EndGlobalSection
	GlobalSection(ExtensibilityGlobals) = postSolution
		SolutionGuid = {372BCCF0-50EE-4676-84A7-1E8A396F91B2}
	EndGlobalSection
EndGlobal
