
Microsoft Visual Studio Solution File, Format Version 12.00
# Visual Studio Version 17
VisualStudioVersion = 17.9.34723.18
MinimumVisualStudioVersion = 10.0.40219.1
Project("{FAE04EC0-301F-11D3-BF4B-00C04F79EFBC}") = "Sudoku Solver Verson 2", "Sudoku Solver Verson 2.csproj", "{DF4434C1-7565-48B2-B0B6-9AFFF9698B68}"
EndProject
Global
	GlobalSection(SolutionConfigurationPlatforms) = preSolution
		Debug|Any CPU = Debug|Any CPU
		Release|Any CPU = Release|Any CPU
	EndGlobalSection
	GlobalSection(ProjectConfigurationPlatforms) = postSolution
		{DF4434C1-7565-48B2-B0B6-9AFFF9698B68}.Debug|Any CPU.ActiveCfg = Debug|Any CPU
		{DF4434C1-7565-48B2-B0B6-9AFFF9698B68}.Debug|Any CPU.Build.0 = Debug|Any CPU
		{DF4434C1-7565-48B2-B0B6-9AFFF9698B68}.Release|Any CPU.ActiveCfg = Release|Any CPU
		{DF4434C1-7565-48B2-B0B6-9AFFF9698B68}.Release|Any CPU.Build.0 = Release|Any CPU
	EndGlobalSection
	GlobalSection(SolutionProperties) = preSolution
		HideSolutionNode = FALSE
	EndGlobalSection
	GlobalSection(ExtensibilityGlobals) = postSolution
		SolutionGuid = {E14264BE-D3D3-4880-9AB5-7663576059D6}
	EndGlobalSection
EndGlobal
