
Microsoft Visual Studio Solution File, Format Version 12.00
# Visual Studio Version 17
VisualStudioVersion = 17.9.34723.18
MinimumVisualStudioVersion = 10.0.40219.1
Project("{FAE04EC0-301F-11D3-BF4B-00C04F79EFBC}") = "Swim in Rising Water", "Swim in Rising Water.csproj", "{8C2A68F4-C8C5-4DE1-9CE1-26D44B0689CC}"
EndProject
Global
	GlobalSection(SolutionConfigurationPlatforms) = preSolution
		Debug|Any CPU = Debug|Any CPU
		Release|Any CPU = Release|Any CPU
	EndGlobalSection
	GlobalSection(ProjectConfigurationPlatforms) = postSolution
		{8C2A68F4-C8C5-4DE1-9CE1-26D44B0689CC}.Debug|Any CPU.ActiveCfg = Debug|Any CPU
		{8C2A68F4-C8C5-4DE1-9CE1-26D44B0689CC}.Debug|Any CPU.Build.0 = Debug|Any CPU
		{8C2A68F4-C8C5-4DE1-9CE1-26D44B0689CC}.Release|Any CPU.ActiveCfg = Release|Any CPU
		{8C2A68F4-C8C5-4DE1-9CE1-26D44B0689CC}.Release|Any CPU.Build.0 = Release|Any CPU
	EndGlobalSection
	GlobalSection(SolutionProperties) = preSolution
		HideSolutionNode = FALSE
	EndGlobalSection
	GlobalSection(ExtensibilityGlobals) = postSolution
		SolutionGuid = {FC05E35B-514C-4B19-A982-46B728990A79}
	EndGlobalSection
EndGlobal
