
Microsoft Visual Studio Solution File, Format Version 12.00
# Visual Studio Version 17
VisualStudioVersion = 17.9.34723.18
MinimumVisualStudioVersion = 10.0.40219.1
Project("{FAE04EC0-301F-11D3-BF4B-00C04F79EFBC}") = "XOR After Range Multiplication Queries I", "XOR After Range Multiplication Queries I.csproj", "{54245011-B94F-4D27-88C5-DF84BCBD6D20}"
EndProject
Global
	GlobalSection(SolutionConfigurationPlatforms) = preSolution
		Debug|Any CPU = Debug|Any CPU
		Release|Any CPU = Release|Any CPU
	EndGlobalSection
	GlobalSection(ProjectConfigurationPlatforms) = postSolution
		{54245011-B94F-4D27-88C5-DF84BCBD6D20}.Debug|Any CPU.ActiveCfg = Debug|Any CPU
		{54245011-B94F-4D27-88C5-DF84BCBD6D20}.Debug|Any CPU.Build.0 = Debug|Any CPU
		{54245011-B94F-4D27-88C5-DF84BCBD6D20}.Release|Any CPU.ActiveCfg = Release|Any CPU
		{54245011-B94F-4D27-88C5-DF84BCBD6D20}.Release|Any CPU.Build.0 = Release|Any CPU
	EndGlobalSection
	GlobalSection(SolutionProperties) = preSolution
		HideSolutionNode = FALSE
	EndGlobalSection
	GlobalSection(ExtensibilityGlobals) = postSolution
		SolutionGuid = {31139198-D545-4CF8-92E9-7A3769ED1586}
	EndGlobalSection
EndGlobal
