
Microsoft Visual Studio Solution File, Format Version 12.00
# Visual Studio Version 17
VisualStudioVersion = 17.9.34723.18
MinimumVisualStudioVersion = 10.0.40219.1
Project("{FAE04EC0-301F-11D3-BF4B-00C04F79EFBC}") = "Minimum Number of Operations to Move All Balls to Each Box", "Minimum Number of Operations to Move All Balls to Each Box.csproj", "{FD7E0578-AD79-4D6F-859F-1F9CD2F7B04F}"
EndProject
Global
	GlobalSection(SolutionConfigurationPlatforms) = preSolution
		Debug|Any CPU = Debug|Any CPU
		Release|Any CPU = Release|Any CPU
	EndGlobalSection
	GlobalSection(ProjectConfigurationPlatforms) = postSolution
		{FD7E0578-AD79-4D6F-859F-1F9CD2F7B04F}.Debug|Any CPU.ActiveCfg = Debug|Any CPU
		{FD7E0578-AD79-4D6F-859F-1F9CD2F7B04F}.Debug|Any CPU.Build.0 = Debug|Any CPU
		{FD7E0578-AD79-4D6F-859F-1F9CD2F7B04F}.Release|Any CPU.ActiveCfg = Release|Any CPU
		{FD7E0578-AD79-4D6F-859F-1F9CD2F7B04F}.Release|Any CPU.Build.0 = Release|Any CPU
	EndGlobalSection
	GlobalSection(SolutionProperties) = preSolution
		HideSolutionNode = FALSE
	EndGlobalSection
	GlobalSection(ExtensibilityGlobals) = postSolution
		SolutionGuid = {8AE79B5B-826D-4588-98FD-6AF808FED14E}
	EndGlobalSection
EndGlobal
