
Microsoft Visual Studio Solution File, Format Version 12.00
# Visual Studio Version 17
VisualStudioVersion = 17.9.34723.18
MinimumVisualStudioVersion = 10.0.40219.1
Project("{FAE04EC0-301F-11D3-BF4B-00C04F79EFBC}") = "Construct K Palindrome Strings", "Construct K Palindrome Strings.csproj", "{8498ED7A-33DE-482B-9D00-CD98E1ECCEA6}"
EndProject
Global
	GlobalSection(SolutionConfigurationPlatforms) = preSolution
		Debug|Any CPU = Debug|Any CPU
		Release|Any CPU = Release|Any CPU
	EndGlobalSection
	GlobalSection(ProjectConfigurationPlatforms) = postSolution
		{8498ED7A-33DE-482B-9D00-CD98E1ECCEA6}.Debug|Any CPU.ActiveCfg = Debug|Any CPU
		{8498ED7A-33DE-482B-9D00-CD98E1ECCEA6}.Debug|Any CPU.Build.0 = Debug|Any CPU
		{8498ED7A-33DE-482B-9D00-CD98E1ECCEA6}.Release|Any CPU.ActiveCfg = Release|Any CPU
		{8498ED7A-33DE-482B-9D00-CD98E1ECCEA6}.Release|Any CPU.Build.0 = Release|Any CPU
	EndGlobalSection
	GlobalSection(SolutionProperties) = preSolution
		HideSolutionNode = FALSE
	EndGlobalSection
	GlobalSection(ExtensibilityGlobals) = postSolution
		SolutionGuid = {EF987D30-A643-4997-81EB-F21C0509D6A1}
	EndGlobalSection
EndGlobal
