
Microsoft Visual Studio Solution File, Format Version 12.00
# Visual Studio Version 17
VisualStudioVersion = 17.14.37203.1 d17.14
MinimumVisualStudioVersion = 10.0.40219.1
Project("{FAE04EC0-301F-11D3-BF4B-00C04F79EFBC}") = "Evaluate the Bracket Pairs of a String", "Evaluate the Bracket Pairs of a String.csproj", "{2EDBB177-601A-40B8-BED8-954FCF0AD283}"
EndProject
Global
	GlobalSection(SolutionConfigurationPlatforms) = preSolution
		Debug|Any CPU = Debug|Any CPU
		Release|Any CPU = Release|Any CPU
	EndGlobalSection
	GlobalSection(ProjectConfigurationPlatforms) = postSolution
		{2EDBB177-601A-40B8-BED8-954FCF0AD283}.Debug|Any CPU.ActiveCfg = Debug|Any CPU
		{2EDBB177-601A-40B8-BED8-954FCF0AD283}.Debug|Any CPU.Build.0 = Debug|Any CPU
		{2EDBB177-601A-40B8-BED8-954FCF0AD283}.Release|Any CPU.ActiveCfg = Release|Any CPU
		{2EDBB177-601A-40B8-BED8-954FCF0AD283}.Release|Any CPU.Build.0 = Release|Any CPU
	EndGlobalSection
	GlobalSection(SolutionProperties) = preSolution
		HideSolutionNode = FALSE
	EndGlobalSection
	GlobalSection(ExtensibilityGlobals) = postSolution
		SolutionGuid = {DC8607E2-53B5-4CFF-9F37-6A9521DFC3C5}
	EndGlobalSection
EndGlobal
