
Microsoft Visual Studio Solution File, Format Version 12.00
# Visual Studio Version 17
VisualStudioVersion = 17.9.34723.18
MinimumVisualStudioVersion = 10.0.40219.1
Project("{FAE04EC0-301F-11D3-BF4B-00C04F79EFBC}") = "Apply Operations to an Array", "Apply Operations to an Array.csproj", "{9B3EF0A4-2060-4336-832B-5427A5C2B8ED}"
EndProject
Global
	GlobalSection(SolutionConfigurationPlatforms) = preSolution
		Debug|Any CPU = Debug|Any CPU
		Release|Any CPU = Release|Any CPU
	EndGlobalSection
	GlobalSection(ProjectConfigurationPlatforms) = postSolution
		{9B3EF0A4-2060-4336-832B-5427A5C2B8ED}.Debug|Any CPU.ActiveCfg = Debug|Any CPU
		{9B3EF0A4-2060-4336-832B-5427A5C2B8ED}.Debug|Any CPU.Build.0 = Debug|Any CPU
		{9B3EF0A4-2060-4336-832B-5427A5C2B8ED}.Release|Any CPU.ActiveCfg = Release|Any CPU
		{9B3EF0A4-2060-4336-832B-5427A5C2B8ED}.Release|Any CPU.Build.0 = Release|Any CPU
	EndGlobalSection
	GlobalSection(SolutionProperties) = preSolution
		HideSolutionNode = FALSE
	EndGlobalSection
	GlobalSection(ExtensibilityGlobals) = postSolution
		SolutionGuid = {7E8DAE23-A9CC-4FDB-8748-29B05751A118}
	EndGlobalSection
EndGlobal
