
Microsoft Visual Studio Solution File, Format Version 12.00
# Visual Studio Version 17
VisualStudioVersion = 17.9.34723.18
MinimumVisualStudioVersion = 10.0.40219.1
Project("{FAE04EC0-301F-11D3-BF4B-00C04F79EFBC}") = "Longest Subarray With Maximum Bitwise AND", "Longest Subarray With Maximum Bitwise AND.csproj", "{9B8D26E5-511D-4CF8-A45E-191E300371C4}"
EndProject
Global
	GlobalSection(SolutionConfigurationPlatforms) = preSolution
		Debug|Any CPU = Debug|Any CPU
		Release|Any CPU = Release|Any CPU
	EndGlobalSection
	GlobalSection(ProjectConfigurationPlatforms) = postSolution
		{9B8D26E5-511D-4CF8-A45E-191E300371C4}.Debug|Any CPU.ActiveCfg = Debug|Any CPU
		{9B8D26E5-511D-4CF8-A45E-191E300371C4}.Debug|Any CPU.Build.0 = Debug|Any CPU
		{9B8D26E5-511D-4CF8-A45E-191E300371C4}.Release|Any CPU.ActiveCfg = Release|Any CPU
		{9B8D26E5-511D-4CF8-A45E-191E300371C4}.Release|Any CPU.Build.0 = Release|Any CPU
	EndGlobalSection
	GlobalSection(SolutionProperties) = preSolution
		HideSolutionNode = FALSE
	EndGlobalSection
	GlobalSection(ExtensibilityGlobals) = postSolution
		SolutionGuid = {50B68077-E2E0-4060-AB7D-1AB9B0B066C9}
	EndGlobalSection
EndGlobal
