
Microsoft Visual Studio Solution File, Format Version 12.00
# Visual Studio Version 17
VisualStudioVersion = 17.9.34723.18
MinimumVisualStudioVersion = 10.0.40219.1
Project("{FAE04EC0-301F-11D3-BF4B-00C04F79EFBC}") = "Prime Number of Set Bits in Binary Representation", "Prime Number of Set Bits in Binary Representation.csproj", "{206EB9AB-159B-46F3-8109-9824A46394A9}"
EndProject
Global
	GlobalSection(SolutionConfigurationPlatforms) = preSolution
		Debug|Any CPU = Debug|Any CPU
		Release|Any CPU = Release|Any CPU
	EndGlobalSection
	GlobalSection(ProjectConfigurationPlatforms) = postSolution
		{206EB9AB-159B-46F3-8109-9824A46394A9}.Debug|Any CPU.ActiveCfg = Debug|Any CPU
		{206EB9AB-159B-46F3-8109-9824A46394A9}.Debug|Any CPU.Build.0 = Debug|Any CPU
		{206EB9AB-159B-46F3-8109-9824A46394A9}.Release|Any CPU.ActiveCfg = Release|Any CPU
		{206EB9AB-159B-46F3-8109-9824A46394A9}.Release|Any CPU.Build.0 = Release|Any CPU
	EndGlobalSection
	GlobalSection(SolutionProperties) = preSolution
		HideSolutionNode = FALSE
	EndGlobalSection
	GlobalSection(ExtensibilityGlobals) = postSolution
		SolutionGuid = {9778957C-945F-46AA-BA1A-CEEA3C7C77D8}
	EndGlobalSection
EndGlobal
