
Microsoft Visual Studio Solution File, Format Version 12.00
# Visual Studio Version 17
VisualStudioVersion = 17.9.34723.18
MinimumVisualStudioVersion = 10.0.40219.1
Project("{FAE04EC0-301F-11D3-BF4B-00C04F79EFBC}") = "Number of Equivalent Domino Pairs", "Number of Equivalent Domino Pairs.csproj", "{392545E6-48B6-475A-9CB7-AFB80E69F937}"
EndProject
Global
	GlobalSection(SolutionConfigurationPlatforms) = preSolution
		Debug|Any CPU = Debug|Any CPU
		Release|Any CPU = Release|Any CPU
	EndGlobalSection
	GlobalSection(ProjectConfigurationPlatforms) = postSolution
		{392545E6-48B6-475A-9CB7-AFB80E69F937}.Debug|Any CPU.ActiveCfg = Debug|Any CPU
		{392545E6-48B6-475A-9CB7-AFB80E69F937}.Debug|Any CPU.Build.0 = Debug|Any CPU
		{392545E6-48B6-475A-9CB7-AFB80E69F937}.Release|Any CPU.ActiveCfg = Release|Any CPU
		{392545E6-48B6-475A-9CB7-AFB80E69F937}.Release|Any CPU.Build.0 = Release|Any CPU
	EndGlobalSection
	GlobalSection(SolutionProperties) = preSolution
		HideSolutionNode = FALSE
	EndGlobalSection
	GlobalSection(ExtensibilityGlobals) = postSolution
		SolutionGuid = {48ED8428-D93C-400E-9481-E67D254FD396}
	EndGlobalSection
EndGlobal
