
Microsoft Visual Studio Solution File, Format Version 12.00
# Visual Studio Version 17
VisualStudioVersion = 17.14.37203.1 d17.14
MinimumVisualStudioVersion = 10.0.40219.1
Project("{FAE04EC0-301F-11D3-BF4B-00C04F79EFBC}") = "Sum of GCD of Formed Pairs", "Sum of GCD of Formed Pairs.csproj", "{D777AED9-DDC7-4D8E-94B3-272CCC06EFB2}"
EndProject
Global
	GlobalSection(SolutionConfigurationPlatforms) = preSolution
		Debug|Any CPU = Debug|Any CPU
		Release|Any CPU = Release|Any CPU
	EndGlobalSection
	GlobalSection(ProjectConfigurationPlatforms) = postSolution
		{D777AED9-DDC7-4D8E-94B3-272CCC06EFB2}.Debug|Any CPU.ActiveCfg = Debug|Any CPU
		{D777AED9-DDC7-4D8E-94B3-272CCC06EFB2}.Debug|Any CPU.Build.0 = Debug|Any CPU
		{D777AED9-DDC7-4D8E-94B3-272CCC06EFB2}.Release|Any CPU.ActiveCfg = Release|Any CPU
		{D777AED9-DDC7-4D8E-94B3-272CCC06EFB2}.Release|Any CPU.Build.0 = Release|Any CPU
	EndGlobalSection
	GlobalSection(SolutionProperties) = preSolution
		HideSolutionNode = FALSE
	EndGlobalSection
	GlobalSection(ExtensibilityGlobals) = postSolution
		SolutionGuid = {5EC6E970-247C-4E13-81C7-855E0DBCC38C}
	EndGlobalSection
EndGlobal
