
Microsoft Visual Studio Solution File, Format Version 12.00
# Visual Studio Version 17
VisualStudioVersion = 17.14.37203.1 d17.14
MinimumVisualStudioVersion = 10.0.40219.1
Project("{FAE04EC0-301F-11D3-BF4B-00C04F79EFBC}") = "Detect Cycles in 2D Grid", "Detect Cycles in 2D Grid.csproj", "{A499AD2C-FC3F-4FC2-86B3-2F30020FAF23}"
EndProject
Global
	GlobalSection(SolutionConfigurationPlatforms) = preSolution
		Debug|Any CPU = Debug|Any CPU
		Release|Any CPU = Release|Any CPU
	EndGlobalSection
	GlobalSection(ProjectConfigurationPlatforms) = postSolution
		{A499AD2C-FC3F-4FC2-86B3-2F30020FAF23}.Debug|Any CPU.ActiveCfg = Debug|Any CPU
		{A499AD2C-FC3F-4FC2-86B3-2F30020FAF23}.Debug|Any CPU.Build.0 = Debug|Any CPU
		{A499AD2C-FC3F-4FC2-86B3-2F30020FAF23}.Release|Any CPU.ActiveCfg = Release|Any CPU
		{A499AD2C-FC3F-4FC2-86B3-2F30020FAF23}.Release|Any CPU.Build.0 = Release|Any CPU
	EndGlobalSection
	GlobalSection(SolutionProperties) = preSolution
		HideSolutionNode = FALSE
	EndGlobalSection
	GlobalSection(ExtensibilityGlobals) = postSolution
		SolutionGuid = {82068175-4855-4D5B-81D0-396C9DD118A8}
	EndGlobalSection
EndGlobal
