
Microsoft Visual Studio Solution File, Format Version 12.00
# Visual Studio Version 17
VisualStudioVersion = 17.9.34723.18
MinimumVisualStudioVersion = 10.0.40219.1
Project("{FAE04EC0-301F-11D3-BF4B-00C04F79EFBC}") = "Minimum Swaps to Arrange a Binary Grid", "Minimum Swaps to Arrange a Binary Grid.csproj", "{991823EB-840B-4107-9759-017058E09D11}"
EndProject
Global
	GlobalSection(SolutionConfigurationPlatforms) = preSolution
		Debug|Any CPU = Debug|Any CPU
		Release|Any CPU = Release|Any CPU
	EndGlobalSection
	GlobalSection(ProjectConfigurationPlatforms) = postSolution
		{991823EB-840B-4107-9759-017058E09D11}.Debug|Any CPU.ActiveCfg = Debug|Any CPU
		{991823EB-840B-4107-9759-017058E09D11}.Debug|Any CPU.Build.0 = Debug|Any CPU
		{991823EB-840B-4107-9759-017058E09D11}.Release|Any CPU.ActiveCfg = Release|Any CPU
		{991823EB-840B-4107-9759-017058E09D11}.Release|Any CPU.Build.0 = Release|Any CPU
	EndGlobalSection
	GlobalSection(SolutionProperties) = preSolution
		HideSolutionNode = FALSE
	EndGlobalSection
	GlobalSection(ExtensibilityGlobals) = postSolution
		SolutionGuid = {6D8834B7-0A94-4249-8611-CC09F79D9E78}
	EndGlobalSection
EndGlobal
