
Microsoft Visual Studio Solution File, Format Version 12.00
# Visual Studio Version 17
VisualStudioVersion = 17.9.34723.18
MinimumVisualStudioVersion = 10.0.40219.1
Project("{FAE04EC0-301F-11D3-BF4B-00C04F79EFBC}") = "Maximum Manhattan Distance After K Changes", "Maximum Manhattan Distance After K Changes.csproj", "{A4011C9A-57C7-4D48-8AD1-9C55C2985147}"
EndProject
Global
	GlobalSection(SolutionConfigurationPlatforms) = preSolution
		Debug|Any CPU = Debug|Any CPU
		Release|Any CPU = Release|Any CPU
	EndGlobalSection
	GlobalSection(ProjectConfigurationPlatforms) = postSolution
		{A4011C9A-57C7-4D48-8AD1-9C55C2985147}.Debug|Any CPU.ActiveCfg = Debug|Any CPU
		{A4011C9A-57C7-4D48-8AD1-9C55C2985147}.Debug|Any CPU.Build.0 = Debug|Any CPU
		{A4011C9A-57C7-4D48-8AD1-9C55C2985147}.Release|Any CPU.ActiveCfg = Release|Any CPU
		{A4011C9A-57C7-4D48-8AD1-9C55C2985147}.Release|Any CPU.Build.0 = Release|Any CPU
	EndGlobalSection
	GlobalSection(SolutionProperties) = preSolution
		HideSolutionNode = FALSE
	EndGlobalSection
	GlobalSection(ExtensibilityGlobals) = postSolution
		SolutionGuid = {5CCFB61C-DF5C-43E6-A230-9F84C0F0C72D}
	EndGlobalSection
EndGlobal
