
Microsoft Visual Studio Solution File, Format Version 12.00
# Visual Studio Version 17
VisualStudioVersion = 17.9.34723.18
MinimumVisualStudioVersion = 10.0.40219.1
Project("{FAE04EC0-301F-11D3-BF4B-00C04F79EFBC}") = "Longest Substring Without Repeating Characters", "Longest Substring Without Repeating Characters.csproj", "{4FE37DA3-2818-4543-9061-65E284A26860}"
EndProject
Global
	GlobalSection(SolutionConfigurationPlatforms) = preSolution
		Debug|Any CPU = Debug|Any CPU
		Release|Any CPU = Release|Any CPU
	EndGlobalSection
	GlobalSection(ProjectConfigurationPlatforms) = postSolution
		{4FE37DA3-2818-4543-9061-65E284A26860}.Debug|Any CPU.ActiveCfg = Debug|Any CPU
		{4FE37DA3-2818-4543-9061-65E284A26860}.Debug|Any CPU.Build.0 = Debug|Any CPU
		{4FE37DA3-2818-4543-9061-65E284A26860}.Release|Any CPU.ActiveCfg = Release|Any CPU
		{4FE37DA3-2818-4543-9061-65E284A26860}.Release|Any CPU.Build.0 = Release|Any CPU
	EndGlobalSection
	GlobalSection(SolutionProperties) = preSolution
		HideSolutionNode = FALSE
	EndGlobalSection
	GlobalSection(ExtensibilityGlobals) = postSolution
		SolutionGuid = {76B7EE6E-7256-41CC-9251-8FC5415308D8}
	EndGlobalSection
EndGlobal
