
Microsoft Visual Studio Solution File, Format Version 12.00
# Visual Studio Version 17
VisualStudioVersion = 17.9.34723.18
MinimumVisualStudioVersion = 10.0.40219.1
Project("{FAE04EC0-301F-11D3-BF4B-00C04F79EFBC}") = "Number of People Aware of a Secret", "Number of People Aware of a Secret.csproj", "{D81FFED8-3C21-471D-B265-82C009708F55}"
EndProject
Global
	GlobalSection(SolutionConfigurationPlatforms) = preSolution
		Debug|Any CPU = Debug|Any CPU
		Release|Any CPU = Release|Any CPU
	EndGlobalSection
	GlobalSection(ProjectConfigurationPlatforms) = postSolution
		{D81FFED8-3C21-471D-B265-82C009708F55}.Debug|Any CPU.ActiveCfg = Debug|Any CPU
		{D81FFED8-3C21-471D-B265-82C009708F55}.Debug|Any CPU.Build.0 = Debug|Any CPU
		{D81FFED8-3C21-471D-B265-82C009708F55}.Release|Any CPU.ActiveCfg = Release|Any CPU
		{D81FFED8-3C21-471D-B265-82C009708F55}.Release|Any CPU.Build.0 = Release|Any CPU
	EndGlobalSection
	GlobalSection(SolutionProperties) = preSolution
		HideSolutionNode = FALSE
	EndGlobalSection
	GlobalSection(ExtensibilityGlobals) = postSolution
		SolutionGuid = {A636BE3C-A399-43C1-A075-A428573416A4}
	EndGlobalSection
EndGlobal
