
Microsoft Visual Studio Solution File, Format Version 12.00
# Visual Studio Version 17
VisualStudioVersion = 17.9.34723.18
MinimumVisualStudioVersion = 10.0.40219.1
Project("{FAE04EC0-301F-11D3-BF4B-00C04F79EFBC}") = "Count Number of Bad Pairs", "Count Number of Bad Pairs.csproj", "{5503A5E9-B104-4469-A774-18A049FAA83C}"
EndProject
Global
	GlobalSection(SolutionConfigurationPlatforms) = preSolution
		Debug|Any CPU = Debug|Any CPU
		Release|Any CPU = Release|Any CPU
	EndGlobalSection
	GlobalSection(ProjectConfigurationPlatforms) = postSolution
		{5503A5E9-B104-4469-A774-18A049FAA83C}.Debug|Any CPU.ActiveCfg = Debug|Any CPU
		{5503A5E9-B104-4469-A774-18A049FAA83C}.Debug|Any CPU.Build.0 = Debug|Any CPU
		{5503A5E9-B104-4469-A774-18A049FAA83C}.Release|Any CPU.ActiveCfg = Release|Any CPU
		{5503A5E9-B104-4469-A774-18A049FAA83C}.Release|Any CPU.Build.0 = Release|Any CPU
	EndGlobalSection
	GlobalSection(SolutionProperties) = preSolution
		HideSolutionNode = FALSE
	EndGlobalSection
	GlobalSection(ExtensibilityGlobals) = postSolution
		SolutionGuid = {1CA25CDD-D167-445D-BB2B-B73A7C9E38B7}
	EndGlobalSection
EndGlobal
