
Microsoft Visual Studio Solution File, Format Version 12.00
# Visual Studio Version 17
VisualStudioVersion = 17.9.34723.18
MinimumVisualStudioVersion = 10.0.40219.1
Project("{FAE04EC0-301F-11D3-BF4B-00C04F79EFBC}") = "Minimum Distance Between Three Equal Elements II", "Minimum Distance Between Three Equal Elements II.csproj", "{06C7EF0B-662E-4F8F-8C5C-7A222E637131}"
EndProject
Global
	GlobalSection(SolutionConfigurationPlatforms) = preSolution
		Debug|Any CPU = Debug|Any CPU
		Release|Any CPU = Release|Any CPU
	EndGlobalSection
	GlobalSection(ProjectConfigurationPlatforms) = postSolution
		{06C7EF0B-662E-4F8F-8C5C-7A222E637131}.Debug|Any CPU.ActiveCfg = Debug|Any CPU
		{06C7EF0B-662E-4F8F-8C5C-7A222E637131}.Debug|Any CPU.Build.0 = Debug|Any CPU
		{06C7EF0B-662E-4F8F-8C5C-7A222E637131}.Release|Any CPU.ActiveCfg = Release|Any CPU
		{06C7EF0B-662E-4F8F-8C5C-7A222E637131}.Release|Any CPU.Build.0 = Release|Any CPU
	EndGlobalSection
	GlobalSection(SolutionProperties) = preSolution
		HideSolutionNode = FALSE
	EndGlobalSection
	GlobalSection(ExtensibilityGlobals) = postSolution
		SolutionGuid = {B5CB13F8-816A-4315-8DA0-AAA0150F2DA2}
	EndGlobalSection
EndGlobal
