
Microsoft Visual Studio Solution File, Format Version 12.00
# Visual Studio Version 17
VisualStudioVersion = 17.9.34723.18
MinimumVisualStudioVersion = 10.0.40219.1
Project("{FAE04EC0-301F-11D3-BF4B-00C04F79EFBC}") = "Count Odd Numbers in an Interval Range", "Count Odd Numbers in an Interval Range.csproj", "{DEEBEF73-D291-42D1-9C9B-EE52EBE4BF04}"
EndProject
Global
	GlobalSection(SolutionConfigurationPlatforms) = preSolution
		Debug|Any CPU = Debug|Any CPU
		Release|Any CPU = Release|Any CPU
	EndGlobalSection
	GlobalSection(ProjectConfigurationPlatforms) = postSolution
		{DEEBEF73-D291-42D1-9C9B-EE52EBE4BF04}.Debug|Any CPU.ActiveCfg = Debug|Any CPU
		{DEEBEF73-D291-42D1-9C9B-EE52EBE4BF04}.Debug|Any CPU.Build.0 = Debug|Any CPU
		{DEEBEF73-D291-42D1-9C9B-EE52EBE4BF04}.Release|Any CPU.ActiveCfg = Release|Any CPU
		{DEEBEF73-D291-42D1-9C9B-EE52EBE4BF04}.Release|Any CPU.Build.0 = Release|Any CPU
	EndGlobalSection
	GlobalSection(SolutionProperties) = preSolution
		HideSolutionNode = FALSE
	EndGlobalSection
	GlobalSection(ExtensibilityGlobals) = postSolution
		SolutionGuid = {C8E6DD12-2991-4FFD-8199-BC874B72CE08}
	EndGlobalSection
EndGlobal
