
Microsoft Visual Studio Solution File, Format Version 12.00
# Visual Studio Version 17
VisualStudioVersion = 17.14.37203.1 d17.14
MinimumVisualStudioVersion = 10.0.40219.1
Project("{FAE04EC0-301F-11D3-BF4B-00C04F79EFBC}") = "Count Commas in Range II", "Count Commas in Range II.csproj", "{8991D8EE-C4B2-461F-806A-79E4DBAAED78}"
EndProject
Global
	GlobalSection(SolutionConfigurationPlatforms) = preSolution
		Debug|Any CPU = Debug|Any CPU
		Release|Any CPU = Release|Any CPU
	EndGlobalSection
	GlobalSection(ProjectConfigurationPlatforms) = postSolution
		{8991D8EE-C4B2-461F-806A-79E4DBAAED78}.Debug|Any CPU.ActiveCfg = Debug|Any CPU
		{8991D8EE-C4B2-461F-806A-79E4DBAAED78}.Debug|Any CPU.Build.0 = Debug|Any CPU
		{8991D8EE-C4B2-461F-806A-79E4DBAAED78}.Release|Any CPU.ActiveCfg = Release|Any CPU
		{8991D8EE-C4B2-461F-806A-79E4DBAAED78}.Release|Any CPU.Build.0 = Release|Any CPU
	EndGlobalSection
	GlobalSection(SolutionProperties) = preSolution
		HideSolutionNode = FALSE
	EndGlobalSection
	GlobalSection(ExtensibilityGlobals) = postSolution
		SolutionGuid = {14F0364D-E34C-45F1-BC65-84F6F7B7C695}
	EndGlobalSection
EndGlobal
