
Microsoft Visual Studio Solution File, Format Version 12.00
# Visual Studio Version 17
VisualStudioVersion = 17.9.34723.18
MinimumVisualStudioVersion = 10.0.40219.1
Project("{FAE04EC0-301F-11D3-BF4B-00C04F79EFBC}") = "Recover a Tree From Preorder Traversal", "Recover a Tree From Preorder Traversal.csproj", "{D40E8293-49EF-44A1-89BF-687F091AEE01}"
EndProject
Global
	GlobalSection(SolutionConfigurationPlatforms) = preSolution
		Debug|Any CPU = Debug|Any CPU
		Release|Any CPU = Release|Any CPU
	EndGlobalSection
	GlobalSection(ProjectConfigurationPlatforms) = postSolution
		{D40E8293-49EF-44A1-89BF-687F091AEE01}.Debug|Any CPU.ActiveCfg = Debug|Any CPU
		{D40E8293-49EF-44A1-89BF-687F091AEE01}.Debug|Any CPU.Build.0 = Debug|Any CPU
		{D40E8293-49EF-44A1-89BF-687F091AEE01}.Release|Any CPU.ActiveCfg = Release|Any CPU
		{D40E8293-49EF-44A1-89BF-687F091AEE01}.Release|Any CPU.Build.0 = Release|Any CPU
	EndGlobalSection
	GlobalSection(SolutionProperties) = preSolution
		HideSolutionNode = FALSE
	EndGlobalSection
	GlobalSection(ExtensibilityGlobals) = postSolution
		SolutionGuid = {DAEB5BF6-29E9-4914-A433-C4AB6EB47BEF}
	EndGlobalSection
EndGlobal
