
Microsoft Visual Studio Solution File, Format Version 12.00
# Visual Studio Version 17
VisualStudioVersion = 17.14.37203.1 d17.14
MinimumVisualStudioVersion = 10.0.40219.1
Project("{FAE04EC0-301F-11D3-BF4B-00C04F79EFBC}") = "Maximum Score From Grid Operations", "Maximum Score From Grid Operations.csproj", "{B9B27172-63D3-40AD-B466-273F7270BDB0}"
EndProject
Global
	GlobalSection(SolutionConfigurationPlatforms) = preSolution
		Debug|Any CPU = Debug|Any CPU
		Release|Any CPU = Release|Any CPU
	EndGlobalSection
	GlobalSection(ProjectConfigurationPlatforms) = postSolution
		{B9B27172-63D3-40AD-B466-273F7270BDB0}.Debug|Any CPU.ActiveCfg = Debug|Any CPU
		{B9B27172-63D3-40AD-B466-273F7270BDB0}.Debug|Any CPU.Build.0 = Debug|Any CPU
		{B9B27172-63D3-40AD-B466-273F7270BDB0}.Release|Any CPU.ActiveCfg = Release|Any CPU
		{B9B27172-63D3-40AD-B466-273F7270BDB0}.Release|Any CPU.Build.0 = Release|Any CPU
	EndGlobalSection
	GlobalSection(SolutionProperties) = preSolution
		HideSolutionNode = FALSE
	EndGlobalSection
	GlobalSection(ExtensibilityGlobals) = postSolution
		SolutionGuid = {A14E19E6-D7B0-4F76-86CD-1215D442D1F2}
	EndGlobalSection
EndGlobal
