
Microsoft Visual Studio Solution File, Format Version 12.00
# Visual Studio Version 17
VisualStudioVersion = 17.9.34723.18
MinimumVisualStudioVersion = 10.0.40219.1
Project("{FAE04EC0-301F-11D3-BF4B-00C04F79EFBC}") = "N-Repeated Element in Size 2N Array", "N-Repeated Element in Size 2N Array.csproj", "{512557AF-5802-451D-BD20-698CF7C73FBA}"
EndProject
Global
	GlobalSection(SolutionConfigurationPlatforms) = preSolution
		Debug|Any CPU = Debug|Any CPU
		Release|Any CPU = Release|Any CPU
	EndGlobalSection
	GlobalSection(ProjectConfigurationPlatforms) = postSolution
		{512557AF-5802-451D-BD20-698CF7C73FBA}.Debug|Any CPU.ActiveCfg = Debug|Any CPU
		{512557AF-5802-451D-BD20-698CF7C73FBA}.Debug|Any CPU.Build.0 = Debug|Any CPU
		{512557AF-5802-451D-BD20-698CF7C73FBA}.Release|Any CPU.ActiveCfg = Release|Any CPU
		{512557AF-5802-451D-BD20-698CF7C73FBA}.Release|Any CPU.Build.0 = Release|Any CPU
	EndGlobalSection
	GlobalSection(SolutionProperties) = preSolution
		HideSolutionNode = FALSE
	EndGlobalSection
	GlobalSection(ExtensibilityGlobals) = postSolution
		SolutionGuid = {B6C3E12F-6832-49B3-9C3B-676399C23FA5}
	EndGlobalSection
EndGlobal
