
Microsoft Visual Studio Solution File, Format Version 12.00
# Visual Studio Version 17
VisualStudioVersion = 17.9.34723.18
MinimumVisualStudioVersion = 10.0.40219.1
Project("{FAE04EC0-301F-11D3-BF4B-00C04F79EFBC}") = "Smallest Integer Divisible by K", "Smallest Integer Divisible by K.csproj", "{24EEDF81-7744-48B0-916B-A7B0659C380E}"
EndProject
Global
	GlobalSection(SolutionConfigurationPlatforms) = preSolution
		Debug|Any CPU = Debug|Any CPU
		Release|Any CPU = Release|Any CPU
	EndGlobalSection
	GlobalSection(ProjectConfigurationPlatforms) = postSolution
		{24EEDF81-7744-48B0-916B-A7B0659C380E}.Debug|Any CPU.ActiveCfg = Debug|Any CPU
		{24EEDF81-7744-48B0-916B-A7B0659C380E}.Debug|Any CPU.Build.0 = Debug|Any CPU
		{24EEDF81-7744-48B0-916B-A7B0659C380E}.Release|Any CPU.ActiveCfg = Release|Any CPU
		{24EEDF81-7744-48B0-916B-A7B0659C380E}.Release|Any CPU.Build.0 = Release|Any CPU
	EndGlobalSection
	GlobalSection(SolutionProperties) = preSolution
		HideSolutionNode = FALSE
	EndGlobalSection
	GlobalSection(ExtensibilityGlobals) = postSolution
		SolutionGuid = {DE08C815-8043-4AB3-94D6-0EF3D3664982}
	EndGlobalSection
EndGlobal
