
Microsoft Visual Studio Solution File, Format Version 12.00
# Visual Studio Version 17
VisualStudioVersion = 17.14.37203.1 d17.14
MinimumVisualStudioVersion = 10.0.40219.1
Project("{FAE04EC0-301F-11D3-BF4B-00C04F79EFBC}") = "Total Waviness of Numbers in Range II", "Total Waviness of Numbers in Range II.csproj", "{29CE7089-A28A-4F0C-A882-C35D1FADCBAE}"
EndProject
Global
	GlobalSection(SolutionConfigurationPlatforms) = preSolution
		Debug|Any CPU = Debug|Any CPU
		Release|Any CPU = Release|Any CPU
	EndGlobalSection
	GlobalSection(ProjectConfigurationPlatforms) = postSolution
		{29CE7089-A28A-4F0C-A882-C35D1FADCBAE}.Debug|Any CPU.ActiveCfg = Debug|Any CPU
		{29CE7089-A28A-4F0C-A882-C35D1FADCBAE}.Debug|Any CPU.Build.0 = Debug|Any CPU
		{29CE7089-A28A-4F0C-A882-C35D1FADCBAE}.Release|Any CPU.ActiveCfg = Release|Any CPU
		{29CE7089-A28A-4F0C-A882-C35D1FADCBAE}.Release|Any CPU.Build.0 = Release|Any CPU
	EndGlobalSection
	GlobalSection(SolutionProperties) = preSolution
		HideSolutionNode = FALSE
	EndGlobalSection
	GlobalSection(ExtensibilityGlobals) = postSolution
		SolutionGuid = {2E7C86CC-44A8-4525-8077-B39B835F0A61}
	EndGlobalSection
EndGlobal
