
Microsoft Visual Studio Solution File, Format Version 12.00
# Visual Studio Version 17
VisualStudioVersion = 17.9.34723.18
MinimumVisualStudioVersion = 10.0.40219.1
Project("{FAE04EC0-301F-11D3-BF4B-00C04F79EFBC}") = "Sexagenary Cycle Calendar", "Sexagenary Cycle Calendar.csproj", "{E8C92769-F44D-45B2-BA23-69245005832E}"
EndProject
Global
	GlobalSection(SolutionConfigurationPlatforms) = preSolution
		Debug|Any CPU = Debug|Any CPU
		Release|Any CPU = Release|Any CPU
	EndGlobalSection
	GlobalSection(ProjectConfigurationPlatforms) = postSolution
		{E8C92769-F44D-45B2-BA23-69245005832E}.Debug|Any CPU.ActiveCfg = Debug|Any CPU
		{E8C92769-F44D-45B2-BA23-69245005832E}.Debug|Any CPU.Build.0 = Debug|Any CPU
		{E8C92769-F44D-45B2-BA23-69245005832E}.Release|Any CPU.ActiveCfg = Release|Any CPU
		{E8C92769-F44D-45B2-BA23-69245005832E}.Release|Any CPU.Build.0 = Release|Any CPU
	EndGlobalSection
	GlobalSection(SolutionProperties) = preSolution
		HideSolutionNode = FALSE
	EndGlobalSection
	GlobalSection(ExtensibilityGlobals) = postSolution
		SolutionGuid = {3D2BBE59-7BE5-43EA-AFAD-16B6AAA2D1A9}
	EndGlobalSection
EndGlobal
