
Microsoft Visual Studio Solution File, Format Version 12.00
# Visual Studio Version 17
VisualStudioVersion = 17.9.34723.18
MinimumVisualStudioVersion = 10.0.40219.1
Project("{FAE04EC0-301F-11D3-BF4B-00C04F79EFBC}") = "Power of Four", "Power of Four.csproj", "{430421AC-0245-42D7-87B4-CA5D6EA39E44}"
EndProject
Global
	GlobalSection(SolutionConfigurationPlatforms) = preSolution
		Debug|Any CPU = Debug|Any CPU
		Release|Any CPU = Release|Any CPU
	EndGlobalSection
	GlobalSection(ProjectConfigurationPlatforms) = postSolution
		{430421AC-0245-42D7-87B4-CA5D6EA39E44}.Debug|Any CPU.ActiveCfg = Debug|Any CPU
		{430421AC-0245-42D7-87B4-CA5D6EA39E44}.Debug|Any CPU.Build.0 = Debug|Any CPU
		{430421AC-0245-42D7-87B4-CA5D6EA39E44}.Release|Any CPU.ActiveCfg = Release|Any CPU
		{430421AC-0245-42D7-87B4-CA5D6EA39E44}.Release|Any CPU.Build.0 = Release|Any CPU
	EndGlobalSection
	GlobalSection(SolutionProperties) = preSolution
		HideSolutionNode = FALSE
	EndGlobalSection
	GlobalSection(ExtensibilityGlobals) = postSolution
		SolutionGuid = {5EB4EE67-977F-4101-A41E-34A1633E03BD}
	EndGlobalSection
EndGlobal
