
Microsoft Visual Studio Solution File, Format Version 12.00
# Visual Studio Version 17
VisualStudioVersion = 17.9.34723.18
MinimumVisualStudioVersion = 10.0.40219.1
Project("{FAE04EC0-301F-11D3-BF4B-00C04F79EFBC}") = "Trapping Rain Water II Verson 2", "Trapping Rain Water II Verson 2.csproj", "{D1AB1FCA-1EAC-479F-B3B0-BE53E01A2497}"
EndProject
Global
	GlobalSection(SolutionConfigurationPlatforms) = preSolution
		Debug|Any CPU = Debug|Any CPU
		Release|Any CPU = Release|Any CPU
	EndGlobalSection
	GlobalSection(ProjectConfigurationPlatforms) = postSolution
		{D1AB1FCA-1EAC-479F-B3B0-BE53E01A2497}.Debug|Any CPU.ActiveCfg = Debug|Any CPU
		{D1AB1FCA-1EAC-479F-B3B0-BE53E01A2497}.Debug|Any CPU.Build.0 = Debug|Any CPU
		{D1AB1FCA-1EAC-479F-B3B0-BE53E01A2497}.Release|Any CPU.ActiveCfg = Release|Any CPU
		{D1AB1FCA-1EAC-479F-B3B0-BE53E01A2497}.Release|Any CPU.Build.0 = Release|Any CPU
	EndGlobalSection
	GlobalSection(SolutionProperties) = preSolution
		HideSolutionNode = FALSE
	EndGlobalSection
	GlobalSection(ExtensibilityGlobals) = postSolution
		SolutionGuid = {1DB5A2D2-EB5B-425C-AC0A-94EF8C089824}
	EndGlobalSection
EndGlobal
