
Microsoft Visual Studio Solution File, Format Version 12.00
# Visual Studio Version 17
VisualStudioVersion = 17.9.34723.18
MinimumVisualStudioVersion = 10.0.40219.1
Project("{FAE04EC0-301F-11D3-BF4B-00C04F79EFBC}") = "Minimum One Bit Operations to Make Integers Zero", "Minimum One Bit Operations to Make Integers Zero.csproj", "{F3227DC2-0A25-4DC3-B1B8-79B409068927}"
EndProject
Global
	GlobalSection(SolutionConfigurationPlatforms) = preSolution
		Debug|Any CPU = Debug|Any CPU
		Release|Any CPU = Release|Any CPU
	EndGlobalSection
	GlobalSection(ProjectConfigurationPlatforms) = postSolution
		{F3227DC2-0A25-4DC3-B1B8-79B409068927}.Debug|Any CPU.ActiveCfg = Debug|Any CPU
		{F3227DC2-0A25-4DC3-B1B8-79B409068927}.Debug|Any CPU.Build.0 = Debug|Any CPU
		{F3227DC2-0A25-4DC3-B1B8-79B409068927}.Release|Any CPU.ActiveCfg = Release|Any CPU
		{F3227DC2-0A25-4DC3-B1B8-79B409068927}.Release|Any CPU.Build.0 = Release|Any CPU
	EndGlobalSection
	GlobalSection(SolutionProperties) = preSolution
		HideSolutionNode = FALSE
	EndGlobalSection
	GlobalSection(ExtensibilityGlobals) = postSolution
		SolutionGuid = {687E3AF9-C579-4B07-99D3-A37E822E9A86}
	EndGlobalSection
EndGlobal
