
Microsoft Visual Studio Solution File, Format Version 12.00
# Visual Studio Version 17
VisualStudioVersion = 17.9.34723.18
MinimumVisualStudioVersion = 10.0.40219.1
Project("{FAE04EC0-301F-11D3-BF4B-00C04F79EFBC}") = "Design a Food Rating System", "Design a Food Rating System.csproj", "{C955F85B-E334-43EB-AE34-AD4282836706}"
EndProject
Global
	GlobalSection(SolutionConfigurationPlatforms) = preSolution
		Debug|Any CPU = Debug|Any CPU
		Release|Any CPU = Release|Any CPU
	EndGlobalSection
	GlobalSection(ProjectConfigurationPlatforms) = postSolution
		{C955F85B-E334-43EB-AE34-AD4282836706}.Debug|Any CPU.ActiveCfg = Debug|Any CPU
		{C955F85B-E334-43EB-AE34-AD4282836706}.Debug|Any CPU.Build.0 = Debug|Any CPU
		{C955F85B-E334-43EB-AE34-AD4282836706}.Release|Any CPU.ActiveCfg = Release|Any CPU
		{C955F85B-E334-43EB-AE34-AD4282836706}.Release|Any CPU.Build.0 = Release|Any CPU
	EndGlobalSection
	GlobalSection(SolutionProperties) = preSolution
		HideSolutionNode = FALSE
	EndGlobalSection
	GlobalSection(ExtensibilityGlobals) = postSolution
		SolutionGuid = {6E4B40C4-C031-4633-B317-0D53FA1E0DAD}
	EndGlobalSection
EndGlobal
