
Microsoft Visual Studio Solution File, Format Version 12.00
# Visual Studio Version 17
VisualStudioVersion = 17.9.34723.18
MinimumVisualStudioVersion = 10.0.40219.1
Project("{FAE04EC0-301F-11D3-BF4B-00C04F79EFBC}") = "Minimum Operations to Make a Uni-Value Grid", "Minimum Operations to Make a Uni-Value Grid.csproj", "{27BF689C-0ED0-4294-8768-74A6EAE98805}"
EndProject
Global
	GlobalSection(SolutionConfigurationPlatforms) = preSolution
		Debug|Any CPU = Debug|Any CPU
		Release|Any CPU = Release|Any CPU
	EndGlobalSection
	GlobalSection(ProjectConfigurationPlatforms) = postSolution
		{27BF689C-0ED0-4294-8768-74A6EAE98805}.Debug|Any CPU.ActiveCfg = Debug|Any CPU
		{27BF689C-0ED0-4294-8768-74A6EAE98805}.Debug|Any CPU.Build.0 = Debug|Any CPU
		{27BF689C-0ED0-4294-8768-74A6EAE98805}.Release|Any CPU.ActiveCfg = Release|Any CPU
		{27BF689C-0ED0-4294-8768-74A6EAE98805}.Release|Any CPU.Build.0 = Release|Any CPU
	EndGlobalSection
	GlobalSection(SolutionProperties) = preSolution
		HideSolutionNode = FALSE
	EndGlobalSection
	GlobalSection(ExtensibilityGlobals) = postSolution
		SolutionGuid = {E711E906-96B8-4FCC-B780-87A59E7454BD}
	EndGlobalSection
EndGlobal
