
Microsoft Visual Studio Solution File, Format Version 12.00
# Visual Studio Version 17
VisualStudioVersion = 17.9.34723.18
MinimumVisualStudioVersion = 10.0.40219.1
Project("{FAE04EC0-301F-11D3-BF4B-00C04F79EFBC}") = "Maximum Running Time of N Computers", "Maximum Running Time of N Computers.csproj", "{216C4BB1-55A3-427B-A494-94FA1B12C1FC}"
EndProject
Global
	GlobalSection(SolutionConfigurationPlatforms) = preSolution
		Debug|Any CPU = Debug|Any CPU
		Release|Any CPU = Release|Any CPU
	EndGlobalSection
	GlobalSection(ProjectConfigurationPlatforms) = postSolution
		{216C4BB1-55A3-427B-A494-94FA1B12C1FC}.Debug|Any CPU.ActiveCfg = Debug|Any CPU
		{216C4BB1-55A3-427B-A494-94FA1B12C1FC}.Debug|Any CPU.Build.0 = Debug|Any CPU
		{216C4BB1-55A3-427B-A494-94FA1B12C1FC}.Release|Any CPU.ActiveCfg = Release|Any CPU
		{216C4BB1-55A3-427B-A494-94FA1B12C1FC}.Release|Any CPU.Build.0 = Release|Any CPU
	EndGlobalSection
	GlobalSection(SolutionProperties) = preSolution
		HideSolutionNode = FALSE
	EndGlobalSection
	GlobalSection(ExtensibilityGlobals) = postSolution
		SolutionGuid = {1A795CD3-2617-4576-BDD2-6B9C33F291E2}
	EndGlobalSection
EndGlobal
