
Microsoft Visual Studio Solution File, Format Version 12.00
# Visual Studio Version 17
VisualStudioVersion = 17.9.34723.18
MinimumVisualStudioVersion = 10.0.40219.1
Project("{FAE04EC0-301F-11D3-BF4B-00C04F79EFBC}") = "Domino and Tromino Tiling", "Domino and Tromino Tiling.csproj", "{702EE8C4-C7DA-4543-AEBF-6717EF09F0BD}"
EndProject
Global
	GlobalSection(SolutionConfigurationPlatforms) = preSolution
		Debug|Any CPU = Debug|Any CPU
		Release|Any CPU = Release|Any CPU
	EndGlobalSection
	GlobalSection(ProjectConfigurationPlatforms) = postSolution
		{702EE8C4-C7DA-4543-AEBF-6717EF09F0BD}.Debug|Any CPU.ActiveCfg = Debug|Any CPU
		{702EE8C4-C7DA-4543-AEBF-6717EF09F0BD}.Debug|Any CPU.Build.0 = Debug|Any CPU
		{702EE8C4-C7DA-4543-AEBF-6717EF09F0BD}.Release|Any CPU.ActiveCfg = Release|Any CPU
		{702EE8C4-C7DA-4543-AEBF-6717EF09F0BD}.Release|Any CPU.Build.0 = Release|Any CPU
	EndGlobalSection
	GlobalSection(SolutionProperties) = preSolution
		HideSolutionNode = FALSE
	EndGlobalSection
	GlobalSection(ExtensibilityGlobals) = postSolution
		SolutionGuid = {B95452FC-9439-4288-8C71-820165C480E6}
	EndGlobalSection
EndGlobal
