
Microsoft Visual Studio Solution File, Format Version 12.00
# Visual Studio Version 17
VisualStudioVersion = 17.9.34723.18
MinimumVisualStudioVersion = 10.0.40219.1
Project("{FAE04EC0-301F-11D3-BF4B-00C04F79EFBC}") = "Maximum Number of Fish in a Grid", "Maximum Number of Fish in a Grid.csproj", "{EDF02320-04A0-4EB7-803A-F73BDAB3C9B2}"
EndProject
Global
	GlobalSection(SolutionConfigurationPlatforms) = preSolution
		Debug|Any CPU = Debug|Any CPU
		Release|Any CPU = Release|Any CPU
	EndGlobalSection
	GlobalSection(ProjectConfigurationPlatforms) = postSolution
		{EDF02320-04A0-4EB7-803A-F73BDAB3C9B2}.Debug|Any CPU.ActiveCfg = Debug|Any CPU
		{EDF02320-04A0-4EB7-803A-F73BDAB3C9B2}.Debug|Any CPU.Build.0 = Debug|Any CPU
		{EDF02320-04A0-4EB7-803A-F73BDAB3C9B2}.Release|Any CPU.ActiveCfg = Release|Any CPU
		{EDF02320-04A0-4EB7-803A-F73BDAB3C9B2}.Release|Any CPU.Build.0 = Release|Any CPU
	EndGlobalSection
	GlobalSection(SolutionProperties) = preSolution
		HideSolutionNode = FALSE
	EndGlobalSection
	GlobalSection(ExtensibilityGlobals) = postSolution
		SolutionGuid = {20E68599-DE3A-42BB-8F4E-58073D07BCB8}
	EndGlobalSection
EndGlobal
