
Microsoft Visual Studio Solution File, Format Version 12.00
# Visual Studio Version 17
VisualStudioVersion = 17.9.34723.18
MinimumVisualStudioVersion = 10.0.40219.1
Project("{FAE04EC0-301F-11D3-BF4B-00C04F79EFBC}") = "Push Dominoes", "Push Dominoes.csproj", "{580FA102-9F24-48F3-9B77-32AE4246E931}"
EndProject
Global
	GlobalSection(SolutionConfigurationPlatforms) = preSolution
		Debug|Any CPU = Debug|Any CPU
		Release|Any CPU = Release|Any CPU
	EndGlobalSection
	GlobalSection(ProjectConfigurationPlatforms) = postSolution
		{580FA102-9F24-48F3-9B77-32AE4246E931}.Debug|Any CPU.ActiveCfg = Debug|Any CPU
		{580FA102-9F24-48F3-9B77-32AE4246E931}.Debug|Any CPU.Build.0 = Debug|Any CPU
		{580FA102-9F24-48F3-9B77-32AE4246E931}.Release|Any CPU.ActiveCfg = Release|Any CPU
		{580FA102-9F24-48F3-9B77-32AE4246E931}.Release|Any CPU.Build.0 = Release|Any CPU
	EndGlobalSection
	GlobalSection(SolutionProperties) = preSolution
		HideSolutionNode = FALSE
	EndGlobalSection
	GlobalSection(ExtensibilityGlobals) = postSolution
		SolutionGuid = {907D731E-8E25-485F-9950-E24AB1928EA6}
	EndGlobalSection
EndGlobal
