
Microsoft Visual Studio Solution File, Format Version 12.00
# Visual Studio Version 17
VisualStudioVersion = 17.9.34723.18
MinimumVisualStudioVersion = 10.0.40219.1
Project("{FAE04EC0-301F-11D3-BF4B-00C04F79EFBC}") = "Meeting Rooms III ver2", "Meeting Rooms III ver2.csproj", "{A3475F12-719E-4979-BBBC-AB19E2D94EEE}"
EndProject
Global
	GlobalSection(SolutionConfigurationPlatforms) = preSolution
		Debug|Any CPU = Debug|Any CPU
		Release|Any CPU = Release|Any CPU
	EndGlobalSection
	GlobalSection(ProjectConfigurationPlatforms) = postSolution
		{A3475F12-719E-4979-BBBC-AB19E2D94EEE}.Debug|Any CPU.ActiveCfg = Debug|Any CPU
		{A3475F12-719E-4979-BBBC-AB19E2D94EEE}.Debug|Any CPU.Build.0 = Debug|Any CPU
		{A3475F12-719E-4979-BBBC-AB19E2D94EEE}.Release|Any CPU.ActiveCfg = Release|Any CPU
		{A3475F12-719E-4979-BBBC-AB19E2D94EEE}.Release|Any CPU.Build.0 = Release|Any CPU
	EndGlobalSection
	GlobalSection(SolutionProperties) = preSolution
		HideSolutionNode = FALSE
	EndGlobalSection
	GlobalSection(ExtensibilityGlobals) = postSolution
		SolutionGuid = {0BDB141D-744F-4541-B4DE-BBFE2C77DFB6}
	EndGlobalSection
EndGlobal
