
Microsoft Visual Studio Solution File, Format Version 12.00
# Visual Studio Version 17
VisualStudioVersion = 17.9.34723.18
MinimumVisualStudioVersion = 10.0.40219.1
Project("{FAE04EC0-301F-11D3-BF4B-00C04F79EFBC}") = "Find the Maximum Number of Fruits Collected", "Find the Maximum Number of Fruits Collected.csproj", "{EF5E6564-E686-4E1D-AE11-F05383154D3D}"
EndProject
Global
	GlobalSection(SolutionConfigurationPlatforms) = preSolution
		Debug|Any CPU = Debug|Any CPU
		Release|Any CPU = Release|Any CPU
	EndGlobalSection
	GlobalSection(ProjectConfigurationPlatforms) = postSolution
		{EF5E6564-E686-4E1D-AE11-F05383154D3D}.Debug|Any CPU.ActiveCfg = Debug|Any CPU
		{EF5E6564-E686-4E1D-AE11-F05383154D3D}.Debug|Any CPU.Build.0 = Debug|Any CPU
		{EF5E6564-E686-4E1D-AE11-F05383154D3D}.Release|Any CPU.ActiveCfg = Release|Any CPU
		{EF5E6564-E686-4E1D-AE11-F05383154D3D}.Release|Any CPU.Build.0 = Release|Any CPU
	EndGlobalSection
	GlobalSection(SolutionProperties) = preSolution
		HideSolutionNode = FALSE
	EndGlobalSection
	GlobalSection(ExtensibilityGlobals) = postSolution
		SolutionGuid = {3F3893AE-879F-4096-8FAD-8C1AEF7E5D63}
	EndGlobalSection
EndGlobal
