
Microsoft Visual Studio Solution File, Format Version 12.00
# Visual Studio Version 17
VisualStudioVersion = 17.9.34723.18
MinimumVisualStudioVersion = 10.0.40219.1
Project("{FAE04EC0-301F-11D3-BF4B-00C04F79EFBC}") = "Maximum Matching of Players With Trainers", "Maximum Matching of Players With Trainers.csproj", "{1A7F1028-E8AD-4684-86A3-A5BFF4B9DA23}"
EndProject
Global
	GlobalSection(SolutionConfigurationPlatforms) = preSolution
		Debug|Any CPU = Debug|Any CPU
		Release|Any CPU = Release|Any CPU
	EndGlobalSection
	GlobalSection(ProjectConfigurationPlatforms) = postSolution
		{1A7F1028-E8AD-4684-86A3-A5BFF4B9DA23}.Debug|Any CPU.ActiveCfg = Debug|Any CPU
		{1A7F1028-E8AD-4684-86A3-A5BFF4B9DA23}.Debug|Any CPU.Build.0 = Debug|Any CPU
		{1A7F1028-E8AD-4684-86A3-A5BFF4B9DA23}.Release|Any CPU.ActiveCfg = Release|Any CPU
		{1A7F1028-E8AD-4684-86A3-A5BFF4B9DA23}.Release|Any CPU.Build.0 = Release|Any CPU
	EndGlobalSection
	GlobalSection(SolutionProperties) = preSolution
		HideSolutionNode = FALSE
	EndGlobalSection
	GlobalSection(ExtensibilityGlobals) = postSolution
		SolutionGuid = {23699F42-ED06-4A38-8948-578F4E01CD45}
	EndGlobalSection
EndGlobal
