
Microsoft Visual Studio Solution File, Format Version 12.00
# Visual Studio Version 17
VisualStudioVersion = 17.14.37203.1 d17.14
MinimumVisualStudioVersion = 10.0.40219.1
Project("{FAE04EC0-301F-11D3-BF4B-00C04F79EFBC}") = "Maximum Ice Cream Bars", "Maximum Ice Cream Bars.csproj", "{37B2F6A0-A745-4E58-A218-EE7B0C432F0E}"
EndProject
Global
	GlobalSection(SolutionConfigurationPlatforms) = preSolution
		Debug|Any CPU = Debug|Any CPU
		Release|Any CPU = Release|Any CPU
	EndGlobalSection
	GlobalSection(ProjectConfigurationPlatforms) = postSolution
		{37B2F6A0-A745-4E58-A218-EE7B0C432F0E}.Debug|Any CPU.ActiveCfg = Debug|Any CPU
		{37B2F6A0-A745-4E58-A218-EE7B0C432F0E}.Debug|Any CPU.Build.0 = Debug|Any CPU
		{37B2F6A0-A745-4E58-A218-EE7B0C432F0E}.Release|Any CPU.ActiveCfg = Release|Any CPU
		{37B2F6A0-A745-4E58-A218-EE7B0C432F0E}.Release|Any CPU.Build.0 = Release|Any CPU
	EndGlobalSection
	GlobalSection(SolutionProperties) = preSolution
		HideSolutionNode = FALSE
	EndGlobalSection
	GlobalSection(ExtensibilityGlobals) = postSolution
		SolutionGuid = {62691E8F-5677-4492-965B-7AAED5657BB3}
	EndGlobalSection
EndGlobal
