
Microsoft Visual Studio Solution File, Format Version 12.00
# Visual Studio Version 17
VisualStudioVersion = 17.9.34723.18
MinimumVisualStudioVersion = 10.0.40219.1
Project("{FAE04EC0-301F-11D3-BF4B-00C04F79EFBC}") = "Maximum Beauty of an Array After Applying Operation", "Maximum Beauty of an Array After Applying Operation.csproj", "{80CBA24E-E68F-4BA5-A950-76DDDC1A4FF4}"
EndProject
Global
	GlobalSection(SolutionConfigurationPlatforms) = preSolution
		Debug|Any CPU = Debug|Any CPU
		Release|Any CPU = Release|Any CPU
	EndGlobalSection
	GlobalSection(ProjectConfigurationPlatforms) = postSolution
		{80CBA24E-E68F-4BA5-A950-76DDDC1A4FF4}.Debug|Any CPU.ActiveCfg = Debug|Any CPU
		{80CBA24E-E68F-4BA5-A950-76DDDC1A4FF4}.Debug|Any CPU.Build.0 = Debug|Any CPU
		{80CBA24E-E68F-4BA5-A950-76DDDC1A4FF4}.Release|Any CPU.ActiveCfg = Release|Any CPU
		{80CBA24E-E68F-4BA5-A950-76DDDC1A4FF4}.Release|Any CPU.Build.0 = Release|Any CPU
	EndGlobalSection
	GlobalSection(SolutionProperties) = preSolution
		HideSolutionNode = FALSE
	EndGlobalSection
	GlobalSection(ExtensibilityGlobals) = postSolution
		SolutionGuid = {B888BFF7-B8F1-432C-B2F4-AC399290DE56}
	EndGlobalSection
EndGlobal
