
Microsoft Visual Studio Solution File, Format Version 12.00
# Visual Studio Version 17
VisualStudioVersion = 17.14.37203.1 d17.14
MinimumVisualStudioVersion = 10.0.40219.1
Project("{FAE04EC0-301F-11D3-BF4B-00C04F79EFBC}") = "Sum Game", "Sum Game.csproj", "{D4E60F00-89EA-4197-A569-BA55DF448280}"
EndProject
Global
	GlobalSection(SolutionConfigurationPlatforms) = preSolution
		Debug|Any CPU = Debug|Any CPU
		Release|Any CPU = Release|Any CPU
	EndGlobalSection
	GlobalSection(ProjectConfigurationPlatforms) = postSolution
		{D4E60F00-89EA-4197-A569-BA55DF448280}.Debug|Any CPU.ActiveCfg = Debug|Any CPU
		{D4E60F00-89EA-4197-A569-BA55DF448280}.Debug|Any CPU.Build.0 = Debug|Any CPU
		{D4E60F00-89EA-4197-A569-BA55DF448280}.Release|Any CPU.ActiveCfg = Release|Any CPU
		{D4E60F00-89EA-4197-A569-BA55DF448280}.Release|Any CPU.Build.0 = Release|Any CPU
	EndGlobalSection
	GlobalSection(SolutionProperties) = preSolution
		HideSolutionNode = FALSE
	EndGlobalSection
	GlobalSection(ExtensibilityGlobals) = postSolution
		SolutionGuid = {C7DD9B40-B7C2-4BE4-BCE5-14ECC57D1E77}
	EndGlobalSection
EndGlobal
