
Microsoft Visual Studio Solution File, Format Version 12.00
# Visual Studio Version 17
VisualStudioVersion = 17.9.34723.18
MinimumVisualStudioVersion = 10.0.40219.1
Project("{FAE04EC0-301F-11D3-BF4B-00C04F79EFBC}") = "Find the Lexicographically Largest String From the Box I", "Find the Lexicographically Largest String From the Box I.csproj", "{51A6FC36-3D69-459E-A558-7B6E2AE4967B}"
EndProject
Global
	GlobalSection(SolutionConfigurationPlatforms) = preSolution
		Debug|Any CPU = Debug|Any CPU
		Release|Any CPU = Release|Any CPU
	EndGlobalSection
	GlobalSection(ProjectConfigurationPlatforms) = postSolution
		{51A6FC36-3D69-459E-A558-7B6E2AE4967B}.Debug|Any CPU.ActiveCfg = Debug|Any CPU
		{51A6FC36-3D69-459E-A558-7B6E2AE4967B}.Debug|Any CPU.Build.0 = Debug|Any CPU
		{51A6FC36-3D69-459E-A558-7B6E2AE4967B}.Release|Any CPU.ActiveCfg = Release|Any CPU
		{51A6FC36-3D69-459E-A558-7B6E2AE4967B}.Release|Any CPU.Build.0 = Release|Any CPU
	EndGlobalSection
	GlobalSection(SolutionProperties) = preSolution
		HideSolutionNode = FALSE
	EndGlobalSection
	GlobalSection(ExtensibilityGlobals) = postSolution
		SolutionGuid = {3BEF1C91-81FC-4C08-9134-D7749473D1D8}
	EndGlobalSection
EndGlobal
