
Microsoft Visual Studio Solution File, Format Version 12.00
# Visual Studio Version 17
VisualStudioVersion = 17.9.34723.18
MinimumVisualStudioVersion = 10.0.40219.1
Project("{FAE04EC0-301F-11D3-BF4B-00C04F79EFBC}") = "Build Array from Permutation", "Build Array from Permutation.csproj", "{3D051DC8-2769-4D45-AFE5-423F29F3D7E6}"
EndProject
Global
	GlobalSection(SolutionConfigurationPlatforms) = preSolution
		Debug|Any CPU = Debug|Any CPU
		Release|Any CPU = Release|Any CPU
	EndGlobalSection
	GlobalSection(ProjectConfigurationPlatforms) = postSolution
		{3D051DC8-2769-4D45-AFE5-423F29F3D7E6}.Debug|Any CPU.ActiveCfg = Debug|Any CPU
		{3D051DC8-2769-4D45-AFE5-423F29F3D7E6}.Debug|Any CPU.Build.0 = Debug|Any CPU
		{3D051DC8-2769-4D45-AFE5-423F29F3D7E6}.Release|Any CPU.ActiveCfg = Release|Any CPU
		{3D051DC8-2769-4D45-AFE5-423F29F3D7E6}.Release|Any CPU.Build.0 = Release|Any CPU
	EndGlobalSection
	GlobalSection(SolutionProperties) = preSolution
		HideSolutionNode = FALSE
	EndGlobalSection
	GlobalSection(ExtensibilityGlobals) = postSolution
		SolutionGuid = {1FD34BB8-C4DE-4A80-AC5A-EFA20659E6B3}
	EndGlobalSection
EndGlobal
