
Microsoft Visual Studio Solution File, Format Version 12.00
# Visual Studio Version 17
VisualStudioVersion = 17.14.37203.1 d17.14
MinimumVisualStudioVersion = 10.0.40219.1
Project("{FAE04EC0-301F-11D3-BF4B-00C04F79EFBC}") = "Rotate Function", "Rotate Function.csproj", "{55F88209-2F6D-41D0-8C80-49B737C4E54D}"
EndProject
Global
	GlobalSection(SolutionConfigurationPlatforms) = preSolution
		Debug|Any CPU = Debug|Any CPU
		Release|Any CPU = Release|Any CPU
	EndGlobalSection
	GlobalSection(ProjectConfigurationPlatforms) = postSolution
		{55F88209-2F6D-41D0-8C80-49B737C4E54D}.Debug|Any CPU.ActiveCfg = Debug|Any CPU
		{55F88209-2F6D-41D0-8C80-49B737C4E54D}.Debug|Any CPU.Build.0 = Debug|Any CPU
		{55F88209-2F6D-41D0-8C80-49B737C4E54D}.Release|Any CPU.ActiveCfg = Release|Any CPU
		{55F88209-2F6D-41D0-8C80-49B737C4E54D}.Release|Any CPU.Build.0 = Release|Any CPU
	EndGlobalSection
	GlobalSection(SolutionProperties) = preSolution
		HideSolutionNode = FALSE
	EndGlobalSection
	GlobalSection(ExtensibilityGlobals) = postSolution
		SolutionGuid = {97B5FD3F-BE36-4258-A4E9-9CDE9A337AE2}
	EndGlobalSection
EndGlobal
