
Microsoft Visual Studio Solution File, Format Version 12.00
# Visual Studio Version 17
VisualStudioVersion = 17.14.37203.1 d17.14
MinimumVisualStudioVersion = 10.0.40219.1
Project("{FAE04EC0-301F-11D3-BF4B-00C04F79EFBC}") = "Count Subarrays With Majority Element I", "Count Subarrays With Majority Element I.csproj", "{4ACA2CEA-8B9D-4B1A-B9CF-C59943D64AD1}"
EndProject
Global
	GlobalSection(SolutionConfigurationPlatforms) = preSolution
		Debug|Any CPU = Debug|Any CPU
		Release|Any CPU = Release|Any CPU
	EndGlobalSection
	GlobalSection(ProjectConfigurationPlatforms) = postSolution
		{4ACA2CEA-8B9D-4B1A-B9CF-C59943D64AD1}.Debug|Any CPU.ActiveCfg = Debug|Any CPU
		{4ACA2CEA-8B9D-4B1A-B9CF-C59943D64AD1}.Debug|Any CPU.Build.0 = Debug|Any CPU
		{4ACA2CEA-8B9D-4B1A-B9CF-C59943D64AD1}.Release|Any CPU.ActiveCfg = Release|Any CPU
		{4ACA2CEA-8B9D-4B1A-B9CF-C59943D64AD1}.Release|Any CPU.Build.0 = Release|Any CPU
	EndGlobalSection
	GlobalSection(SolutionProperties) = preSolution
		HideSolutionNode = FALSE
	EndGlobalSection
	GlobalSection(ExtensibilityGlobals) = postSolution
		SolutionGuid = {FAAD8518-B75C-4C79-B01B-6A71346868B9}
	EndGlobalSection
EndGlobal
