
Microsoft Visual Studio Solution File, Format Version 12.00
# Visual Studio Version 17
VisualStudioVersion = 17.9.34723.18
MinimumVisualStudioVersion = 10.0.40219.1
Project("{FAE04EC0-301F-11D3-BF4B-00C04F79EFBC}") = "Count Complete Subarrays in an Array", "Count Complete Subarrays in an Array.csproj", "{3B8E468C-84B9-4F5B-A4B7-3A3A2F4AFAF0}"
EndProject
Global
	GlobalSection(SolutionConfigurationPlatforms) = preSolution
		Debug|Any CPU = Debug|Any CPU
		Release|Any CPU = Release|Any CPU
	EndGlobalSection
	GlobalSection(ProjectConfigurationPlatforms) = postSolution
		{3B8E468C-84B9-4F5B-A4B7-3A3A2F4AFAF0}.Debug|Any CPU.ActiveCfg = Debug|Any CPU
		{3B8E468C-84B9-4F5B-A4B7-3A3A2F4AFAF0}.Debug|Any CPU.Build.0 = Debug|Any CPU
		{3B8E468C-84B9-4F5B-A4B7-3A3A2F4AFAF0}.Release|Any CPU.ActiveCfg = Release|Any CPU
		{3B8E468C-84B9-4F5B-A4B7-3A3A2F4AFAF0}.Release|Any CPU.Build.0 = Release|Any CPU
	EndGlobalSection
	GlobalSection(SolutionProperties) = preSolution
		HideSolutionNode = FALSE
	EndGlobalSection
	GlobalSection(ExtensibilityGlobals) = postSolution
		SolutionGuid = {BF7E7073-D47D-4E2D-B9C0-AA217CAAA9FE}
	EndGlobalSection
EndGlobal
