
Microsoft Visual Studio Solution File, Format Version 12.00
# Visual Studio Version 17
VisualStudioVersion = 17.14.37203.1 d17.14
MinimumVisualStudioVersion = 10.0.40219.1
Project("{FAE04EC0-301F-11D3-BF4B-00C04F79EFBC}") = "Find Two Non-overlapping Sub-arrays Each With Target Sum", "Find Two Non-overlapping Sub-arrays Each With Target Sum.csproj", "{95C9D0A4-6B5C-4DBC-9617-13A5262F5263}"
EndProject
Global
	GlobalSection(SolutionConfigurationPlatforms) = preSolution
		Debug|Any CPU = Debug|Any CPU
		Release|Any CPU = Release|Any CPU
	EndGlobalSection
	GlobalSection(ProjectConfigurationPlatforms) = postSolution
		{95C9D0A4-6B5C-4DBC-9617-13A5262F5263}.Debug|Any CPU.ActiveCfg = Debug|Any CPU
		{95C9D0A4-6B5C-4DBC-9617-13A5262F5263}.Debug|Any CPU.Build.0 = Debug|Any CPU
		{95C9D0A4-6B5C-4DBC-9617-13A5262F5263}.Release|Any CPU.ActiveCfg = Release|Any CPU
		{95C9D0A4-6B5C-4DBC-9617-13A5262F5263}.Release|Any CPU.Build.0 = Release|Any CPU
	EndGlobalSection
	GlobalSection(SolutionProperties) = preSolution
		HideSolutionNode = FALSE
	EndGlobalSection
	GlobalSection(ExtensibilityGlobals) = postSolution
		SolutionGuid = {DC36400F-26D4-4250-A827-C81A3EC72A6B}
	EndGlobalSection
EndGlobal
