
Microsoft Visual Studio Solution File, Format Version 12.00
# Visual Studio Version 17
VisualStudioVersion = 17.9.34723.18
MinimumVisualStudioVersion = 10.0.40219.1
Project("{FAE04EC0-301F-11D3-BF4B-00C04F79EFBC}") = "Find Words Containing Character", "Find Words Containing Character.csproj", "{5180A5D3-B289-48D9-8206-363D89132CBB}"
EndProject
Global
	GlobalSection(SolutionConfigurationPlatforms) = preSolution
		Debug|Any CPU = Debug|Any CPU
		Release|Any CPU = Release|Any CPU
	EndGlobalSection
	GlobalSection(ProjectConfigurationPlatforms) = postSolution
		{5180A5D3-B289-48D9-8206-363D89132CBB}.Debug|Any CPU.ActiveCfg = Debug|Any CPU
		{5180A5D3-B289-48D9-8206-363D89132CBB}.Debug|Any CPU.Build.0 = Debug|Any CPU
		{5180A5D3-B289-48D9-8206-363D89132CBB}.Release|Any CPU.ActiveCfg = Release|Any CPU
		{5180A5D3-B289-48D9-8206-363D89132CBB}.Release|Any CPU.Build.0 = Release|Any CPU
	EndGlobalSection
	GlobalSection(SolutionProperties) = preSolution
		HideSolutionNode = FALSE
	EndGlobalSection
	GlobalSection(ExtensibilityGlobals) = postSolution
		SolutionGuid = {248336D3-0643-435E-95C9-07432D9FA0DC}
	EndGlobalSection
EndGlobal
