
Microsoft Visual Studio Solution File, Format Version 12.00
# Visual Studio Version 17
VisualStudioVersion = 17.9.34723.18
MinimumVisualStudioVersion = 10.0.40219.1
Project("{FAE04EC0-301F-11D3-BF4B-00C04F79EFBC}") = "Largest Magic Square", "Largest Magic Square.csproj", "{3658174B-E36B-4EED-A87D-7AB453BD5ADF}"
EndProject
Global
	GlobalSection(SolutionConfigurationPlatforms) = preSolution
		Debug|Any CPU = Debug|Any CPU
		Release|Any CPU = Release|Any CPU
	EndGlobalSection
	GlobalSection(ProjectConfigurationPlatforms) = postSolution
		{3658174B-E36B-4EED-A87D-7AB453BD5ADF}.Debug|Any CPU.ActiveCfg = Debug|Any CPU
		{3658174B-E36B-4EED-A87D-7AB453BD5ADF}.Debug|Any CPU.Build.0 = Debug|Any CPU
		{3658174B-E36B-4EED-A87D-7AB453BD5ADF}.Release|Any CPU.ActiveCfg = Release|Any CPU
		{3658174B-E36B-4EED-A87D-7AB453BD5ADF}.Release|Any CPU.Build.0 = Release|Any CPU
	EndGlobalSection
	GlobalSection(SolutionProperties) = preSolution
		HideSolutionNode = FALSE
	EndGlobalSection
	GlobalSection(ExtensibilityGlobals) = postSolution
		SolutionGuid = {CBEAF1CB-3B8C-4D92-BB2C-2E2C21557834}
	EndGlobalSection
EndGlobal
