
Microsoft Visual Studio Solution File, Format Version 12.00
# Visual Studio Version 17
VisualStudioVersion = 17.14.37203.1 d17.14
MinimumVisualStudioVersion = 10.0.40219.1
Project("{FAE04EC0-301F-11D3-BF4B-00C04F79EFBC}") = "Maximum Nesting Depth of Two Valid Parentheses Strings", "Maximum Nesting Depth of Two Valid Parentheses Strings.csproj", "{2D3D88BA-E74D-4BBD-844A-C65203E6776E}"
EndProject
Global
	GlobalSection(SolutionConfigurationPlatforms) = preSolution
		Debug|Any CPU = Debug|Any CPU
		Release|Any CPU = Release|Any CPU
	EndGlobalSection
	GlobalSection(ProjectConfigurationPlatforms) = postSolution
		{2D3D88BA-E74D-4BBD-844A-C65203E6776E}.Debug|Any CPU.ActiveCfg = Debug|Any CPU
		{2D3D88BA-E74D-4BBD-844A-C65203E6776E}.Debug|Any CPU.Build.0 = Debug|Any CPU
		{2D3D88BA-E74D-4BBD-844A-C65203E6776E}.Release|Any CPU.ActiveCfg = Release|Any CPU
		{2D3D88BA-E74D-4BBD-844A-C65203E6776E}.Release|Any CPU.Build.0 = Release|Any CPU
	EndGlobalSection
	GlobalSection(SolutionProperties) = preSolution
		HideSolutionNode = FALSE
	EndGlobalSection
	GlobalSection(ExtensibilityGlobals) = postSolution
		SolutionGuid = {B507A325-081C-4A32-87DC-E8323A854EDB}
	EndGlobalSection
EndGlobal
