
Microsoft Visual Studio Solution File, Format Version 12.00
# Visual Studio Version 17
VisualStudioVersion = 17.14.37203.1 d17.14
MinimumVisualStudioVersion = 10.0.40219.1
Project("{FAE04EC0-301F-11D3-BF4B-00C04F79EFBC}") = "Rank Transform of an Array", "Rank Transform of an Array.csproj", "{10E82E31-B857-4900-B365-6A9A2254EB89}"
EndProject
Global
	GlobalSection(SolutionConfigurationPlatforms) = preSolution
		Debug|Any CPU = Debug|Any CPU
		Release|Any CPU = Release|Any CPU
	EndGlobalSection
	GlobalSection(ProjectConfigurationPlatforms) = postSolution
		{10E82E31-B857-4900-B365-6A9A2254EB89}.Debug|Any CPU.ActiveCfg = Debug|Any CPU
		{10E82E31-B857-4900-B365-6A9A2254EB89}.Debug|Any CPU.Build.0 = Debug|Any CPU
		{10E82E31-B857-4900-B365-6A9A2254EB89}.Release|Any CPU.ActiveCfg = Release|Any CPU
		{10E82E31-B857-4900-B365-6A9A2254EB89}.Release|Any CPU.Build.0 = Release|Any CPU
	EndGlobalSection
	GlobalSection(SolutionProperties) = preSolution
		HideSolutionNode = FALSE
	EndGlobalSection
	GlobalSection(ExtensibilityGlobals) = postSolution
		SolutionGuid = {3C17CB8F-24B5-4F59-9389-C27F119B5FD4}
	EndGlobalSection
EndGlobal
