
Microsoft Visual Studio Solution File, Format Version 12.00
# Visual Studio Version 17
VisualStudioVersion = 17.9.34723.18
MinimumVisualStudioVersion = 10.0.40219.1
Project("{FAE04EC0-301F-11D3-BF4B-00C04F79EFBC}") = "Special Array II", "Special Array II.csproj", "{12A99AD3-7E48-4098-A149-D305E1EAF81E}"
EndProject
Global
	GlobalSection(SolutionConfigurationPlatforms) = preSolution
		Debug|Any CPU = Debug|Any CPU
		Release|Any CPU = Release|Any CPU
	EndGlobalSection
	GlobalSection(ProjectConfigurationPlatforms) = postSolution
		{12A99AD3-7E48-4098-A149-D305E1EAF81E}.Debug|Any CPU.ActiveCfg = Debug|Any CPU
		{12A99AD3-7E48-4098-A149-D305E1EAF81E}.Debug|Any CPU.Build.0 = Debug|Any CPU
		{12A99AD3-7E48-4098-A149-D305E1EAF81E}.Release|Any CPU.ActiveCfg = Release|Any CPU
		{12A99AD3-7E48-4098-A149-D305E1EAF81E}.Release|Any CPU.Build.0 = Release|Any CPU
	EndGlobalSection
	GlobalSection(SolutionProperties) = preSolution
		HideSolutionNode = FALSE
	EndGlobalSection
	GlobalSection(ExtensibilityGlobals) = postSolution
		SolutionGuid = {3CABEDC7-63F1-4093-BC69-3107D503DE3B}
	EndGlobalSection
EndGlobal
