
Microsoft Visual Studio Solution File, Format Version 12.00
# Visual Studio Version 17
VisualStudioVersion = 17.9.34723.18
MinimumVisualStudioVersion = 10.0.40219.1
Project("{FAE04EC0-301F-11D3-BF4B-00C04F79EFBC}") = "Partition Array Such That Maximum Difference Is K", "Partition Array Such That Maximum Difference Is K.csproj", "{2B9672B2-1711-4F0E-8A70-C084B3D352D1}"
EndProject
Global
	GlobalSection(SolutionConfigurationPlatforms) = preSolution
		Debug|Any CPU = Debug|Any CPU
		Release|Any CPU = Release|Any CPU
	EndGlobalSection
	GlobalSection(ProjectConfigurationPlatforms) = postSolution
		{2B9672B2-1711-4F0E-8A70-C084B3D352D1}.Debug|Any CPU.ActiveCfg = Debug|Any CPU
		{2B9672B2-1711-4F0E-8A70-C084B3D352D1}.Debug|Any CPU.Build.0 = Debug|Any CPU
		{2B9672B2-1711-4F0E-8A70-C084B3D352D1}.Release|Any CPU.ActiveCfg = Release|Any CPU
		{2B9672B2-1711-4F0E-8A70-C084B3D352D1}.Release|Any CPU.Build.0 = Release|Any CPU
	EndGlobalSection
	GlobalSection(SolutionProperties) = preSolution
		HideSolutionNode = FALSE
	EndGlobalSection
	GlobalSection(ExtensibilityGlobals) = postSolution
		SolutionGuid = {FDEC7136-175E-43D2-8704-B6F45DF14C73}
	EndGlobalSection
EndGlobal
