
Microsoft Visual Studio Solution File, Format Version 12.00
# Visual Studio Version 17
VisualStudioVersion = 17.9.34723.18
MinimumVisualStudioVersion = 10.0.40219.1
Project("{FAE04EC0-301F-11D3-BF4B-00C04F79EFBC}") = "Smallest Subarrays With Maximum Bitwise OR", "Smallest Subarrays With Maximum Bitwise OR.csproj", "{0A66D1CD-74C0-48D7-A768-E891870FE436}"
EndProject
Global
	GlobalSection(SolutionConfigurationPlatforms) = preSolution
		Debug|Any CPU = Debug|Any CPU
		Release|Any CPU = Release|Any CPU
	EndGlobalSection
	GlobalSection(ProjectConfigurationPlatforms) = postSolution
		{0A66D1CD-74C0-48D7-A768-E891870FE436}.Debug|Any CPU.ActiveCfg = Debug|Any CPU
		{0A66D1CD-74C0-48D7-A768-E891870FE436}.Debug|Any CPU.Build.0 = Debug|Any CPU
		{0A66D1CD-74C0-48D7-A768-E891870FE436}.Release|Any CPU.ActiveCfg = Release|Any CPU
		{0A66D1CD-74C0-48D7-A768-E891870FE436}.Release|Any CPU.Build.0 = Release|Any CPU
	EndGlobalSection
	GlobalSection(SolutionProperties) = preSolution
		HideSolutionNode = FALSE
	EndGlobalSection
	GlobalSection(ExtensibilityGlobals) = postSolution
		SolutionGuid = {91574E1A-5153-41CB-A07D-DE91AF39F794}
	EndGlobalSection
EndGlobal
