
Microsoft Visual Studio Solution File, Format Version 12.00
# Visual Studio Version 17
VisualStudioVersion = 17.9.34723.18
MinimumVisualStudioVersion = 10.0.40219.1
Project("{FAE04EC0-301F-11D3-BF4B-00C04F79EFBC}") = "Count Largest Group", "Count Largest Group.csproj", "{1571958A-56ED-4A1A-A205-381FF3B11EB4}"
EndProject
Global
	GlobalSection(SolutionConfigurationPlatforms) = preSolution
		Debug|Any CPU = Debug|Any CPU
		Release|Any CPU = Release|Any CPU
	EndGlobalSection
	GlobalSection(ProjectConfigurationPlatforms) = postSolution
		{1571958A-56ED-4A1A-A205-381FF3B11EB4}.Debug|Any CPU.ActiveCfg = Debug|Any CPU
		{1571958A-56ED-4A1A-A205-381FF3B11EB4}.Debug|Any CPU.Build.0 = Debug|Any CPU
		{1571958A-56ED-4A1A-A205-381FF3B11EB4}.Release|Any CPU.ActiveCfg = Release|Any CPU
		{1571958A-56ED-4A1A-A205-381FF3B11EB4}.Release|Any CPU.Build.0 = Release|Any CPU
	EndGlobalSection
	GlobalSection(SolutionProperties) = preSolution
		HideSolutionNode = FALSE
	EndGlobalSection
	GlobalSection(ExtensibilityGlobals) = postSolution
		SolutionGuid = {18E057CD-B5D6-423E-BC89-41CB243D4EF8}
	EndGlobalSection
EndGlobal
