
Microsoft Visual Studio Solution File, Format Version 12.00
# Visual Studio Version 17
VisualStudioVersion = 17.9.34723.18
MinimumVisualStudioVersion = 10.0.40219.1
Project("{FAE04EC0-301F-11D3-BF4B-00C04F79EFBC}") = "K-th Smallest in Lexicographical Order", "K-th Smallest in Lexicographical Order.csproj", "{455C20FD-7A30-4AE2-B48B-41311B7825CF}"
EndProject
Global
	GlobalSection(SolutionConfigurationPlatforms) = preSolution
		Debug|Any CPU = Debug|Any CPU
		Release|Any CPU = Release|Any CPU
	EndGlobalSection
	GlobalSection(ProjectConfigurationPlatforms) = postSolution
		{455C20FD-7A30-4AE2-B48B-41311B7825CF}.Debug|Any CPU.ActiveCfg = Debug|Any CPU
		{455C20FD-7A30-4AE2-B48B-41311B7825CF}.Debug|Any CPU.Build.0 = Debug|Any CPU
		{455C20FD-7A30-4AE2-B48B-41311B7825CF}.Release|Any CPU.ActiveCfg = Release|Any CPU
		{455C20FD-7A30-4AE2-B48B-41311B7825CF}.Release|Any CPU.Build.0 = Release|Any CPU
	EndGlobalSection
	GlobalSection(SolutionProperties) = preSolution
		HideSolutionNode = FALSE
	EndGlobalSection
	GlobalSection(ExtensibilityGlobals) = postSolution
		SolutionGuid = {90AE81B1-E185-419C-9DF9-E9AC81711E27}
	EndGlobalSection
EndGlobal
