
Microsoft Visual Studio Solution File, Format Version 12.00
# Visual Studio Version 17
VisualStudioVersion = 17.14.37203.1 d17.14
MinimumVisualStudioVersion = 10.0.40219.1
Project("{FAE04EC0-301F-11D3-BF4B-00C04F79EFBC}") = "Find X Value of Array II", "Find X Value of Array II.csproj", "{03B29A11-0983-4E49-83D3-D6C1E7A558AD}"
EndProject
Global
	GlobalSection(SolutionConfigurationPlatforms) = preSolution
		Debug|Any CPU = Debug|Any CPU
		Release|Any CPU = Release|Any CPU
	EndGlobalSection
	GlobalSection(ProjectConfigurationPlatforms) = postSolution
		{03B29A11-0983-4E49-83D3-D6C1E7A558AD}.Debug|Any CPU.ActiveCfg = Debug|Any CPU
		{03B29A11-0983-4E49-83D3-D6C1E7A558AD}.Debug|Any CPU.Build.0 = Debug|Any CPU
		{03B29A11-0983-4E49-83D3-D6C1E7A558AD}.Release|Any CPU.ActiveCfg = Release|Any CPU
		{03B29A11-0983-4E49-83D3-D6C1E7A558AD}.Release|Any CPU.Build.0 = Release|Any CPU
	EndGlobalSection
	GlobalSection(SolutionProperties) = preSolution
		HideSolutionNode = FALSE
	EndGlobalSection
	GlobalSection(ExtensibilityGlobals) = postSolution
		SolutionGuid = {5933F358-E4F9-4031-9ECD-C74B3E616C5A}
	EndGlobalSection
EndGlobal
