
Microsoft Visual Studio Solution File, Format Version 12.00
# Visual Studio Version 17
VisualStudioVersion = 17.9.34723.18
MinimumVisualStudioVersion = 10.0.40219.1
Project("{FAE04EC0-301F-11D3-BF4B-00C04F79EFBC}") = "Find the Maximum Length of Valid Subsequence II", "Find the Maximum Length of Valid Subsequence II.csproj", "{1DB2E174-A478-4B18-914D-41FF33229326}"
EndProject
Global
	GlobalSection(SolutionConfigurationPlatforms) = preSolution
		Debug|Any CPU = Debug|Any CPU
		Release|Any CPU = Release|Any CPU
	EndGlobalSection
	GlobalSection(ProjectConfigurationPlatforms) = postSolution
		{1DB2E174-A478-4B18-914D-41FF33229326}.Debug|Any CPU.ActiveCfg = Debug|Any CPU
		{1DB2E174-A478-4B18-914D-41FF33229326}.Debug|Any CPU.Build.0 = Debug|Any CPU
		{1DB2E174-A478-4B18-914D-41FF33229326}.Release|Any CPU.ActiveCfg = Release|Any CPU
		{1DB2E174-A478-4B18-914D-41FF33229326}.Release|Any CPU.Build.0 = Release|Any CPU
	EndGlobalSection
	GlobalSection(SolutionProperties) = preSolution
		HideSolutionNode = FALSE
	EndGlobalSection
	GlobalSection(ExtensibilityGlobals) = postSolution
		SolutionGuid = {AD11DD47-575A-4E45-A593-B14FD00F8373}
	EndGlobalSection
EndGlobal
