
Microsoft Visual Studio Solution File, Format Version 12.00
# Visual Studio Version 17
VisualStudioVersion = 17.14.37203.1 d17.14
MinimumVisualStudioVersion = 10.0.40219.1
Project("{FAE04EC0-301F-11D3-BF4B-00C04F79EFBC}") = "Count the Number of Complete Components verson 2", "Count the Number of Complete Components verson 2.csproj", "{1E2B3572-F913-4F47-B6B4-CE8363F03B51}"
EndProject
Global
	GlobalSection(SolutionConfigurationPlatforms) = preSolution
		Debug|Any CPU = Debug|Any CPU
		Release|Any CPU = Release|Any CPU
	EndGlobalSection
	GlobalSection(ProjectConfigurationPlatforms) = postSolution
		{1E2B3572-F913-4F47-B6B4-CE8363F03B51}.Debug|Any CPU.ActiveCfg = Debug|Any CPU
		{1E2B3572-F913-4F47-B6B4-CE8363F03B51}.Debug|Any CPU.Build.0 = Debug|Any CPU
		{1E2B3572-F913-4F47-B6B4-CE8363F03B51}.Release|Any CPU.ActiveCfg = Release|Any CPU
		{1E2B3572-F913-4F47-B6B4-CE8363F03B51}.Release|Any CPU.Build.0 = Release|Any CPU
	EndGlobalSection
	GlobalSection(SolutionProperties) = preSolution
		HideSolutionNode = FALSE
	EndGlobalSection
	GlobalSection(ExtensibilityGlobals) = postSolution
		SolutionGuid = {7CA3AB60-32CF-4CC9-972D-2EBA41A6682E}
	EndGlobalSection
EndGlobal
