
Microsoft Visual Studio Solution File, Format Version 12.00
# Visual Studio Version 17
VisualStudioVersion = 17.14.37203.1 d17.14
MinimumVisualStudioVersion = 10.0.40219.1
Project("{FAE04EC0-301F-11D3-BF4B-00C04F79EFBC}") = "Concatenate Non-Zero Digits and Multiply by Sum II", "Concatenate Non-Zero Digits and Multiply by Sum II.csproj", "{8779AD2D-C926-42FF-8657-9EA6A84833B0}"
EndProject
Global
	GlobalSection(SolutionConfigurationPlatforms) = preSolution
		Debug|Any CPU = Debug|Any CPU
		Release|Any CPU = Release|Any CPU
	EndGlobalSection
	GlobalSection(ProjectConfigurationPlatforms) = postSolution
		{8779AD2D-C926-42FF-8657-9EA6A84833B0}.Debug|Any CPU.ActiveCfg = Debug|Any CPU
		{8779AD2D-C926-42FF-8657-9EA6A84833B0}.Debug|Any CPU.Build.0 = Debug|Any CPU
		{8779AD2D-C926-42FF-8657-9EA6A84833B0}.Release|Any CPU.ActiveCfg = Release|Any CPU
		{8779AD2D-C926-42FF-8657-9EA6A84833B0}.Release|Any CPU.Build.0 = Release|Any CPU
	EndGlobalSection
	GlobalSection(SolutionProperties) = preSolution
		HideSolutionNode = FALSE
	EndGlobalSection
	GlobalSection(ExtensibilityGlobals) = postSolution
		SolutionGuid = {B77C5E52-2E75-42D1-9223-603C92096A17}
	EndGlobalSection
EndGlobal
