
Microsoft Visual Studio Solution File, Format Version 12.00
# Visual Studio Version 17
VisualStudioVersion = 17.9.34723.18
MinimumVisualStudioVersion = 10.0.40219.1
Project("{FAE04EC0-301F-11D3-BF4B-00C04F79EFBC}") = "Check If Digits Are Equal in String After Operations I", "Check If Digits Are Equal in String After Operations I.csproj", "{08471213-01C9-4B09-93E7-630A20980823}"
EndProject
Global
	GlobalSection(SolutionConfigurationPlatforms) = preSolution
		Debug|Any CPU = Debug|Any CPU
		Release|Any CPU = Release|Any CPU
	EndGlobalSection
	GlobalSection(ProjectConfigurationPlatforms) = postSolution
		{08471213-01C9-4B09-93E7-630A20980823}.Debug|Any CPU.ActiveCfg = Debug|Any CPU
		{08471213-01C9-4B09-93E7-630A20980823}.Debug|Any CPU.Build.0 = Debug|Any CPU
		{08471213-01C9-4B09-93E7-630A20980823}.Release|Any CPU.ActiveCfg = Release|Any CPU
		{08471213-01C9-4B09-93E7-630A20980823}.Release|Any CPU.Build.0 = Release|Any CPU
	EndGlobalSection
	GlobalSection(SolutionProperties) = preSolution
		HideSolutionNode = FALSE
	EndGlobalSection
	GlobalSection(ExtensibilityGlobals) = postSolution
		SolutionGuid = {E6BB3D57-2060-49C6-9FD7-22EAE577C0FD}
	EndGlobalSection
EndGlobal
