
Microsoft Visual Studio Solution File, Format Version 12.00
# Visual Studio Version 17
VisualStudioVersion = 17.14.37203.1 d17.14
MinimumVisualStudioVersion = 10.0.40219.1
Project("{FAE04EC0-301F-11D3-BF4B-00C04F79EFBC}") = "Number of ZigZag Arrays I", "Number of ZigZag Arrays I.csproj", "{DD897A76-2D1B-4150-84F9-FFA6A54D2085}"
EndProject
Global
	GlobalSection(SolutionConfigurationPlatforms) = preSolution
		Debug|Any CPU = Debug|Any CPU
		Release|Any CPU = Release|Any CPU
	EndGlobalSection
	GlobalSection(ProjectConfigurationPlatforms) = postSolution
		{DD897A76-2D1B-4150-84F9-FFA6A54D2085}.Debug|Any CPU.ActiveCfg = Debug|Any CPU
		{DD897A76-2D1B-4150-84F9-FFA6A54D2085}.Debug|Any CPU.Build.0 = Debug|Any CPU
		{DD897A76-2D1B-4150-84F9-FFA6A54D2085}.Release|Any CPU.ActiveCfg = Release|Any CPU
		{DD897A76-2D1B-4150-84F9-FFA6A54D2085}.Release|Any CPU.Build.0 = Release|Any CPU
	EndGlobalSection
	GlobalSection(SolutionProperties) = preSolution
		HideSolutionNode = FALSE
	EndGlobalSection
	GlobalSection(ExtensibilityGlobals) = postSolution
		SolutionGuid = {2ACF1189-0B8B-420A-B0FC-3B9D1AE07CEB}
	EndGlobalSection
EndGlobal
