
Microsoft Visual Studio Solution File, Format Version 12.00
# Visual Studio Version 17
VisualStudioVersion = 17.9.34723.18
MinimumVisualStudioVersion = 10.0.40219.1
Project("{FAE04EC0-301F-11D3-BF4B-00C04F79EFBC}") = "Trapping Rain Water II", "Trapping Rain Water II.csproj", "{CF00AC88-9DBE-4670-B68D-4172CB9AA95D}"
EndProject
Global
	GlobalSection(SolutionConfigurationPlatforms) = preSolution
		Debug|Any CPU = Debug|Any CPU
		Release|Any CPU = Release|Any CPU
	EndGlobalSection
	GlobalSection(ProjectConfigurationPlatforms) = postSolution
		{CF00AC88-9DBE-4670-B68D-4172CB9AA95D}.Debug|Any CPU.ActiveCfg = Debug|Any CPU
		{CF00AC88-9DBE-4670-B68D-4172CB9AA95D}.Debug|Any CPU.Build.0 = Debug|Any CPU
		{CF00AC88-9DBE-4670-B68D-4172CB9AA95D}.Release|Any CPU.ActiveCfg = Release|Any CPU
		{CF00AC88-9DBE-4670-B68D-4172CB9AA95D}.Release|Any CPU.Build.0 = Release|Any CPU
	EndGlobalSection
	GlobalSection(SolutionProperties) = preSolution
		HideSolutionNode = FALSE
	EndGlobalSection
	GlobalSection(ExtensibilityGlobals) = postSolution
		SolutionGuid = {F7BADD1B-A2BE-4581-A0FD-78E9B21A921B}
	EndGlobalSection
EndGlobal
