
Microsoft Visual Studio Solution File, Format Version 12.00
# Visual Studio Version 17
VisualStudioVersion = 17.9.34723.18
MinimumVisualStudioVersion = 10.0.40219.1
Project("{FAE04EC0-301F-11D3-BF4B-00C04F79EFBC}") = "Valid Arrangement of Pairs", "Valid Arrangement of Pairs.csproj", "{E7BD4437-908D-4F09-8ACD-510BF703D3F2}"
EndProject
Global
	GlobalSection(SolutionConfigurationPlatforms) = preSolution
		Debug|Any CPU = Debug|Any CPU
		Release|Any CPU = Release|Any CPU
	EndGlobalSection
	GlobalSection(ProjectConfigurationPlatforms) = postSolution
		{E7BD4437-908D-4F09-8ACD-510BF703D3F2}.Debug|Any CPU.ActiveCfg = Debug|Any CPU
		{E7BD4437-908D-4F09-8ACD-510BF703D3F2}.Debug|Any CPU.Build.0 = Debug|Any CPU
		{E7BD4437-908D-4F09-8ACD-510BF703D3F2}.Release|Any CPU.ActiveCfg = Release|Any CPU
		{E7BD4437-908D-4F09-8ACD-510BF703D3F2}.Release|Any CPU.Build.0 = Release|Any CPU
	EndGlobalSection
	GlobalSection(SolutionProperties) = preSolution
		HideSolutionNode = FALSE
	EndGlobalSection
	GlobalSection(ExtensibilityGlobals) = postSolution
		SolutionGuid = {9398D00F-A2AE-466F-8B99-89DF0C9ACE08}
	EndGlobalSection
EndGlobal
