
Microsoft Visual Studio Solution File, Format Version 12.00
# Visual Studio Version 17
VisualStudioVersion = 17.9.34723.18
MinimumVisualStudioVersion = 10.0.40219.1
Project("{FAE04EC0-301F-11D3-BF4B-00C04F79EFBC}") = "Maximum Side Length of a Square with Sum Less than or Equal to Threshold", "Maximum Side Length of a Square with Sum Less than or Equal to Threshold.csproj", "{B040F5BC-FDD2-44E5-A0F0-960417AE7AD9}"
EndProject
Global
	GlobalSection(SolutionConfigurationPlatforms) = preSolution
		Debug|Any CPU = Debug|Any CPU
		Release|Any CPU = Release|Any CPU
	EndGlobalSection
	GlobalSection(ProjectConfigurationPlatforms) = postSolution
		{B040F5BC-FDD2-44E5-A0F0-960417AE7AD9}.Debug|Any CPU.ActiveCfg = Debug|Any CPU
		{B040F5BC-FDD2-44E5-A0F0-960417AE7AD9}.Debug|Any CPU.Build.0 = Debug|Any CPU
		{B040F5BC-FDD2-44E5-A0F0-960417AE7AD9}.Release|Any CPU.ActiveCfg = Release|Any CPU
		{B040F5BC-FDD2-44E5-A0F0-960417AE7AD9}.Release|Any CPU.Build.0 = Release|Any CPU
	EndGlobalSection
	GlobalSection(SolutionProperties) = preSolution
		HideSolutionNode = FALSE
	EndGlobalSection
	GlobalSection(ExtensibilityGlobals) = postSolution
		SolutionGuid = {737E35CD-171C-431A-B1DE-2BA4360637B1}
	EndGlobalSection
EndGlobal
