
Microsoft Visual Studio Solution File, Format Version 12.00
# Visual Studio Version 17
VisualStudioVersion = 17.9.34723.18
MinimumVisualStudioVersion = 10.0.40219.1
Project("{FAE04EC0-301F-11D3-BF4B-00C04F79EFBC}") = "Count Total Number of Colored Cells", "Count Total Number of Colored Cells.csproj", "{39DC7ED2-8480-42E5-901C-494CDEEEB342}"
EndProject
Global
	GlobalSection(SolutionConfigurationPlatforms) = preSolution
		Debug|Any CPU = Debug|Any CPU
		Release|Any CPU = Release|Any CPU
	EndGlobalSection
	GlobalSection(ProjectConfigurationPlatforms) = postSolution
		{39DC7ED2-8480-42E5-901C-494CDEEEB342}.Debug|Any CPU.ActiveCfg = Debug|Any CPU
		{39DC7ED2-8480-42E5-901C-494CDEEEB342}.Debug|Any CPU.Build.0 = Debug|Any CPU
		{39DC7ED2-8480-42E5-901C-494CDEEEB342}.Release|Any CPU.ActiveCfg = Release|Any CPU
		{39DC7ED2-8480-42E5-901C-494CDEEEB342}.Release|Any CPU.Build.0 = Release|Any CPU
	EndGlobalSection
	GlobalSection(SolutionProperties) = preSolution
		HideSolutionNode = FALSE
	EndGlobalSection
	GlobalSection(ExtensibilityGlobals) = postSolution
		SolutionGuid = {8E214DAE-9712-40E7-901A-432394728761}
	EndGlobalSection
EndGlobal
