
Microsoft Visual Studio Solution File, Format Version 12.00
# Visual Studio Version 17
VisualStudioVersion = 17.9.34723.18
MinimumVisualStudioVersion = 10.0.40219.1
Project("{FAE04EC0-301F-11D3-BF4B-00C04F79EFBC}") = "Alice and Bob Playing Flower Game", "Alice and Bob Playing Flower Game.csproj", "{C6369070-8784-4878-B1BA-B2D9CCD0E120}"
EndProject
Global
	GlobalSection(SolutionConfigurationPlatforms) = preSolution
		Debug|Any CPU = Debug|Any CPU
		Release|Any CPU = Release|Any CPU
	EndGlobalSection
	GlobalSection(ProjectConfigurationPlatforms) = postSolution
		{C6369070-8784-4878-B1BA-B2D9CCD0E120}.Debug|Any CPU.ActiveCfg = Debug|Any CPU
		{C6369070-8784-4878-B1BA-B2D9CCD0E120}.Debug|Any CPU.Build.0 = Debug|Any CPU
		{C6369070-8784-4878-B1BA-B2D9CCD0E120}.Release|Any CPU.ActiveCfg = Release|Any CPU
		{C6369070-8784-4878-B1BA-B2D9CCD0E120}.Release|Any CPU.Build.0 = Release|Any CPU
	EndGlobalSection
	GlobalSection(SolutionProperties) = preSolution
		HideSolutionNode = FALSE
	EndGlobalSection
	GlobalSection(ExtensibilityGlobals) = postSolution
		SolutionGuid = {17A2DD2B-9E78-4486-9091-F17552CA4F75}
	EndGlobalSection
EndGlobal
