
Microsoft Visual Studio Solution File, Format Version 12.00
# Visual Studio Version 17
VisualStudioVersion = 17.9.34723.18
MinimumVisualStudioVersion = 10.0.40219.1
Project("{FAE04EC0-301F-11D3-BF4B-00C04F79EFBC}") = "Find Minimum Operations to Make All Elements Divisible by Three", "Find Minimum Operations to Make All Elements Divisible by Three.csproj", "{95659D79-1CE0-46A2-8E4A-B13031972152}"
EndProject
Global
	GlobalSection(SolutionConfigurationPlatforms) = preSolution
		Debug|Any CPU = Debug|Any CPU
		Release|Any CPU = Release|Any CPU
	EndGlobalSection
	GlobalSection(ProjectConfigurationPlatforms) = postSolution
		{95659D79-1CE0-46A2-8E4A-B13031972152}.Debug|Any CPU.ActiveCfg = Debug|Any CPU
		{95659D79-1CE0-46A2-8E4A-B13031972152}.Debug|Any CPU.Build.0 = Debug|Any CPU
		{95659D79-1CE0-46A2-8E4A-B13031972152}.Release|Any CPU.ActiveCfg = Release|Any CPU
		{95659D79-1CE0-46A2-8E4A-B13031972152}.Release|Any CPU.Build.0 = Release|Any CPU
	EndGlobalSection
	GlobalSection(SolutionProperties) = preSolution
		HideSolutionNode = FALSE
	EndGlobalSection
	GlobalSection(ExtensibilityGlobals) = postSolution
		SolutionGuid = {20C2AA5A-88AF-476E-B49D-10896F256A43}
	EndGlobalSection
EndGlobal
