
Microsoft Visual Studio Solution File, Format Version 12.00
# Visual Studio Version 17
VisualStudioVersion = 17.14.37203.1 d17.14
MinimumVisualStudioVersion = 10.0.40219.1
Project("{FAE04EC0-301F-11D3-BF4B-00C04F79EFBC}") = "Number of Sets of K Non-Overlapping Line Segments", "Number of Sets of K Non-Overlapping Line Segments.csproj", "{8F79CAD5-A05C-4AD6-A897-F3CE1C258E62}"
EndProject
Global
	GlobalSection(SolutionConfigurationPlatforms) = preSolution
		Debug|Any CPU = Debug|Any CPU
		Release|Any CPU = Release|Any CPU
	EndGlobalSection
	GlobalSection(ProjectConfigurationPlatforms) = postSolution
		{8F79CAD5-A05C-4AD6-A897-F3CE1C258E62}.Debug|Any CPU.ActiveCfg = Debug|Any CPU
		{8F79CAD5-A05C-4AD6-A897-F3CE1C258E62}.Debug|Any CPU.Build.0 = Debug|Any CPU
		{8F79CAD5-A05C-4AD6-A897-F3CE1C258E62}.Release|Any CPU.ActiveCfg = Release|Any CPU
		{8F79CAD5-A05C-4AD6-A897-F3CE1C258E62}.Release|Any CPU.Build.0 = Release|Any CPU
	EndGlobalSection
	GlobalSection(SolutionProperties) = preSolution
		HideSolutionNode = FALSE
	EndGlobalSection
	GlobalSection(ExtensibilityGlobals) = postSolution
		SolutionGuid = {AAE5BA24-AAF9-4A12-A462-1738D31AB95E}
	EndGlobalSection
EndGlobal
