
Microsoft Visual Studio Solution File, Format Version 12.00
# Visual Studio Version 17
VisualStudioVersion = 17.9.34723.18
MinimumVisualStudioVersion = 10.0.40219.1
Project("{FAE04EC0-301F-11D3-BF4B-00C04F79EFBC}") = "Decode the Slanted Ciphertext", "Decode the Slanted Ciphertext.csproj", "{93E0B7BD-10FE-4BCB-8C82-9049CB49C832}"
EndProject
Global
	GlobalSection(SolutionConfigurationPlatforms) = preSolution
		Debug|Any CPU = Debug|Any CPU
		Release|Any CPU = Release|Any CPU
	EndGlobalSection
	GlobalSection(ProjectConfigurationPlatforms) = postSolution
		{93E0B7BD-10FE-4BCB-8C82-9049CB49C832}.Debug|Any CPU.ActiveCfg = Debug|Any CPU
		{93E0B7BD-10FE-4BCB-8C82-9049CB49C832}.Debug|Any CPU.Build.0 = Debug|Any CPU
		{93E0B7BD-10FE-4BCB-8C82-9049CB49C832}.Release|Any CPU.ActiveCfg = Release|Any CPU
		{93E0B7BD-10FE-4BCB-8C82-9049CB49C832}.Release|Any CPU.Build.0 = Release|Any CPU
	EndGlobalSection
	GlobalSection(SolutionProperties) = preSolution
		HideSolutionNode = FALSE
	EndGlobalSection
	GlobalSection(ExtensibilityGlobals) = postSolution
		SolutionGuid = {CEB7749D-5635-4F6C-A57B-BF179EF329FB}
	EndGlobalSection
EndGlobal
