
Microsoft Visual Studio Solution File, Format Version 12.00
# Visual Studio Version 17
VisualStudioVersion = 17.14.37203.1 d17.14
MinimumVisualStudioVersion = 10.0.40219.1
Project("{FAE04EC0-301F-11D3-BF4B-00C04F79EFBC}") = "Minimum Number of Pushes to Type Word II", "Minimum Number of Pushes to Type Word II.csproj", "{B3B314D9-4AB1-4174-BEF1-E437CCED6A91}"
EndProject
Global
	GlobalSection(SolutionConfigurationPlatforms) = preSolution
		Debug|Any CPU = Debug|Any CPU
		Release|Any CPU = Release|Any CPU
	EndGlobalSection
	GlobalSection(ProjectConfigurationPlatforms) = postSolution
		{B3B314D9-4AB1-4174-BEF1-E437CCED6A91}.Debug|Any CPU.ActiveCfg = Debug|Any CPU
		{B3B314D9-4AB1-4174-BEF1-E437CCED6A91}.Debug|Any CPU.Build.0 = Debug|Any CPU
		{B3B314D9-4AB1-4174-BEF1-E437CCED6A91}.Release|Any CPU.ActiveCfg = Release|Any CPU
		{B3B314D9-4AB1-4174-BEF1-E437CCED6A91}.Release|Any CPU.Build.0 = Release|Any CPU
	EndGlobalSection
	GlobalSection(SolutionProperties) = preSolution
		HideSolutionNode = FALSE
	EndGlobalSection
	GlobalSection(ExtensibilityGlobals) = postSolution
		SolutionGuid = {41B1E03B-2E9D-471A-B72D-B3A89AF58625}
	EndGlobalSection
EndGlobal
