
Microsoft Visual Studio Solution File, Format Version 12.00
# Visual Studio Version 17
VisualStudioVersion = 17.9.34723.18
MinimumVisualStudioVersion = 10.0.40219.1
Project("{FAE04EC0-301F-11D3-BF4B-00C04F79EFBC}") = "Sort Vowels in a String", "Sort Vowels in a String.csproj", "{9AB218FE-9C0C-4EB8-B221-7B529A79553F}"
EndProject
Global
	GlobalSection(SolutionConfigurationPlatforms) = preSolution
		Debug|Any CPU = Debug|Any CPU
		Release|Any CPU = Release|Any CPU
	EndGlobalSection
	GlobalSection(ProjectConfigurationPlatforms) = postSolution
		{9AB218FE-9C0C-4EB8-B221-7B529A79553F}.Debug|Any CPU.ActiveCfg = Debug|Any CPU
		{9AB218FE-9C0C-4EB8-B221-7B529A79553F}.Debug|Any CPU.Build.0 = Debug|Any CPU
		{9AB218FE-9C0C-4EB8-B221-7B529A79553F}.Release|Any CPU.ActiveCfg = Release|Any CPU
		{9AB218FE-9C0C-4EB8-B221-7B529A79553F}.Release|Any CPU.Build.0 = Release|Any CPU
	EndGlobalSection
	GlobalSection(SolutionProperties) = preSolution
		HideSolutionNode = FALSE
	EndGlobalSection
	GlobalSection(ExtensibilityGlobals) = postSolution
		SolutionGuid = {A086D2E6-8A6E-4094-B6DB-31F8527F1339}
	EndGlobalSection
EndGlobal
