
Microsoft Visual Studio Solution File, Format Version 12.00
# Visual Studio Version 17
VisualStudioVersion = 17.14.37203.1 d17.14
MinimumVisualStudioVersion = 10.0.40219.1
Project("{FAE04EC0-301F-11D3-BF4B-00C04F79EFBC}") = "Process String with Special Operations I", "Process String with Special Operations I.csproj", "{393EF896-AFC6-47C5-9071-A11F5C9DC839}"
EndProject
Global
	GlobalSection(SolutionConfigurationPlatforms) = preSolution
		Debug|Any CPU = Debug|Any CPU
		Release|Any CPU = Release|Any CPU
	EndGlobalSection
	GlobalSection(ProjectConfigurationPlatforms) = postSolution
		{393EF896-AFC6-47C5-9071-A11F5C9DC839}.Debug|Any CPU.ActiveCfg = Debug|Any CPU
		{393EF896-AFC6-47C5-9071-A11F5C9DC839}.Debug|Any CPU.Build.0 = Debug|Any CPU
		{393EF896-AFC6-47C5-9071-A11F5C9DC839}.Release|Any CPU.ActiveCfg = Release|Any CPU
		{393EF896-AFC6-47C5-9071-A11F5C9DC839}.Release|Any CPU.Build.0 = Release|Any CPU
	EndGlobalSection
	GlobalSection(SolutionProperties) = preSolution
		HideSolutionNode = FALSE
	EndGlobalSection
	GlobalSection(ExtensibilityGlobals) = postSolution
		SolutionGuid = {4D091916-A01D-4CFE-93BC-7219F1E09049}
	EndGlobalSection
EndGlobal
