
Microsoft Visual Studio Solution File, Format Version 12.00
# Visual Studio Version 17
VisualStudioVersion = 17.9.34723.18
MinimumVisualStudioVersion = 10.0.40219.1
Project("{FAE04EC0-301F-11D3-BF4B-00C04F79EFBC}") = "Minimum Equal Sum of Two Arrays After Replacing Zeros", "Minimum Equal Sum of Two Arrays After Replacing Zeros.csproj", "{D8016877-16BB-4718-86AD-781C05AEB33B}"
EndProject
Global
	GlobalSection(SolutionConfigurationPlatforms) = preSolution
		Debug|Any CPU = Debug|Any CPU
		Release|Any CPU = Release|Any CPU
	EndGlobalSection
	GlobalSection(ProjectConfigurationPlatforms) = postSolution
		{D8016877-16BB-4718-86AD-781C05AEB33B}.Debug|Any CPU.ActiveCfg = Debug|Any CPU
		{D8016877-16BB-4718-86AD-781C05AEB33B}.Debug|Any CPU.Build.0 = Debug|Any CPU
		{D8016877-16BB-4718-86AD-781C05AEB33B}.Release|Any CPU.ActiveCfg = Release|Any CPU
		{D8016877-16BB-4718-86AD-781C05AEB33B}.Release|Any CPU.Build.0 = Release|Any CPU
	EndGlobalSection
	GlobalSection(SolutionProperties) = preSolution
		HideSolutionNode = FALSE
	EndGlobalSection
	GlobalSection(ExtensibilityGlobals) = postSolution
		SolutionGuid = {FE54976C-6B69-4074-992B-F01DDF52E87D}
	EndGlobalSection
EndGlobal
