
Microsoft Visual Studio Solution File, Format Version 12.00
# Visual Studio Version 17
VisualStudioVersion = 17.9.34723.18
MinimumVisualStudioVersion = 10.0.40219.1
Project("{FAE04EC0-301F-11D3-BF4B-00C04F79EFBC}") = "Zero Array Transformation II", "Zero Array Transformation II.csproj", "{C1CA26B8-20BD-49A3-9FE5-087BE7EC3DDF}"
EndProject
Global
	GlobalSection(SolutionConfigurationPlatforms) = preSolution
		Debug|Any CPU = Debug|Any CPU
		Release|Any CPU = Release|Any CPU
	EndGlobalSection
	GlobalSection(ProjectConfigurationPlatforms) = postSolution
		{C1CA26B8-20BD-49A3-9FE5-087BE7EC3DDF}.Debug|Any CPU.ActiveCfg = Debug|Any CPU
		{C1CA26B8-20BD-49A3-9FE5-087BE7EC3DDF}.Debug|Any CPU.Build.0 = Debug|Any CPU
		{C1CA26B8-20BD-49A3-9FE5-087BE7EC3DDF}.Release|Any CPU.ActiveCfg = Release|Any CPU
		{C1CA26B8-20BD-49A3-9FE5-087BE7EC3DDF}.Release|Any CPU.Build.0 = Release|Any CPU
	EndGlobalSection
	GlobalSection(SolutionProperties) = preSolution
		HideSolutionNode = FALSE
	EndGlobalSection
	GlobalSection(ExtensibilityGlobals) = postSolution
		SolutionGuid = {92267996-2989-42A1-98F9-8413C6362D2C}
	EndGlobalSection
EndGlobal
