
Microsoft Visual Studio Solution File, Format Version 12.00
# Visual Studio Version 17
VisualStudioVersion = 17.9.34723.18
MinimumVisualStudioVersion = 10.0.40219.1
Project("{FAE04EC0-301F-11D3-BF4B-00C04F79EFBC}") = "Maximize the Number of Target Nodes After Connecting Trees I", "Maximize the Number of Target Nodes After Connecting Trees I.csproj", "{068F4A07-AEEE-4DD7-A257-2BF3BC9C500D}"
EndProject
Global
	GlobalSection(SolutionConfigurationPlatforms) = preSolution
		Debug|Any CPU = Debug|Any CPU
		Release|Any CPU = Release|Any CPU
	EndGlobalSection
	GlobalSection(ProjectConfigurationPlatforms) = postSolution
		{068F4A07-AEEE-4DD7-A257-2BF3BC9C500D}.Debug|Any CPU.ActiveCfg = Debug|Any CPU
		{068F4A07-AEEE-4DD7-A257-2BF3BC9C500D}.Debug|Any CPU.Build.0 = Debug|Any CPU
		{068F4A07-AEEE-4DD7-A257-2BF3BC9C500D}.Release|Any CPU.ActiveCfg = Release|Any CPU
		{068F4A07-AEEE-4DD7-A257-2BF3BC9C500D}.Release|Any CPU.Build.0 = Release|Any CPU
	EndGlobalSection
	GlobalSection(SolutionProperties) = preSolution
		HideSolutionNode = FALSE
	EndGlobalSection
	GlobalSection(ExtensibilityGlobals) = postSolution
		SolutionGuid = {77453E32-760D-4E94-8197-A1A510D9280A}
	EndGlobalSection
EndGlobal
