
Microsoft Visual Studio Solution File, Format Version 12.00
# Visual Studio Version 17
VisualStudioVersion = 17.9.34723.18
MinimumVisualStudioVersion = 10.0.40219.1
Project("{FAE04EC0-301F-11D3-BF4B-00C04F79EFBC}") = "Complement of Base 10 Integer", "Complement of Base 10 Integer.csproj", "{A9D86CB9-663E-47E9-A5AC-6E84F1564CF2}"
EndProject
Global
	GlobalSection(SolutionConfigurationPlatforms) = preSolution
		Debug|Any CPU = Debug|Any CPU
		Release|Any CPU = Release|Any CPU
	EndGlobalSection
	GlobalSection(ProjectConfigurationPlatforms) = postSolution
		{A9D86CB9-663E-47E9-A5AC-6E84F1564CF2}.Debug|Any CPU.ActiveCfg = Debug|Any CPU
		{A9D86CB9-663E-47E9-A5AC-6E84F1564CF2}.Debug|Any CPU.Build.0 = Debug|Any CPU
		{A9D86CB9-663E-47E9-A5AC-6E84F1564CF2}.Release|Any CPU.ActiveCfg = Release|Any CPU
		{A9D86CB9-663E-47E9-A5AC-6E84F1564CF2}.Release|Any CPU.Build.0 = Release|Any CPU
	EndGlobalSection
	GlobalSection(SolutionProperties) = preSolution
		HideSolutionNode = FALSE
	EndGlobalSection
	GlobalSection(ExtensibilityGlobals) = postSolution
		SolutionGuid = {0F5075D6-DD34-4EF7-9953-3D7CDD5B3697}
	EndGlobalSection
EndGlobal
