
Microsoft Visual Studio Solution File, Format Version 12.00
# Visual Studio Version 17
VisualStudioVersion = 17.9.34723.18
MinimumVisualStudioVersion = 10.0.40219.1
Project("{FAE04EC0-301F-11D3-BF4B-00C04F79EFBC}") = "Two Best Non-Overlapping Events 2", "Two Best Non-Overlapping Events 2.csproj", "{53D52418-5A22-4150-9269-BC033407F7B6}"
EndProject
Global
	GlobalSection(SolutionConfigurationPlatforms) = preSolution
		Debug|Any CPU = Debug|Any CPU
		Release|Any CPU = Release|Any CPU
	EndGlobalSection
	GlobalSection(ProjectConfigurationPlatforms) = postSolution
		{53D52418-5A22-4150-9269-BC033407F7B6}.Debug|Any CPU.ActiveCfg = Debug|Any CPU
		{53D52418-5A22-4150-9269-BC033407F7B6}.Debug|Any CPU.Build.0 = Debug|Any CPU
		{53D52418-5A22-4150-9269-BC033407F7B6}.Release|Any CPU.ActiveCfg = Release|Any CPU
		{53D52418-5A22-4150-9269-BC033407F7B6}.Release|Any CPU.Build.0 = Release|Any CPU
	EndGlobalSection
	GlobalSection(SolutionProperties) = preSolution
		HideSolutionNode = FALSE
	EndGlobalSection
	GlobalSection(ExtensibilityGlobals) = postSolution
		SolutionGuid = {4D38801B-A9AB-4CD4-BDC7-E87DE84EE073}
	EndGlobalSection
EndGlobal
