
Microsoft Visual Studio Solution File, Format Version 12.00
# Visual Studio Version 17
VisualStudioVersion = 17.9.34723.18
MinimumVisualStudioVersion = 10.0.40219.1
Project("{FAE04EC0-301F-11D3-BF4B-00C04F79EFBC}") = "Number of Subsequences That Satisfy the Given Sum Condition", "Number of Subsequences That Satisfy the Given Sum Condition.csproj", "{805E1240-44C7-49B1-A3B0-155194AABC6D}"
EndProject
Global
	GlobalSection(SolutionConfigurationPlatforms) = preSolution
		Debug|Any CPU = Debug|Any CPU
		Release|Any CPU = Release|Any CPU
	EndGlobalSection
	GlobalSection(ProjectConfigurationPlatforms) = postSolution
		{805E1240-44C7-49B1-A3B0-155194AABC6D}.Debug|Any CPU.ActiveCfg = Debug|Any CPU
		{805E1240-44C7-49B1-A3B0-155194AABC6D}.Debug|Any CPU.Build.0 = Debug|Any CPU
		{805E1240-44C7-49B1-A3B0-155194AABC6D}.Release|Any CPU.ActiveCfg = Release|Any CPU
		{805E1240-44C7-49B1-A3B0-155194AABC6D}.Release|Any CPU.Build.0 = Release|Any CPU
	EndGlobalSection
	GlobalSection(SolutionProperties) = preSolution
		HideSolutionNode = FALSE
	EndGlobalSection
	GlobalSection(ExtensibilityGlobals) = postSolution
		SolutionGuid = {CFAE4CF3-13C8-4B61-9D24-E395A76AC55A}
	EndGlobalSection
EndGlobal
