
Microsoft Visual Studio Solution File, Format Version 12.00
# Visual Studio Version 17
VisualStudioVersion = 17.14.37203.1 d17.14
MinimumVisualStudioVersion = 10.0.40219.1
Project("{FAE04EC0-301F-11D3-BF4B-00C04F79EFBC}") = "Delete the Middle Node of a Linked List", "Delete the Middle Node of a Linked List.csproj", "{B70CDB4C-A998-4814-83C0-66E6A89F0C2F}"
EndProject
Global
	GlobalSection(SolutionConfigurationPlatforms) = preSolution
		Debug|Any CPU = Debug|Any CPU
		Release|Any CPU = Release|Any CPU
	EndGlobalSection
	GlobalSection(ProjectConfigurationPlatforms) = postSolution
		{B70CDB4C-A998-4814-83C0-66E6A89F0C2F}.Debug|Any CPU.ActiveCfg = Debug|Any CPU
		{B70CDB4C-A998-4814-83C0-66E6A89F0C2F}.Debug|Any CPU.Build.0 = Debug|Any CPU
		{B70CDB4C-A998-4814-83C0-66E6A89F0C2F}.Release|Any CPU.ActiveCfg = Release|Any CPU
		{B70CDB4C-A998-4814-83C0-66E6A89F0C2F}.Release|Any CPU.Build.0 = Release|Any CPU
	EndGlobalSection
	GlobalSection(SolutionProperties) = preSolution
		HideSolutionNode = FALSE
	EndGlobalSection
	GlobalSection(ExtensibilityGlobals) = postSolution
		SolutionGuid = {C0E39956-7EA7-40D4-9282-24B7466E33A6}
	EndGlobalSection
EndGlobal
