
Microsoft Visual Studio Solution File, Format Version 12.00
# Visual Studio Version 17
VisualStudioVersion = 17.9.34723.18
MinimumVisualStudioVersion = 10.0.40219.1
Project("{FAE04EC0-301F-11D3-BF4B-00C04F79EFBC}") = "Find X-Sum of All K-Long Subarrays II", "Find X-Sum of All K-Long Subarrays II.csproj", "{BB10ADA6-9736-4CFE-B14E-80244D2FAE10}"
EndProject
Global
	GlobalSection(SolutionConfigurationPlatforms) = preSolution
		Debug|Any CPU = Debug|Any CPU
		Release|Any CPU = Release|Any CPU
	EndGlobalSection
	GlobalSection(ProjectConfigurationPlatforms) = postSolution
		{BB10ADA6-9736-4CFE-B14E-80244D2FAE10}.Debug|Any CPU.ActiveCfg = Debug|Any CPU
		{BB10ADA6-9736-4CFE-B14E-80244D2FAE10}.Debug|Any CPU.Build.0 = Debug|Any CPU
		{BB10ADA6-9736-4CFE-B14E-80244D2FAE10}.Release|Any CPU.ActiveCfg = Release|Any CPU
		{BB10ADA6-9736-4CFE-B14E-80244D2FAE10}.Release|Any CPU.Build.0 = Release|Any CPU
	EndGlobalSection
	GlobalSection(SolutionProperties) = preSolution
		HideSolutionNode = FALSE
	EndGlobalSection
	GlobalSection(ExtensibilityGlobals) = postSolution
		SolutionGuid = {6AAE0449-B0A1-47F9-951C-DC3431F9F4BC}
	EndGlobalSection
EndGlobal
