
Microsoft Visual Studio Solution File, Format Version 12.00
# Visual Studio Version 17
VisualStudioVersion = 17.9.34723.18
MinimumVisualStudioVersion = 10.0.40219.1
Project("{FAE04EC0-301F-11D3-BF4B-00C04F79EFBC}") = "Add Two Numbers", "Add Two Numbers.csproj", "{366B774E-DCE6-4FDF-8E5B-28F6180A67C2}"
EndProject
Global
	GlobalSection(SolutionConfigurationPlatforms) = preSolution
		Debug|Any CPU = Debug|Any CPU
		Release|Any CPU = Release|Any CPU
	EndGlobalSection
	GlobalSection(ProjectConfigurationPlatforms) = postSolution
		{366B774E-DCE6-4FDF-8E5B-28F6180A67C2}.Debug|Any CPU.ActiveCfg = Debug|Any CPU
		{366B774E-DCE6-4FDF-8E5B-28F6180A67C2}.Debug|Any CPU.Build.0 = Debug|Any CPU
		{366B774E-DCE6-4FDF-8E5B-28F6180A67C2}.Release|Any CPU.ActiveCfg = Release|Any CPU
		{366B774E-DCE6-4FDF-8E5B-28F6180A67C2}.Release|Any CPU.Build.0 = Release|Any CPU
	EndGlobalSection
	GlobalSection(SolutionProperties) = preSolution
		HideSolutionNode = FALSE
	EndGlobalSection
	GlobalSection(ExtensibilityGlobals) = postSolution
		SolutionGuid = {823FAC6B-3794-4DC6-B490-CC2742A38985}
	EndGlobalSection
EndGlobal
