
Microsoft Visual Studio Solution File, Format Version 12.00
# Visual Studio Version 17
VisualStudioVersion = 17.14.37203.1 d17.14
MinimumVisualStudioVersion = 10.0.40219.1
Project("{FAE04EC0-301F-11D3-BF4B-00C04F79EFBC}") = "Number of Substrings Containing All Three Characters version 2", "Number of Substrings Containing All Three Characters version 2.csproj", "{4083936E-910D-4C32-9501-3698E9A61550}"
EndProject
Global
	GlobalSection(SolutionConfigurationPlatforms) = preSolution
		Debug|Any CPU = Debug|Any CPU
		Release|Any CPU = Release|Any CPU
	EndGlobalSection
	GlobalSection(ProjectConfigurationPlatforms) = postSolution
		{4083936E-910D-4C32-9501-3698E9A61550}.Debug|Any CPU.ActiveCfg = Debug|Any CPU
		{4083936E-910D-4C32-9501-3698E9A61550}.Debug|Any CPU.Build.0 = Debug|Any CPU
		{4083936E-910D-4C32-9501-3698E9A61550}.Release|Any CPU.ActiveCfg = Release|Any CPU
		{4083936E-910D-4C32-9501-3698E9A61550}.Release|Any CPU.Build.0 = Release|Any CPU
	EndGlobalSection
	GlobalSection(SolutionProperties) = preSolution
		HideSolutionNode = FALSE
	EndGlobalSection
	GlobalSection(ExtensibilityGlobals) = postSolution
		SolutionGuid = {E9477C88-E9D7-4213-B424-07AF04FCEAC1}
	EndGlobalSection
EndGlobal
