
Microsoft Visual Studio Solution File, Format Version 12.00
# Visual Studio Version 17
VisualStudioVersion = 17.9.34723.18
MinimumVisualStudioVersion = 10.0.40219.1
Project("{FAE04EC0-301F-11D3-BF4B-00C04F79EFBC}") = "Solving Questions With Brainpower", "Solving Questions With Brainpower.csproj", "{16097F95-78A6-4BAE-800E-5BA5AE51433C}"
EndProject
Global
	GlobalSection(SolutionConfigurationPlatforms) = preSolution
		Debug|Any CPU = Debug|Any CPU
		Release|Any CPU = Release|Any CPU
	EndGlobalSection
	GlobalSection(ProjectConfigurationPlatforms) = postSolution
		{16097F95-78A6-4BAE-800E-5BA5AE51433C}.Debug|Any CPU.ActiveCfg = Debug|Any CPU
		{16097F95-78A6-4BAE-800E-5BA5AE51433C}.Debug|Any CPU.Build.0 = Debug|Any CPU
		{16097F95-78A6-4BAE-800E-5BA5AE51433C}.Release|Any CPU.ActiveCfg = Release|Any CPU
		{16097F95-78A6-4BAE-800E-5BA5AE51433C}.Release|Any CPU.Build.0 = Release|Any CPU
	EndGlobalSection
	GlobalSection(SolutionProperties) = preSolution
		HideSolutionNode = FALSE
	EndGlobalSection
	GlobalSection(ExtensibilityGlobals) = postSolution
		SolutionGuid = {BABCDFE5-5476-4967-833C-BFF243E588A5}
	EndGlobalSection
EndGlobal
