
Microsoft Visual Studio Solution File, Format Version 12.00
# Visual Studio Version 17
VisualStudioVersion = 17.14.37203.1 d17.14
MinimumVisualStudioVersion = 10.0.40219.1
Project("{FAE04EC0-301F-11D3-BF4B-00C04F79EFBC}") = "Check if There is a Valid Path in a Grid", "Check if There is a Valid Path in a Grid.csproj", "{C2075BF6-3250-45BA-BF56-5362B2807007}"
EndProject
Global
	GlobalSection(SolutionConfigurationPlatforms) = preSolution
		Debug|Any CPU = Debug|Any CPU
		Release|Any CPU = Release|Any CPU
	EndGlobalSection
	GlobalSection(ProjectConfigurationPlatforms) = postSolution
		{C2075BF6-3250-45BA-BF56-5362B2807007}.Debug|Any CPU.ActiveCfg = Debug|Any CPU
		{C2075BF6-3250-45BA-BF56-5362B2807007}.Debug|Any CPU.Build.0 = Debug|Any CPU
		{C2075BF6-3250-45BA-BF56-5362B2807007}.Release|Any CPU.ActiveCfg = Release|Any CPU
		{C2075BF6-3250-45BA-BF56-5362B2807007}.Release|Any CPU.Build.0 = Release|Any CPU
	EndGlobalSection
	GlobalSection(SolutionProperties) = preSolution
		HideSolutionNode = FALSE
	EndGlobalSection
	GlobalSection(ExtensibilityGlobals) = postSolution
		SolutionGuid = {1F2B50E2-1525-4C19-B9A6-01BD78F0DBE3}
	EndGlobalSection
EndGlobal
