
Microsoft Visual Studio Solution File, Format Version 12.00
# Visual Studio Version 17
VisualStudioVersion = 17.9.34723.18
MinimumVisualStudioVersion = 10.0.40219.1
Project("{FAE04EC0-301F-11D3-BF4B-00C04F79EFBC}") = "Count Number of Trapezoids I", "Count Number of Trapezoids I.csproj", "{4D63D7D7-B9E0-4C3F-A2B0-3E199E6CF13F}"
EndProject
Global
	GlobalSection(SolutionConfigurationPlatforms) = preSolution
		Debug|Any CPU = Debug|Any CPU
		Release|Any CPU = Release|Any CPU
	EndGlobalSection
	GlobalSection(ProjectConfigurationPlatforms) = postSolution
		{4D63D7D7-B9E0-4C3F-A2B0-3E199E6CF13F}.Debug|Any CPU.ActiveCfg = Debug|Any CPU
		{4D63D7D7-B9E0-4C3F-A2B0-3E199E6CF13F}.Debug|Any CPU.Build.0 = Debug|Any CPU
		{4D63D7D7-B9E0-4C3F-A2B0-3E199E6CF13F}.Release|Any CPU.ActiveCfg = Release|Any CPU
		{4D63D7D7-B9E0-4C3F-A2B0-3E199E6CF13F}.Release|Any CPU.Build.0 = Release|Any CPU
	EndGlobalSection
	GlobalSection(SolutionProperties) = preSolution
		HideSolutionNode = FALSE
	EndGlobalSection
	GlobalSection(ExtensibilityGlobals) = postSolution
		SolutionGuid = {C34BFA0F-B5D5-4792-AC4F-3FC59FF554C0}
	EndGlobalSection
EndGlobal
