
Microsoft Visual Studio Solution File, Format Version 12.00
# Visual Studio Version 17
VisualStudioVersion = 17.9.34723.18
MinimumVisualStudioVersion = 10.0.40219.1
Project("{FAE04EC0-301F-11D3-BF4B-00C04F79EFBC}") = "Reschedule Meetings for Maximum Free Time I", "Reschedule Meetings for Maximum Free Time I.csproj", "{A9AFB985-DC6C-4E10-B6D7-8F8E0C030FAC}"
EndProject
Global
	GlobalSection(SolutionConfigurationPlatforms) = preSolution
		Debug|Any CPU = Debug|Any CPU
		Release|Any CPU = Release|Any CPU
	EndGlobalSection
	GlobalSection(ProjectConfigurationPlatforms) = postSolution
		{A9AFB985-DC6C-4E10-B6D7-8F8E0C030FAC}.Debug|Any CPU.ActiveCfg = Debug|Any CPU
		{A9AFB985-DC6C-4E10-B6D7-8F8E0C030FAC}.Debug|Any CPU.Build.0 = Debug|Any CPU
		{A9AFB985-DC6C-4E10-B6D7-8F8E0C030FAC}.Release|Any CPU.ActiveCfg = Release|Any CPU
		{A9AFB985-DC6C-4E10-B6D7-8F8E0C030FAC}.Release|Any CPU.Build.0 = Release|Any CPU
	EndGlobalSection
	GlobalSection(SolutionProperties) = preSolution
		HideSolutionNode = FALSE
	EndGlobalSection
	GlobalSection(ExtensibilityGlobals) = postSolution
		SolutionGuid = {1417568A-6284-4B03-BA40-A5335C6F0EB8}
	EndGlobalSection
EndGlobal
