
Microsoft Visual Studio Solution File, Format Version 12.00
# Visual Studio Version 17
VisualStudioVersion = 17.14.37203.1 d17.14
MinimumVisualStudioVersion = 10.0.40219.1
Project("{FAE04EC0-301F-11D3-BF4B-00C04F79EFBC}") = "Stone Game II", "Stone Game II.csproj", "{20C54760-7A1A-402F-85C8-7E5175BB15E4}"
EndProject
Global
	GlobalSection(SolutionConfigurationPlatforms) = preSolution
		Debug|Any CPU = Debug|Any CPU
		Release|Any CPU = Release|Any CPU
	EndGlobalSection
	GlobalSection(ProjectConfigurationPlatforms) = postSolution
		{20C54760-7A1A-402F-85C8-7E5175BB15E4}.Debug|Any CPU.ActiveCfg = Debug|Any CPU
		{20C54760-7A1A-402F-85C8-7E5175BB15E4}.Debug|Any CPU.Build.0 = Debug|Any CPU
		{20C54760-7A1A-402F-85C8-7E5175BB15E4}.Release|Any CPU.ActiveCfg = Release|Any CPU
		{20C54760-7A1A-402F-85C8-7E5175BB15E4}.Release|Any CPU.Build.0 = Release|Any CPU
	EndGlobalSection
	GlobalSection(SolutionProperties) = preSolution
		HideSolutionNode = FALSE
	EndGlobalSection
	GlobalSection(ExtensibilityGlobals) = postSolution
		SolutionGuid = {CFFADF4F-C522-4C48-878B-6D83CC70B490}
	EndGlobalSection
EndGlobal
