
Microsoft Visual Studio Solution File, Format Version 12.00
# Visual Studio Version 17
VisualStudioVersion = 17.9.34723.18
MinimumVisualStudioVersion = 10.0.40219.1
Project("{FAE04EC0-301F-11D3-BF4B-00C04F79EFBC}") = "Largest Color Value in a Directed Graph", "Largest Color Value in a Directed Graph.csproj", "{B2708DDC-E439-475A-ACB8-96DC900DEAB9}"
EndProject
Global
	GlobalSection(SolutionConfigurationPlatforms) = preSolution
		Debug|Any CPU = Debug|Any CPU
		Release|Any CPU = Release|Any CPU
	EndGlobalSection
	GlobalSection(ProjectConfigurationPlatforms) = postSolution
		{B2708DDC-E439-475A-ACB8-96DC900DEAB9}.Debug|Any CPU.ActiveCfg = Debug|Any CPU
		{B2708DDC-E439-475A-ACB8-96DC900DEAB9}.Debug|Any CPU.Build.0 = Debug|Any CPU
		{B2708DDC-E439-475A-ACB8-96DC900DEAB9}.Release|Any CPU.ActiveCfg = Release|Any CPU
		{B2708DDC-E439-475A-ACB8-96DC900DEAB9}.Release|Any CPU.Build.0 = Release|Any CPU
	EndGlobalSection
	GlobalSection(SolutionProperties) = preSolution
		HideSolutionNode = FALSE
	EndGlobalSection
	GlobalSection(ExtensibilityGlobals) = postSolution
		SolutionGuid = {CFA571F3-C4A6-40CF-A19A-3721F1B05FB3}
	EndGlobalSection
EndGlobal
