
Microsoft Visual Studio Solution File, Format Version 12.00
# Visual Studio Version 17
VisualStudioVersion = 17.14.37203.1 d17.14
MinimumVisualStudioVersion = 10.0.40219.1
Project("{FAE04EC0-301F-11D3-BF4B-00C04F79EFBC}") = "Rotated Digits", "Rotated Digits.csproj", "{F71B919B-9DAA-4964-8159-319AB4F2E6D6}"
EndProject
Global
	GlobalSection(SolutionConfigurationPlatforms) = preSolution
		Debug|Any CPU = Debug|Any CPU
		Release|Any CPU = Release|Any CPU
	EndGlobalSection
	GlobalSection(ProjectConfigurationPlatforms) = postSolution
		{F71B919B-9DAA-4964-8159-319AB4F2E6D6}.Debug|Any CPU.ActiveCfg = Debug|Any CPU
		{F71B919B-9DAA-4964-8159-319AB4F2E6D6}.Debug|Any CPU.Build.0 = Debug|Any CPU
		{F71B919B-9DAA-4964-8159-319AB4F2E6D6}.Release|Any CPU.ActiveCfg = Release|Any CPU
		{F71B919B-9DAA-4964-8159-319AB4F2E6D6}.Release|Any CPU.Build.0 = Release|Any CPU
	EndGlobalSection
	GlobalSection(SolutionProperties) = preSolution
		HideSolutionNode = FALSE
	EndGlobalSection
	GlobalSection(ExtensibilityGlobals) = postSolution
		SolutionGuid = {1F891A5A-5134-43C7-BEE2-C53398099B42}
	EndGlobalSection
EndGlobal
