
Microsoft Visual Studio Solution File, Format Version 12.00
# Visual Studio Version 17
VisualStudioVersion = 17.9.34723.18
MinimumVisualStudioVersion = 10.0.40219.1
Project("{FAE04EC0-301F-11D3-BF4B-00C04F79EFBC}") = "Count Mentions Per User", "Count Mentions Per User.csproj", "{423AD953-D358-4BB2-947B-7BE8307D3BAB}"
EndProject
Global
	GlobalSection(SolutionConfigurationPlatforms) = preSolution
		Debug|Any CPU = Debug|Any CPU
		Release|Any CPU = Release|Any CPU
	EndGlobalSection
	GlobalSection(ProjectConfigurationPlatforms) = postSolution
		{423AD953-D358-4BB2-947B-7BE8307D3BAB}.Debug|Any CPU.ActiveCfg = Debug|Any CPU
		{423AD953-D358-4BB2-947B-7BE8307D3BAB}.Debug|Any CPU.Build.0 = Debug|Any CPU
		{423AD953-D358-4BB2-947B-7BE8307D3BAB}.Release|Any CPU.ActiveCfg = Release|Any CPU
		{423AD953-D358-4BB2-947B-7BE8307D3BAB}.Release|Any CPU.Build.0 = Release|Any CPU
	EndGlobalSection
	GlobalSection(SolutionProperties) = preSolution
		HideSolutionNode = FALSE
	EndGlobalSection
	GlobalSection(ExtensibilityGlobals) = postSolution
		SolutionGuid = {3F0B6065-50F7-43B3-B9B8-0F33325FDAAF}
	EndGlobalSection
EndGlobal
