
Microsoft Visual Studio Solution File, Format Version 12.00
# Visual Studio Version 17
VisualStudioVersion = 17.9.34723.18
MinimumVisualStudioVersion = 10.0.40219.1
Project("{FAE04EC0-301F-11D3-BF4B-00C04F79EFBC}") = "Minimum Cost to Make at Least One Valid Path in a Grid", "Minimum Cost to Make at Least One Valid Path in a Grid.csproj", "{353B2F37-F4B9-4076-88E2-C244173707E0}"
EndProject
Global
	GlobalSection(SolutionConfigurationPlatforms) = preSolution
		Debug|Any CPU = Debug|Any CPU
		Release|Any CPU = Release|Any CPU
	EndGlobalSection
	GlobalSection(ProjectConfigurationPlatforms) = postSolution
		{353B2F37-F4B9-4076-88E2-C244173707E0}.Debug|Any CPU.ActiveCfg = Debug|Any CPU
		{353B2F37-F4B9-4076-88E2-C244173707E0}.Debug|Any CPU.Build.0 = Debug|Any CPU
		{353B2F37-F4B9-4076-88E2-C244173707E0}.Release|Any CPU.ActiveCfg = Release|Any CPU
		{353B2F37-F4B9-4076-88E2-C244173707E0}.Release|Any CPU.Build.0 = Release|Any CPU
	EndGlobalSection
	GlobalSection(SolutionProperties) = preSolution
		HideSolutionNode = FALSE
	EndGlobalSection
	GlobalSection(ExtensibilityGlobals) = postSolution
		SolutionGuid = {3B3BE505-EC32-42C8-934D-51B96B0293F1}
	EndGlobalSection
EndGlobal
