
Microsoft Visual Studio Solution File, Format Version 12.00
# Visual Studio Version 17
VisualStudioVersion = 17.9.34723.18
MinimumVisualStudioVersion = 10.0.40219.1
Project("{FAE04EC0-301F-11D3-BF4B-00C04F79EFBC}") = "Check If a Word Occurs As a Prefix of Any Word in a Sentence", "Check If a Word Occurs As a Prefix of Any Word in a Sentence.csproj", "{65941E57-4C67-4E7A-959D-83474622B767}"
EndProject
Global
	GlobalSection(SolutionConfigurationPlatforms) = preSolution
		Debug|Any CPU = Debug|Any CPU
		Release|Any CPU = Release|Any CPU
	EndGlobalSection
	GlobalSection(ProjectConfigurationPlatforms) = postSolution
		{65941E57-4C67-4E7A-959D-83474622B767}.Debug|Any CPU.ActiveCfg = Debug|Any CPU
		{65941E57-4C67-4E7A-959D-83474622B767}.Debug|Any CPU.Build.0 = Debug|Any CPU
		{65941E57-4C67-4E7A-959D-83474622B767}.Release|Any CPU.ActiveCfg = Release|Any CPU
		{65941E57-4C67-4E7A-959D-83474622B767}.Release|Any CPU.Build.0 = Release|Any CPU
	EndGlobalSection
	GlobalSection(SolutionProperties) = preSolution
		HideSolutionNode = FALSE
	EndGlobalSection
	GlobalSection(ExtensibilityGlobals) = postSolution
		SolutionGuid = {7C6D2CBB-466F-4C8C-B7F2-0929D366CDD3}
	EndGlobalSection
EndGlobal
