
Microsoft Visual Studio Solution File, Format Version 12.00
# Visual Studio Version 17
VisualStudioVersion = 17.9.34723.18
MinimumVisualStudioVersion = 10.0.40219.1
Project("{FAE04EC0-301F-11D3-BF4B-00C04F79EFBC}") = "Count Special Triplets", "Count Special Triplets.csproj", "{6EE73D89-DA34-46C8-B3CD-63B52CB383BC}"
EndProject
Global
	GlobalSection(SolutionConfigurationPlatforms) = preSolution
		Debug|Any CPU = Debug|Any CPU
		Release|Any CPU = Release|Any CPU
	EndGlobalSection
	GlobalSection(ProjectConfigurationPlatforms) = postSolution
		{6EE73D89-DA34-46C8-B3CD-63B52CB383BC}.Debug|Any CPU.ActiveCfg = Debug|Any CPU
		{6EE73D89-DA34-46C8-B3CD-63B52CB383BC}.Debug|Any CPU.Build.0 = Debug|Any CPU
		{6EE73D89-DA34-46C8-B3CD-63B52CB383BC}.Release|Any CPU.ActiveCfg = Release|Any CPU
		{6EE73D89-DA34-46C8-B3CD-63B52CB383BC}.Release|Any CPU.Build.0 = Release|Any CPU
	EndGlobalSection
	GlobalSection(SolutionProperties) = preSolution
		HideSolutionNode = FALSE
	EndGlobalSection
	GlobalSection(ExtensibilityGlobals) = postSolution
		SolutionGuid = {72F24EEA-C1FA-45F7-93E2-ABD24778CF6C}
	EndGlobalSection
EndGlobal
