
Microsoft Visual Studio Solution File, Format Version 12.00
# Visual Studio Version 17
VisualStudioVersion = 17.14.37203.1 d17.14
MinimumVisualStudioVersion = 10.0.40219.1
Project("{FAE04EC0-301F-11D3-BF4B-00C04F79EFBC}") = "Maximum Number of Non-overlapping Palindrome Substrings", "Maximum Number of Non-overlapping Palindrome Substrings.csproj", "{71E6B849-9116-4F24-A169-D2F55F5B265D}"
EndProject
Global
	GlobalSection(SolutionConfigurationPlatforms) = preSolution
		Debug|Any CPU = Debug|Any CPU
		Release|Any CPU = Release|Any CPU
	EndGlobalSection
	GlobalSection(ProjectConfigurationPlatforms) = postSolution
		{71E6B849-9116-4F24-A169-D2F55F5B265D}.Debug|Any CPU.ActiveCfg = Debug|Any CPU
		{71E6B849-9116-4F24-A169-D2F55F5B265D}.Debug|Any CPU.Build.0 = Debug|Any CPU
		{71E6B849-9116-4F24-A169-D2F55F5B265D}.Release|Any CPU.ActiveCfg = Release|Any CPU
		{71E6B849-9116-4F24-A169-D2F55F5B265D}.Release|Any CPU.Build.0 = Release|Any CPU
	EndGlobalSection
	GlobalSection(SolutionProperties) = preSolution
		HideSolutionNode = FALSE
	EndGlobalSection
	GlobalSection(ExtensibilityGlobals) = postSolution
		SolutionGuid = {BAA0C4B9-0AD1-4D25-93E2-258BDA853314}
	EndGlobalSection
EndGlobal
