
Microsoft Visual Studio Solution File, Format Version 12.00
# Visual Studio Version 17
VisualStudioVersion = 17.9.34723.18
MinimumVisualStudioVersion = 10.0.40219.1
Project("{FAE04EC0-301F-11D3-BF4B-00C04F79EFBC}") = "Count Ways To Build Good Strings", "Count Ways To Build Good Strings.csproj", "{02CB1DAD-1FA6-4579-AB02-CE3C35E79543}"
EndProject
Global
	GlobalSection(SolutionConfigurationPlatforms) = preSolution
		Debug|Any CPU = Debug|Any CPU
		Release|Any CPU = Release|Any CPU
	EndGlobalSection
	GlobalSection(ProjectConfigurationPlatforms) = postSolution
		{02CB1DAD-1FA6-4579-AB02-CE3C35E79543}.Debug|Any CPU.ActiveCfg = Debug|Any CPU
		{02CB1DAD-1FA6-4579-AB02-CE3C35E79543}.Debug|Any CPU.Build.0 = Debug|Any CPU
		{02CB1DAD-1FA6-4579-AB02-CE3C35E79543}.Release|Any CPU.ActiveCfg = Release|Any CPU
		{02CB1DAD-1FA6-4579-AB02-CE3C35E79543}.Release|Any CPU.Build.0 = Release|Any CPU
	EndGlobalSection
	GlobalSection(SolutionProperties) = preSolution
		HideSolutionNode = FALSE
	EndGlobalSection
	GlobalSection(ExtensibilityGlobals) = postSolution
		SolutionGuid = {74878CBB-F698-4226-9E33-AAEC39FFB52E}
	EndGlobalSection
EndGlobal
