
Microsoft Visual Studio Solution File, Format Version 12.00
# Visual Studio Version 17
VisualStudioVersion = 17.9.34723.18
MinimumVisualStudioVersion = 10.0.40219.1
Project("{FAE04EC0-301F-11D3-BF4B-00C04F79EFBC}") = "Construct the Minimum Bitwise Array II", "Construct the Minimum Bitwise Array II.csproj", "{96D1FC34-9FAB-439F-9D28-E981FD7C49BC}"
EndProject
Global
	GlobalSection(SolutionConfigurationPlatforms) = preSolution
		Debug|Any CPU = Debug|Any CPU
		Release|Any CPU = Release|Any CPU
	EndGlobalSection
	GlobalSection(ProjectConfigurationPlatforms) = postSolution
		{96D1FC34-9FAB-439F-9D28-E981FD7C49BC}.Debug|Any CPU.ActiveCfg = Debug|Any CPU
		{96D1FC34-9FAB-439F-9D28-E981FD7C49BC}.Debug|Any CPU.Build.0 = Debug|Any CPU
		{96D1FC34-9FAB-439F-9D28-E981FD7C49BC}.Release|Any CPU.ActiveCfg = Release|Any CPU
		{96D1FC34-9FAB-439F-9D28-E981FD7C49BC}.Release|Any CPU.Build.0 = Release|Any CPU
	EndGlobalSection
	GlobalSection(SolutionProperties) = preSolution
		HideSolutionNode = FALSE
	EndGlobalSection
	GlobalSection(ExtensibilityGlobals) = postSolution
		SolutionGuid = {5B014B46-CE7A-43B0-AAD3-C87B7DF9F704}
	EndGlobalSection
EndGlobal
