
Microsoft Visual Studio Solution File, Format Version 12.00
# Visual Studio Version 17
VisualStudioVersion = 17.9.34723.18
MinimumVisualStudioVersion = 10.0.40219.1
Project("{FAE04EC0-301F-11D3-BF4B-00C04F79EFBC}") = "Find Champion II", "Find Champion II.csproj", "{C80AD926-C4D4-4EEC-8F51-8608FD3F9725}"
EndProject
Global
	GlobalSection(SolutionConfigurationPlatforms) = preSolution
		Debug|Any CPU = Debug|Any CPU
		Release|Any CPU = Release|Any CPU
	EndGlobalSection
	GlobalSection(ProjectConfigurationPlatforms) = postSolution
		{C80AD926-C4D4-4EEC-8F51-8608FD3F9725}.Debug|Any CPU.ActiveCfg = Debug|Any CPU
		{C80AD926-C4D4-4EEC-8F51-8608FD3F9725}.Debug|Any CPU.Build.0 = Debug|Any CPU
		{C80AD926-C4D4-4EEC-8F51-8608FD3F9725}.Release|Any CPU.ActiveCfg = Release|Any CPU
		{C80AD926-C4D4-4EEC-8F51-8608FD3F9725}.Release|Any CPU.Build.0 = Release|Any CPU
	EndGlobalSection
	GlobalSection(SolutionProperties) = preSolution
		HideSolutionNode = FALSE
	EndGlobalSection
	GlobalSection(ExtensibilityGlobals) = postSolution
		SolutionGuid = {18A1B0F0-5FAE-4274-BF5F-18C4C08F6572}
	EndGlobalSection
EndGlobal
