
Microsoft Visual Studio Solution File, Format Version 12.00
# Visual Studio Version 17
VisualStudioVersion = 17.9.34723.18
MinimumVisualStudioVersion = 10.0.40219.1
Project("{FAE04EC0-301F-11D3-BF4B-00C04F79EFBC}") = "Count the Number of Good Subarrays", "Count the Number of Good Subarrays.csproj", "{664F32D9-3813-4B50-972C-335D2A5FF820}"
EndProject
Global
	GlobalSection(SolutionConfigurationPlatforms) = preSolution
		Debug|Any CPU = Debug|Any CPU
		Release|Any CPU = Release|Any CPU
	EndGlobalSection
	GlobalSection(ProjectConfigurationPlatforms) = postSolution
		{664F32D9-3813-4B50-972C-335D2A5FF820}.Debug|Any CPU.ActiveCfg = Debug|Any CPU
		{664F32D9-3813-4B50-972C-335D2A5FF820}.Debug|Any CPU.Build.0 = Debug|Any CPU
		{664F32D9-3813-4B50-972C-335D2A5FF820}.Release|Any CPU.ActiveCfg = Release|Any CPU
		{664F32D9-3813-4B50-972C-335D2A5FF820}.Release|Any CPU.Build.0 = Release|Any CPU
	EndGlobalSection
	GlobalSection(SolutionProperties) = preSolution
		HideSolutionNode = FALSE
	EndGlobalSection
	GlobalSection(ExtensibilityGlobals) = postSolution
		SolutionGuid = {1FDF4A8A-E0E6-4DC5-96F3-A5E714ECCC2C}
	EndGlobalSection
EndGlobal
