
Microsoft Visual Studio Solution File, Format Version 12.00
# Visual Studio Version 17
VisualStudioVersion = 17.14.37203.1 d17.14
MinimumVisualStudioVersion = 10.0.40219.1
Project("{FAE04EC0-301F-11D3-BF4B-00C04F79EFBC}") = "Maximum Number of Balloons", "Maximum Number of Balloons.csproj", "{ACA0999A-7BAF-4766-BBCC-435BBAA084C2}"
EndProject
Global
	GlobalSection(SolutionConfigurationPlatforms) = preSolution
		Debug|Any CPU = Debug|Any CPU
		Release|Any CPU = Release|Any CPU
	EndGlobalSection
	GlobalSection(ProjectConfigurationPlatforms) = postSolution
		{ACA0999A-7BAF-4766-BBCC-435BBAA084C2}.Debug|Any CPU.ActiveCfg = Debug|Any CPU
		{ACA0999A-7BAF-4766-BBCC-435BBAA084C2}.Debug|Any CPU.Build.0 = Debug|Any CPU
		{ACA0999A-7BAF-4766-BBCC-435BBAA084C2}.Release|Any CPU.ActiveCfg = Release|Any CPU
		{ACA0999A-7BAF-4766-BBCC-435BBAA084C2}.Release|Any CPU.Build.0 = Release|Any CPU
	EndGlobalSection
	GlobalSection(SolutionProperties) = preSolution
		HideSolutionNode = FALSE
	EndGlobalSection
	GlobalSection(ExtensibilityGlobals) = postSolution
		SolutionGuid = {D2875DA5-68C8-4466-9F3E-CB07E52402FC}
	EndGlobalSection
EndGlobal
