
Microsoft Visual Studio Solution File, Format Version 12.00
# Visual Studio Version 17
VisualStudioVersion = 17.9.34723.18
MinimumVisualStudioVersion = 10.0.40219.1
Project("{FAE04EC0-301F-11D3-BF4B-00C04F79EFBC}") = "Map of Highest Peak", "Map of Highest Peak.csproj", "{B6AA208D-FC7A-4934-B953-D40156AC3EF0}"
EndProject
Global
	GlobalSection(SolutionConfigurationPlatforms) = preSolution
		Debug|Any CPU = Debug|Any CPU
		Release|Any CPU = Release|Any CPU
	EndGlobalSection
	GlobalSection(ProjectConfigurationPlatforms) = postSolution
		{B6AA208D-FC7A-4934-B953-D40156AC3EF0}.Debug|Any CPU.ActiveCfg = Debug|Any CPU
		{B6AA208D-FC7A-4934-B953-D40156AC3EF0}.Debug|Any CPU.Build.0 = Debug|Any CPU
		{B6AA208D-FC7A-4934-B953-D40156AC3EF0}.Release|Any CPU.ActiveCfg = Release|Any CPU
		{B6AA208D-FC7A-4934-B953-D40156AC3EF0}.Release|Any CPU.Build.0 = Release|Any CPU
	EndGlobalSection
	GlobalSection(SolutionProperties) = preSolution
		HideSolutionNode = FALSE
	EndGlobalSection
	GlobalSection(ExtensibilityGlobals) = postSolution
		SolutionGuid = {6F0C0AE8-7335-4029-9AD2-50ED6C0D5641}
	EndGlobalSection
EndGlobal
