
Microsoft Visual Studio Solution File, Format Version 12.00
# Visual Studio Version 17
VisualStudioVersion = 17.14.37203.1 d17.14
MinimumVisualStudioVersion = 10.0.40219.1
Project("{FAE04EC0-301F-11D3-BF4B-00C04F79EFBC}") = "Number of Ways to Assign Edge Weights I", "Number of Ways to Assign Edge Weights I.csproj", "{AE92750F-160E-4360-B166-2516FC691BD5}"
EndProject
Global
	GlobalSection(SolutionConfigurationPlatforms) = preSolution
		Debug|Any CPU = Debug|Any CPU
		Release|Any CPU = Release|Any CPU
	EndGlobalSection
	GlobalSection(ProjectConfigurationPlatforms) = postSolution
		{AE92750F-160E-4360-B166-2516FC691BD5}.Debug|Any CPU.ActiveCfg = Debug|Any CPU
		{AE92750F-160E-4360-B166-2516FC691BD5}.Debug|Any CPU.Build.0 = Debug|Any CPU
		{AE92750F-160E-4360-B166-2516FC691BD5}.Release|Any CPU.ActiveCfg = Release|Any CPU
		{AE92750F-160E-4360-B166-2516FC691BD5}.Release|Any CPU.Build.0 = Release|Any CPU
	EndGlobalSection
	GlobalSection(SolutionProperties) = preSolution
		HideSolutionNode = FALSE
	EndGlobalSection
	GlobalSection(ExtensibilityGlobals) = postSolution
		SolutionGuid = {128D1437-C07E-464D-902C-89ED5F7C92E5}
	EndGlobalSection
EndGlobal
