
Microsoft Visual Studio Solution File, Format Version 12.00
# Visual Studio Version 17
VisualStudioVersion = 17.9.34723.18
MinimumVisualStudioVersion = 10.0.40219.1
Project("{FAE04EC0-301F-11D3-BF4B-00C04F79EFBC}") = "Longest Palindromic Substring", "Longest Palindromic Substring.csproj", "{68D48F7D-99BF-4050-84EA-3C691EE6E051}"
EndProject
Global
	GlobalSection(SolutionConfigurationPlatforms) = preSolution
		Debug|Any CPU = Debug|Any CPU
		Release|Any CPU = Release|Any CPU
	EndGlobalSection
	GlobalSection(ProjectConfigurationPlatforms) = postSolution
		{68D48F7D-99BF-4050-84EA-3C691EE6E051}.Debug|Any CPU.ActiveCfg = Debug|Any CPU
		{68D48F7D-99BF-4050-84EA-3C691EE6E051}.Debug|Any CPU.Build.0 = Debug|Any CPU
		{68D48F7D-99BF-4050-84EA-3C691EE6E051}.Release|Any CPU.ActiveCfg = Release|Any CPU
		{68D48F7D-99BF-4050-84EA-3C691EE6E051}.Release|Any CPU.Build.0 = Release|Any CPU
	EndGlobalSection
	GlobalSection(SolutionProperties) = preSolution
		HideSolutionNode = FALSE
	EndGlobalSection
	GlobalSection(ExtensibilityGlobals) = postSolution
		SolutionGuid = {69B5C8AB-8C5C-4FC3-A95E-23CBACFDAD04}
	EndGlobalSection
EndGlobal
