
Microsoft Visual Studio Solution File, Format Version 12.00
# Visual Studio Version 17
VisualStudioVersion = 17.9.34723.18
MinimumVisualStudioVersion = 10.0.40219.1
Project("{FAE04EC0-301F-11D3-BF4B-00C04F79EFBC}") = "Longest Strictly Increasing or Strictly Decreasing Subarray", "Longest Strictly Increasing or Strictly Decreasing Subarray.csproj", "{32252755-A1A1-4972-8062-CC43A8AFD649}"
EndProject
Global
	GlobalSection(SolutionConfigurationPlatforms) = preSolution
		Debug|Any CPU = Debug|Any CPU
		Release|Any CPU = Release|Any CPU
	EndGlobalSection
	GlobalSection(ProjectConfigurationPlatforms) = postSolution
		{32252755-A1A1-4972-8062-CC43A8AFD649}.Debug|Any CPU.ActiveCfg = Debug|Any CPU
		{32252755-A1A1-4972-8062-CC43A8AFD649}.Debug|Any CPU.Build.0 = Debug|Any CPU
		{32252755-A1A1-4972-8062-CC43A8AFD649}.Release|Any CPU.ActiveCfg = Release|Any CPU
		{32252755-A1A1-4972-8062-CC43A8AFD649}.Release|Any CPU.Build.0 = Release|Any CPU
	EndGlobalSection
	GlobalSection(SolutionProperties) = preSolution
		HideSolutionNode = FALSE
	EndGlobalSection
	GlobalSection(ExtensibilityGlobals) = postSolution
		SolutionGuid = {98DB18DC-1FDF-46D7-9C30-564F111A3170}
	EndGlobalSection
EndGlobal
