
Microsoft Visual Studio Solution File, Format Version 12.00
# Visual Studio Version 17
VisualStudioVersion = 17.14.37203.1 d17.14
MinimumVisualStudioVersion = 10.0.40219.1
Project("{FAE04EC0-301F-11D3-BF4B-00C04F79EFBC}") = "Maximize Active Section with Trade I", "Maximize Active Section with Trade I.csproj", "{B7E1A459-5D2D-4297-983C-492969389F95}"
EndProject
Global
	GlobalSection(SolutionConfigurationPlatforms) = preSolution
		Debug|Any CPU = Debug|Any CPU
		Release|Any CPU = Release|Any CPU
	EndGlobalSection
	GlobalSection(ProjectConfigurationPlatforms) = postSolution
		{B7E1A459-5D2D-4297-983C-492969389F95}.Debug|Any CPU.ActiveCfg = Debug|Any CPU
		{B7E1A459-5D2D-4297-983C-492969389F95}.Debug|Any CPU.Build.0 = Debug|Any CPU
		{B7E1A459-5D2D-4297-983C-492969389F95}.Release|Any CPU.ActiveCfg = Release|Any CPU
		{B7E1A459-5D2D-4297-983C-492969389F95}.Release|Any CPU.Build.0 = Release|Any CPU
	EndGlobalSection
	GlobalSection(SolutionProperties) = preSolution
		HideSolutionNode = FALSE
	EndGlobalSection
	GlobalSection(ExtensibilityGlobals) = postSolution
		SolutionGuid = {4CFA3A27-E2A7-4B2A-AA7A-3160C746506F}
	EndGlobalSection
EndGlobal
