
Microsoft Visual Studio Solution File, Format Version 12.00
# Visual Studio Version 17
VisualStudioVersion = 17.14.37203.1 d17.14
MinimumVisualStudioVersion = 10.0.40219.1
Project("{FAE04EC0-301F-11D3-BF4B-00C04F79EFBC}") = "Count Nodes Equal to Average of Subtree", "Count Nodes Equal to Average of Subtree.csproj", "{1108D93E-935F-4656-8F32-C147568CAC40}"
EndProject
Global
	GlobalSection(SolutionConfigurationPlatforms) = preSolution
		Debug|Any CPU = Debug|Any CPU
		Release|Any CPU = Release|Any CPU
	EndGlobalSection
	GlobalSection(ProjectConfigurationPlatforms) = postSolution
		{1108D93E-935F-4656-8F32-C147568CAC40}.Debug|Any CPU.ActiveCfg = Debug|Any CPU
		{1108D93E-935F-4656-8F32-C147568CAC40}.Debug|Any CPU.Build.0 = Debug|Any CPU
		{1108D93E-935F-4656-8F32-C147568CAC40}.Release|Any CPU.ActiveCfg = Release|Any CPU
		{1108D93E-935F-4656-8F32-C147568CAC40}.Release|Any CPU.Build.0 = Release|Any CPU
	EndGlobalSection
	GlobalSection(SolutionProperties) = preSolution
		HideSolutionNode = FALSE
	EndGlobalSection
	GlobalSection(ExtensibilityGlobals) = postSolution
		SolutionGuid = {83BE9B12-6A63-465B-8C65-F37BCF00B3C5}
	EndGlobalSection
EndGlobal
