
Microsoft Visual Studio Solution File, Format Version 12.00
# Visual Studio Version 17
VisualStudioVersion = 17.14.37203.1 d17.14
MinimumVisualStudioVersion = 10.0.40219.1
Project("{FAE04EC0-301F-11D3-BF4B-00C04F79EFBC}") = "Remove Methods From Project", "Remove Methods From Project.csproj", "{1D112A52-9F0C-4727-80C5-81A2AF20CFFE}"
EndProject
Global
	GlobalSection(SolutionConfigurationPlatforms) = preSolution
		Debug|Any CPU = Debug|Any CPU
		Release|Any CPU = Release|Any CPU
	EndGlobalSection
	GlobalSection(ProjectConfigurationPlatforms) = postSolution
		{1D112A52-9F0C-4727-80C5-81A2AF20CFFE}.Debug|Any CPU.ActiveCfg = Debug|Any CPU
		{1D112A52-9F0C-4727-80C5-81A2AF20CFFE}.Debug|Any CPU.Build.0 = Debug|Any CPU
		{1D112A52-9F0C-4727-80C5-81A2AF20CFFE}.Release|Any CPU.ActiveCfg = Release|Any CPU
		{1D112A52-9F0C-4727-80C5-81A2AF20CFFE}.Release|Any CPU.Build.0 = Release|Any CPU
	EndGlobalSection
	GlobalSection(SolutionProperties) = preSolution
		HideSolutionNode = FALSE
	EndGlobalSection
	GlobalSection(ExtensibilityGlobals) = postSolution
		SolutionGuid = {0BEB8DAE-DE3D-44E1-B384-450AB582BAF2}
	EndGlobalSection
EndGlobal
