
Microsoft Visual Studio Solution File, Format Version 12.00
# Visual Studio Version 17
VisualStudioVersion = 17.9.34723.18
MinimumVisualStudioVersion = 10.0.40219.1
Project("{FAE04EC0-301F-11D3-BF4B-00C04F79EFBC}") = "Maximum Product of Splitted Binary Tree", "Maximum Product of Splitted Binary Tree.csproj", "{7F37F7B4-0B7C-4A8E-B0A9-2D9568E0EB74}"
EndProject
Global
	GlobalSection(SolutionConfigurationPlatforms) = preSolution
		Debug|Any CPU = Debug|Any CPU
		Release|Any CPU = Release|Any CPU
	EndGlobalSection
	GlobalSection(ProjectConfigurationPlatforms) = postSolution
		{7F37F7B4-0B7C-4A8E-B0A9-2D9568E0EB74}.Debug|Any CPU.ActiveCfg = Debug|Any CPU
		{7F37F7B4-0B7C-4A8E-B0A9-2D9568E0EB74}.Debug|Any CPU.Build.0 = Debug|Any CPU
		{7F37F7B4-0B7C-4A8E-B0A9-2D9568E0EB74}.Release|Any CPU.ActiveCfg = Release|Any CPU
		{7F37F7B4-0B7C-4A8E-B0A9-2D9568E0EB74}.Release|Any CPU.Build.0 = Release|Any CPU
	EndGlobalSection
	GlobalSection(SolutionProperties) = preSolution
		HideSolutionNode = FALSE
	EndGlobalSection
	GlobalSection(ExtensibilityGlobals) = postSolution
		SolutionGuid = {00A54CAD-38D6-4AE5-B760-CA2D7C6B4CDC}
	EndGlobalSection
EndGlobal
