
Microsoft Visual Studio Solution File, Format Version 12.00
# Visual Studio Version 17
VisualStudioVersion = 17.9.34723.18
MinimumVisualStudioVersion = 10.0.40219.1
Project("{FAE04EC0-301F-11D3-BF4B-00C04F79EFBC}") = "Find Sum of Array Product of Magical Sequences", "Find Sum of Array Product of Magical Sequences.csproj", "{FB59FB7A-807F-4DC5-9542-C633CF2A8C6B}"
EndProject
Global
	GlobalSection(SolutionConfigurationPlatforms) = preSolution
		Debug|Any CPU = Debug|Any CPU
		Release|Any CPU = Release|Any CPU
	EndGlobalSection
	GlobalSection(ProjectConfigurationPlatforms) = postSolution
		{FB59FB7A-807F-4DC5-9542-C633CF2A8C6B}.Debug|Any CPU.ActiveCfg = Debug|Any CPU
		{FB59FB7A-807F-4DC5-9542-C633CF2A8C6B}.Debug|Any CPU.Build.0 = Debug|Any CPU
		{FB59FB7A-807F-4DC5-9542-C633CF2A8C6B}.Release|Any CPU.ActiveCfg = Release|Any CPU
		{FB59FB7A-807F-4DC5-9542-C633CF2A8C6B}.Release|Any CPU.Build.0 = Release|Any CPU
	EndGlobalSection
	GlobalSection(SolutionProperties) = preSolution
		HideSolutionNode = FALSE
	EndGlobalSection
	GlobalSection(ExtensibilityGlobals) = postSolution
		SolutionGuid = {2D02FE32-DC81-420B-A6E7-8F41FEB4A801}
	EndGlobalSection
EndGlobal
