
Microsoft Visual Studio Solution File, Format Version 12.00
# Visual Studio Version 17
VisualStudioVersion = 17.9.34723.18
MinimumVisualStudioVersion = 10.0.40219.1
Project("{FAE04EC0-301F-11D3-BF4B-00C04F79EFBC}") = "Minimum Time to Visit a Cell In a Grid", "Minimum Time to Visit a Cell In a Grid.csproj", "{F52BE249-B729-4C1A-A7D4-7D24CD6A5FDE}"
EndProject
Global
	GlobalSection(SolutionConfigurationPlatforms) = preSolution
		Debug|Any CPU = Debug|Any CPU
		Release|Any CPU = Release|Any CPU
	EndGlobalSection
	GlobalSection(ProjectConfigurationPlatforms) = postSolution
		{F52BE249-B729-4C1A-A7D4-7D24CD6A5FDE}.Debug|Any CPU.ActiveCfg = Debug|Any CPU
		{F52BE249-B729-4C1A-A7D4-7D24CD6A5FDE}.Debug|Any CPU.Build.0 = Debug|Any CPU
		{F52BE249-B729-4C1A-A7D4-7D24CD6A5FDE}.Release|Any CPU.ActiveCfg = Release|Any CPU
		{F52BE249-B729-4C1A-A7D4-7D24CD6A5FDE}.Release|Any CPU.Build.0 = Release|Any CPU
	EndGlobalSection
	GlobalSection(SolutionProperties) = preSolution
		HideSolutionNode = FALSE
	EndGlobalSection
	GlobalSection(ExtensibilityGlobals) = postSolution
		SolutionGuid = {1D0990A3-6C12-4FB5-A3BB-5BA056542B7C}
	EndGlobalSection
EndGlobal
