
Microsoft Visual Studio Solution File, Format Version 12.00
# Visual Studio Version 17
VisualStudioVersion = 17.14.37203.1 d17.14
MinimumVisualStudioVersion = 10.0.40219.1
Project("{FAE04EC0-301F-11D3-BF4B-00C04F79EFBC}") = "Unique 3-Digit Even Numbers", "Unique 3-Digit Even Numbers.csproj", "{9DBC00C1-FD25-4F45-B9D7-48E4D9BAB3F2}"
EndProject
Global
	GlobalSection(SolutionConfigurationPlatforms) = preSolution
		Debug|Any CPU = Debug|Any CPU
		Release|Any CPU = Release|Any CPU
	EndGlobalSection
	GlobalSection(ProjectConfigurationPlatforms) = postSolution
		{9DBC00C1-FD25-4F45-B9D7-48E4D9BAB3F2}.Debug|Any CPU.ActiveCfg = Debug|Any CPU
		{9DBC00C1-FD25-4F45-B9D7-48E4D9BAB3F2}.Debug|Any CPU.Build.0 = Debug|Any CPU
		{9DBC00C1-FD25-4F45-B9D7-48E4D9BAB3F2}.Release|Any CPU.ActiveCfg = Release|Any CPU
		{9DBC00C1-FD25-4F45-B9D7-48E4D9BAB3F2}.Release|Any CPU.Build.0 = Release|Any CPU
	EndGlobalSection
	GlobalSection(SolutionProperties) = preSolution
		HideSolutionNode = FALSE
	EndGlobalSection
	GlobalSection(ExtensibilityGlobals) = postSolution
		SolutionGuid = {625E0265-E625-4CFF-8E01-A79B66800481}
	EndGlobalSection
EndGlobal
