
Microsoft Visual Studio Solution File, Format Version 12.00
# Visual Studio Version 17
VisualStudioVersion = 17.9.34723.18
MinimumVisualStudioVersion = 10.0.40219.1
Project("{FAE04EC0-301F-11D3-BF4B-00C04F79EFBC}") = "Largest 3-Same-Digit Number in String", "Largest 3-Same-Digit Number in String.csproj", "{13519407-4AB8-4448-98D8-E448A0E40F14}"
EndProject
Global
	GlobalSection(SolutionConfigurationPlatforms) = preSolution
		Debug|Any CPU = Debug|Any CPU
		Release|Any CPU = Release|Any CPU
	EndGlobalSection
	GlobalSection(ProjectConfigurationPlatforms) = postSolution
		{13519407-4AB8-4448-98D8-E448A0E40F14}.Debug|Any CPU.ActiveCfg = Debug|Any CPU
		{13519407-4AB8-4448-98D8-E448A0E40F14}.Debug|Any CPU.Build.0 = Debug|Any CPU
		{13519407-4AB8-4448-98D8-E448A0E40F14}.Release|Any CPU.ActiveCfg = Release|Any CPU
		{13519407-4AB8-4448-98D8-E448A0E40F14}.Release|Any CPU.Build.0 = Release|Any CPU
	EndGlobalSection
	GlobalSection(SolutionProperties) = preSolution
		HideSolutionNode = FALSE
	EndGlobalSection
	GlobalSection(ExtensibilityGlobals) = postSolution
		SolutionGuid = {0BCD3B6C-1E1B-4539-AAD0-FAFC879E0547}
	EndGlobalSection
EndGlobal
