
Microsoft Visual Studio Solution File, Format Version 12.00
# Visual Studio Version 17
VisualStudioVersion = 17.9.34723.18
MinimumVisualStudioVersion = 10.0.40219.1
Project("{FAE04EC0-301F-11D3-BF4B-00C04F79EFBC}") = "Fancy Sequence", "Fancy Sequence.csproj", "{4735A509-5DD5-4830-A619-C94C25509693}"
EndProject
Global
	GlobalSection(SolutionConfigurationPlatforms) = preSolution
		Debug|Any CPU = Debug|Any CPU
		Release|Any CPU = Release|Any CPU
	EndGlobalSection
	GlobalSection(ProjectConfigurationPlatforms) = postSolution
		{4735A509-5DD5-4830-A619-C94C25509693}.Debug|Any CPU.ActiveCfg = Debug|Any CPU
		{4735A509-5DD5-4830-A619-C94C25509693}.Debug|Any CPU.Build.0 = Debug|Any CPU
		{4735A509-5DD5-4830-A619-C94C25509693}.Release|Any CPU.ActiveCfg = Release|Any CPU
		{4735A509-5DD5-4830-A619-C94C25509693}.Release|Any CPU.Build.0 = Release|Any CPU
	EndGlobalSection
	GlobalSection(SolutionProperties) = preSolution
		HideSolutionNode = FALSE
	EndGlobalSection
	GlobalSection(ExtensibilityGlobals) = postSolution
		SolutionGuid = {8C482672-6E19-4CF6-8D90-6F85A1D5EB73}
	EndGlobalSection
EndGlobal
