
Microsoft Visual Studio Solution File, Format Version 12.00
# Visual Studio Version 17
VisualStudioVersion = 17.9.34723.18
MinimumVisualStudioVersion = 10.0.40219.1
Project("{FAE04EC0-301F-11D3-BF4B-00C04F79EFBC}") = "Minimum Operations to Convert All Elements to Zero", "Minimum Operations to Convert All Elements to Zero.csproj", "{C9EA9C87-79CA-4FB5-B865-C73529B13FED}"
EndProject
Global
	GlobalSection(SolutionConfigurationPlatforms) = preSolution
		Debug|Any CPU = Debug|Any CPU
		Release|Any CPU = Release|Any CPU
	EndGlobalSection
	GlobalSection(ProjectConfigurationPlatforms) = postSolution
		{C9EA9C87-79CA-4FB5-B865-C73529B13FED}.Debug|Any CPU.ActiveCfg = Debug|Any CPU
		{C9EA9C87-79CA-4FB5-B865-C73529B13FED}.Debug|Any CPU.Build.0 = Debug|Any CPU
		{C9EA9C87-79CA-4FB5-B865-C73529B13FED}.Release|Any CPU.ActiveCfg = Release|Any CPU
		{C9EA9C87-79CA-4FB5-B865-C73529B13FED}.Release|Any CPU.Build.0 = Release|Any CPU
	EndGlobalSection
	GlobalSection(SolutionProperties) = preSolution
		HideSolutionNode = FALSE
	EndGlobalSection
	GlobalSection(ExtensibilityGlobals) = postSolution
		SolutionGuid = {4688DFEE-4951-407C-8BE1-52C959B3545B}
	EndGlobalSection
EndGlobal
