
Microsoft Visual Studio Solution File, Format Version 12.00
# Visual Studio Version 17
VisualStudioVersion = 17.9.34723.18
MinimumVisualStudioVersion = 10.0.40219.1
Project("{FAE04EC0-301F-11D3-BF4B-00C04F79EFBC}") = "N-Queens", "N-Queens.csproj", "{026016DE-23BA-436C-BA0F-CC4CEED58201}"
EndProject
Global
	GlobalSection(SolutionConfigurationPlatforms) = preSolution
		Debug|Any CPU = Debug|Any CPU
		Release|Any CPU = Release|Any CPU
	EndGlobalSection
	GlobalSection(ProjectConfigurationPlatforms) = postSolution
		{026016DE-23BA-436C-BA0F-CC4CEED58201}.Debug|Any CPU.ActiveCfg = Debug|Any CPU
		{026016DE-23BA-436C-BA0F-CC4CEED58201}.Debug|Any CPU.Build.0 = Debug|Any CPU
		{026016DE-23BA-436C-BA0F-CC4CEED58201}.Release|Any CPU.ActiveCfg = Release|Any CPU
		{026016DE-23BA-436C-BA0F-CC4CEED58201}.Release|Any CPU.Build.0 = Release|Any CPU
	EndGlobalSection
	GlobalSection(SolutionProperties) = preSolution
		HideSolutionNode = FALSE
	EndGlobalSection
	GlobalSection(ExtensibilityGlobals) = postSolution
		SolutionGuid = {97DA63FF-B0EE-421B-A767-8CDDE470E48E}
	EndGlobalSection
EndGlobal
