
Microsoft Visual Studio Solution File, Format Version 12.00
# Visual Studio Version 17
VisualStudioVersion = 17.9.34723.18
MinimumVisualStudioVersion = 10.0.40219.1
Project("{FAE04EC0-301F-11D3-BF4B-00C04F79EFBC}") = "Find the Count of Good Integers", "Find the Count of Good Integers.csproj", "{7F03949B-087D-487A-92A4-80D14BD83429}"
EndProject
Global
	GlobalSection(SolutionConfigurationPlatforms) = preSolution
		Debug|Any CPU = Debug|Any CPU
		Release|Any CPU = Release|Any CPU
	EndGlobalSection
	GlobalSection(ProjectConfigurationPlatforms) = postSolution
		{7F03949B-087D-487A-92A4-80D14BD83429}.Debug|Any CPU.ActiveCfg = Debug|Any CPU
		{7F03949B-087D-487A-92A4-80D14BD83429}.Debug|Any CPU.Build.0 = Debug|Any CPU
		{7F03949B-087D-487A-92A4-80D14BD83429}.Release|Any CPU.ActiveCfg = Release|Any CPU
		{7F03949B-087D-487A-92A4-80D14BD83429}.Release|Any CPU.Build.0 = Release|Any CPU
	EndGlobalSection
	GlobalSection(SolutionProperties) = preSolution
		HideSolutionNode = FALSE
	EndGlobalSection
	GlobalSection(ExtensibilityGlobals) = postSolution
		SolutionGuid = {E8C21142-28DD-49C4-B820-A868DEDB72C0}
	EndGlobalSection
EndGlobal
