
Microsoft Visual Studio Solution File, Format Version 12.00
# Visual Studio Version 17
VisualStudioVersion = 17.9.34723.18
MinimumVisualStudioVersion = 10.0.40219.1
Project("{FAE04EC0-301F-11D3-BF4B-00C04F79EFBC}") = "Maximum Difference Between Even and Odd Frequency I", "Maximum Difference Between Even and Odd Frequency I.csproj", "{B137ECC3-3D1D-4B4E-9715-B06920D549AA}"
EndProject
Global
	GlobalSection(SolutionConfigurationPlatforms) = preSolution
		Debug|Any CPU = Debug|Any CPU
		Release|Any CPU = Release|Any CPU
	EndGlobalSection
	GlobalSection(ProjectConfigurationPlatforms) = postSolution
		{B137ECC3-3D1D-4B4E-9715-B06920D549AA}.Debug|Any CPU.ActiveCfg = Debug|Any CPU
		{B137ECC3-3D1D-4B4E-9715-B06920D549AA}.Debug|Any CPU.Build.0 = Debug|Any CPU
		{B137ECC3-3D1D-4B4E-9715-B06920D549AA}.Release|Any CPU.ActiveCfg = Release|Any CPU
		{B137ECC3-3D1D-4B4E-9715-B06920D549AA}.Release|Any CPU.Build.0 = Release|Any CPU
	EndGlobalSection
	GlobalSection(SolutionProperties) = preSolution
		HideSolutionNode = FALSE
	EndGlobalSection
	GlobalSection(ExtensibilityGlobals) = postSolution
		SolutionGuid = {473B9B33-5EB3-43DF-9FEF-EF797C09EC7E}
	EndGlobalSection
EndGlobal
