
Microsoft Visual Studio Solution File, Format Version 12.00
# Visual Studio Version 17
VisualStudioVersion = 17.9.34723.18
MinimumVisualStudioVersion = 10.0.40219.1
Project("{FAE04EC0-301F-11D3-BF4B-00C04F79EFBC}") = "XOR After Range Multiplication Queries II", "XOR After Range Multiplication Queries II.csproj", "{302A7B07-9D14-4613-82AD-AB641025F7DA}"
EndProject
Global
	GlobalSection(SolutionConfigurationPlatforms) = preSolution
		Debug|Any CPU = Debug|Any CPU
		Release|Any CPU = Release|Any CPU
	EndGlobalSection
	GlobalSection(ProjectConfigurationPlatforms) = postSolution
		{302A7B07-9D14-4613-82AD-AB641025F7DA}.Debug|Any CPU.ActiveCfg = Debug|Any CPU
		{302A7B07-9D14-4613-82AD-AB641025F7DA}.Debug|Any CPU.Build.0 = Debug|Any CPU
		{302A7B07-9D14-4613-82AD-AB641025F7DA}.Release|Any CPU.ActiveCfg = Release|Any CPU
		{302A7B07-9D14-4613-82AD-AB641025F7DA}.Release|Any CPU.Build.0 = Release|Any CPU
	EndGlobalSection
	GlobalSection(SolutionProperties) = preSolution
		HideSolutionNode = FALSE
	EndGlobalSection
	GlobalSection(ExtensibilityGlobals) = postSolution
		SolutionGuid = {35C9AA50-C687-4572-9864-0A1D5556F330}
	EndGlobalSection
EndGlobal
