
Microsoft Visual Studio Solution File, Format Version 12.00
# Visual Studio Version 17
VisualStudioVersion = 17.9.34723.18
MinimumVisualStudioVersion = 10.0.40219.1
Project("{FAE04EC0-301F-11D3-BF4B-00C04F79EFBC}") = "Painting a Grid With Three Different Colors", "Painting a Grid With Three Different Colors.csproj", "{9F451D75-802E-4AD1-AAB6-C2C7EEC8B1A8}"
EndProject
Global
	GlobalSection(SolutionConfigurationPlatforms) = preSolution
		Debug|Any CPU = Debug|Any CPU
		Release|Any CPU = Release|Any CPU
	EndGlobalSection
	GlobalSection(ProjectConfigurationPlatforms) = postSolution
		{9F451D75-802E-4AD1-AAB6-C2C7EEC8B1A8}.Debug|Any CPU.ActiveCfg = Debug|Any CPU
		{9F451D75-802E-4AD1-AAB6-C2C7EEC8B1A8}.Debug|Any CPU.Build.0 = Debug|Any CPU
		{9F451D75-802E-4AD1-AAB6-C2C7EEC8B1A8}.Release|Any CPU.ActiveCfg = Release|Any CPU
		{9F451D75-802E-4AD1-AAB6-C2C7EEC8B1A8}.Release|Any CPU.Build.0 = Release|Any CPU
	EndGlobalSection
	GlobalSection(SolutionProperties) = preSolution
		HideSolutionNode = FALSE
	EndGlobalSection
	GlobalSection(ExtensibilityGlobals) = postSolution
		SolutionGuid = {443A5715-C30A-4C6A-9DA0-E283CB185BC4}
	EndGlobalSection
EndGlobal
