
Microsoft Visual Studio Solution File, Format Version 12.00
# Visual Studio Version 17
VisualStudioVersion = 17.14.37203.1 d17.14
MinimumVisualStudioVersion = 10.0.40219.1
Project("{FAE04EC0-301F-11D3-BF4B-00C04F79EFBC}") = "Smallest Missing Multiple of K", "Smallest Missing Multiple of K.csproj", "{55693C71-506A-474A-9D61-840D18F7827A}"
EndProject
Global
	GlobalSection(SolutionConfigurationPlatforms) = preSolution
		Debug|Any CPU = Debug|Any CPU
		Release|Any CPU = Release|Any CPU
	EndGlobalSection
	GlobalSection(ProjectConfigurationPlatforms) = postSolution
		{55693C71-506A-474A-9D61-840D18F7827A}.Debug|Any CPU.ActiveCfg = Debug|Any CPU
		{55693C71-506A-474A-9D61-840D18F7827A}.Debug|Any CPU.Build.0 = Debug|Any CPU
		{55693C71-506A-474A-9D61-840D18F7827A}.Release|Any CPU.ActiveCfg = Release|Any CPU
		{55693C71-506A-474A-9D61-840D18F7827A}.Release|Any CPU.Build.0 = Release|Any CPU
	EndGlobalSection
	GlobalSection(SolutionProperties) = preSolution
		HideSolutionNode = FALSE
	EndGlobalSection
	GlobalSection(ExtensibilityGlobals) = postSolution
		SolutionGuid = {9F8EF72C-97A9-4031-9E1D-BE99BB9653C5}
	EndGlobalSection
EndGlobal
