
Microsoft Visual Studio Solution File, Format Version 12.00
# Visual Studio Version 17
VisualStudioVersion = 17.9.34723.18
MinimumVisualStudioVersion = 10.0.40219.1
Project("{FAE04EC0-301F-11D3-BF4B-00C04F79EFBC}") = "Count Collisions on a Road", "Count Collisions on a Road.csproj", "{5ACF0F8B-2A6C-45F3-9420-50F7120C7567}"
EndProject
Global
	GlobalSection(SolutionConfigurationPlatforms) = preSolution
		Debug|Any CPU = Debug|Any CPU
		Release|Any CPU = Release|Any CPU
	EndGlobalSection
	GlobalSection(ProjectConfigurationPlatforms) = postSolution
		{5ACF0F8B-2A6C-45F3-9420-50F7120C7567}.Debug|Any CPU.ActiveCfg = Debug|Any CPU
		{5ACF0F8B-2A6C-45F3-9420-50F7120C7567}.Debug|Any CPU.Build.0 = Debug|Any CPU
		{5ACF0F8B-2A6C-45F3-9420-50F7120C7567}.Release|Any CPU.ActiveCfg = Release|Any CPU
		{5ACF0F8B-2A6C-45F3-9420-50F7120C7567}.Release|Any CPU.Build.0 = Release|Any CPU
	EndGlobalSection
	GlobalSection(SolutionProperties) = preSolution
		HideSolutionNode = FALSE
	EndGlobalSection
	GlobalSection(ExtensibilityGlobals) = postSolution
		SolutionGuid = {AD767AF1-5F0A-4762-B56A-DA2A91F74E34}
	EndGlobalSection
EndGlobal
